
Microsoft Visual Studio Solution File, Format Version 12.00
# Visual Studio 15
VisualStudioVersion = 15.0.26124.0
MinimumVisualStudioVersion = 15.0.26124.0
Project("{FAE04EC0-301F-11D3-BF4B-00C04F79EFBC}") = "ArchiveProcessQueue.api", "General\ArchiveProcessQueue.api\ArchiveProcessQueue.api.csproj", "{38D3A9E1-A060-4464-B971-8DC523B6A42D}"
EndProject
Project("{FAE04EC0-301F-11D3-BF4B-00C04F79EFBC}") = "CheckPrerequisiteAPI.api", "General\CheckPrerequisiteAPI.api\CheckPrerequisiteAPI.api.csproj", "{56371F02-4120-41C9-82F9-4408309684D1}"
EndProject
Project("{FAE04EC0-301F-11D3-BF4B-00C04F79EFBC}") = "Routing.api", "General\Routing.api\Routing.api.csproj", "{A4F25D07-86AA-42BD-ACD7-51A8F772A92B}"
EndProject
Project("{FAE04EC0-301F-11D3-BF4B-00C04F79EFBC}") = "ValidatePageGUID.api", "General\ValidatePageGUID.api\ValidatePageGUID.api.csproj", "{F916F19F-9408-4969-84DC-9905D2FEFB0B}"
EndProject
Project("{FAE04EC0-301F-11D3-BF4B-00C04F79EFBC}") = "ValidateProcessGUID.api", "General\ValidateProcessGUID.api\ValidateProcessGUID.api.csproj", "{87AFEDA8-6A0F-4143-BF95-E08E78721CF5}"
EndProject
Project("{FAE04EC0-301F-11D3-BF4B-00C04F79EFBC}") = "Website.api", "General\Website.api\Website.api.csproj", "{CBB27186-B65F-4F6C-9FFA-B1E6C63C04EE}"
EndProject
Project("{FAE04EC0-301F-11D3-BF4B-00C04F79EFBC}") = "databaseInteraction", "databaseInteraction\databaseInteraction.csproj", "{427CB0DE-5D26-4257-A93F-BBDB4DF490B4}"
EndProject
Project("{FAE04EC0-301F-11D3-BF4B-00C04F79EFBC}") = "ValidateEmailAddress.api", "Login\ValidateEmailAddress.api\ValidateEmailAddress.api.csproj", "{99681B37-575F-47E5-95E3-608063EA513E}"
EndProject
Project("{FAE04EC0-301F-11D3-BF4B-00C04F79EFBC}") = "ValidatePassword.api", "Login\ValidatePassword.api\ValidatePassword.api.csproj", "{26FEFFE8-49F7-4458-98ED-FD5F6C65C7C2}"
EndProject
Project("{FAE04EC0-301F-11D3-BF4B-00C04F79EFBC}") = "ValidateEmailAddressPasswordMapping.api", "Login\ValidateEmailAddressPasswordMapping.api\ValidateEmailAddressPasswordMapping.api.csproj", "{CEC56745-C1C5-4E67-805B-159A8A5E991D}"
EndProject
Project("{FAE04EC0-301F-11D3-BF4B-00C04F79EFBC}") = "StoreLoginAttempt.api", "Login\StoreLoginAttempt.api\StoreLoginAttempt.api.csproj", "{3BBFC2B6-2572-43CD-921A-A237000AC248}"
EndProject
Project("{FAE04EC0-301F-11D3-BF4B-00C04F79EFBC}") = "LockUser.api", "Login\LockUser.api\LockUser.api.csproj", "{0C1BAFAA-586D-48BB-8D0B-B0B56BE0CCD2}"
EndProject
Project("{FAE04EC0-301F-11D3-BF4B-00C04F79EFBC}") = "enums", "enums\enums.csproj", "{26A5ECDE-BBBA-42ED-8CB9-D3AB0EB00E14}"
EndProject
Project("{FAE04EC0-301F-11D3-BF4B-00C04F79EFBC}") = "MethodLibrary", "MethodLibrary\MethodLibrary.csproj", "{40FAD0EF-152D-483A-BA6D-14F51A79FA9E}"
EndProject
Project("{FAE04EC0-301F-11D3-BF4B-00C04F79EFBC}") = "AddNewCustomer.api", "UpdateCustomer\AddNewCustomer.api\AddNewCustomer.api.csproj", "{1B2E2BA3-D538-47E0-9044-BBBFC6BF3892}"
EndProject
Project("{FAE04EC0-301F-11D3-BF4B-00C04F79EFBC}") = "UpdateCustomerDetail.api", "UpdateCustomer\UpdateCustomerDetail.api\UpdateCustomerDetail.api.csproj", "{C151AD1B-C3AB-448F-8C8D-572328A8D1C7}"
EndProject
Project("{FAE04EC0-301F-11D3-BF4B-00C04F79EFBC}") = "MapCustomerToChildCustomer.api", "UpdateCustomer\MapCustomerToChildCustomer.api\MapCustomerToChildCustomer.api.csproj", "{1EDBA521-11E9-4564-94E6-8D84C4192844}"
EndProject
Project("{FAE04EC0-301F-11D3-BF4B-00C04F79EFBC}") = "UploadFile.api", "FileUpload\UploadFile.api\UploadFile.api.csproj", "{5681C395-98AC-4410-98DE-DBB550106EF2}"
EndProject
Project("{FAE04EC0-301F-11D3-BF4B-00C04F79EFBC}") = "DetermineFileType.api", "FileUpload\DetermineFileType.api\DetermineFileType.api.csproj", "{4C7CACF3-22BF-4943-B03C-83E1B4DADC35}"
EndProject
Project("{FAE04EC0-301F-11D3-BF4B-00C04F79EFBC}") = "StoreSiteData.api", "CustomerDataUpload\StoreSiteData.api\StoreSiteData.api.csproj", "{AB6466A5-4CF0-4DA5-AE55-7EA93ACE8E13}"
EndProject
Project("{FAE04EC0-301F-11D3-BF4B-00C04F79EFBC}") = "StoreMeterData.api", "CustomerDataUpload\StoreMeterData.api\StoreMeterData.api.csproj", "{9EDA4294-4FF7-45C3-8FD1-1CD50BD4B7C3}"
EndProject
Project("{FAE04EC0-301F-11D3-BF4B-00C04F79EFBC}") = "StoreSubMeterData.api", "CustomerDataUpload\StoreSubMeterData.api\StoreSubMeterData.api.csproj", "{BDC8BA2C-C97A-4445-9B3E-31E0CE520AB8}"
EndProject
Project("{FAE04EC0-301F-11D3-BF4B-00C04F79EFBC}") = "StoreMeterUsageData.api", "CustomerDataUpload\StoreMeterUsageData.api\StoreMeterUsageData.api.csproj", "{3B054332-65F9-40A7-AD7E-8E8E4089DBC9}"
EndProject
Project("{FAE04EC0-301F-11D3-BF4B-00C04F79EFBC}") = "StoreSubMeterUsageData.api", "CustomerDataUpload\StoreSubMeterUsageData.api\StoreSubMeterUsageData.api.csproj", "{0AF991E7-EE90-4CB0-AD03-CE57F45450EF}"
EndProject
Project("{FAE04EC0-301F-11D3-BF4B-00C04F79EFBC}") = "ValidateSiteData.api", "CustomerDataUpload\ValidateSiteData.api\ValidateSiteData.api.csproj", "{535FDE7A-8720-4B72-BF68-DAC8FB95FBE9}"
EndProject
Project("{FAE04EC0-301F-11D3-BF4B-00C04F79EFBC}") = "ValidateMeterData.api", "CustomerDataUpload\ValidateMeterData.api\ValidateMeterData.api.csproj", "{1DDDA8F8-F996-4B08-A28A-19F4FB0C922D}"
EndProject
Project("{FAE04EC0-301F-11D3-BF4B-00C04F79EFBC}") = "ValidateSubMeterData.api", "CustomerDataUpload\ValidateSubMeterData.api\ValidateSubMeterData.api.csproj", "{35FA9EE3-77EC-4D1D-B622-443D28DA1608}"
EndProject
Project("{FAE04EC0-301F-11D3-BF4B-00C04F79EFBC}") = "ValidateMeterUsageData.api", "CustomerDataUpload\ValidateMeterUsageData.api\ValidateMeterUsageData.api.csproj", "{77B71231-880F-4470-83C9-0ED845BDDDCA}"
EndProject
Project("{FAE04EC0-301F-11D3-BF4B-00C04F79EFBC}") = "ValidateSubMeterUsageData.api", "CustomerDataUpload\ValidateSubMeterUsageData.api\ValidateSubMeterUsageData.api.csproj", "{4E754A46-5F17-47BF-9D40-C7A95412EEFB}"
EndProject
Project("{FAE04EC0-301F-11D3-BF4B-00C04F79EFBC}") = "StoreCustomerData.api", "CustomerDataUpload\StoreCustomerData.api\StoreCustomerData.api.csproj", "{8E2142F5-28D4-41A6-AB6A-FC1388855C40}"
EndProject
Project("{FAE04EC0-301F-11D3-BF4B-00C04F79EFBC}") = "StoreMeterExemptionData.api", "CustomerDataUpload\StoreMeterExemptionData.api\StoreMeterExemptionData.api.csproj", "{A66500F1-9CD5-413C-BD74-A8A45CFDB06E}"
EndProject
Project("{FAE04EC0-301F-11D3-BF4B-00C04F79EFBC}") = "StoreFixedContractData.api", "CustomerDataUpload\StoreFixedContractData.api\StoreFixedContractData.api.csproj", "{14405C13-7A14-4648-B19C-7A8D1AF974A5}"
EndProject
Project("{FAE04EC0-301F-11D3-BF4B-00C04F79EFBC}") = "StoreFlexContractData.api", "CustomerDataUpload\StoreFlexContractData.api\StoreFlexContractData.api.csproj", "{A8476294-813A-44E2-952E-A51CB27207FE}"
EndProject
Project("{FAE04EC0-301F-11D3-BF4B-00C04F79EFBC}") = "StoreFlexReferenceVolumeData.api", "CustomerDataUpload\StoreFlexReferenceVolumeData.api\StoreFlexReferenceVolumeData.api.csproj", "{D2973575-B026-4D17-8879-3E963E9C438E}"
EndProject
Project("{FAE04EC0-301F-11D3-BF4B-00C04F79EFBC}") = "StoreFlexTradeData.api", "CustomerDataUpload\StoreFlexTradeData.api\StoreFlexTradeData.api.csproj", "{115603E8-400A-43F0-AC36-44DDCF7031D8}"
EndProject
Project("{FAE04EC0-301F-11D3-BF4B-00C04F79EFBC}") = "ValidateCustomerData.api", "CustomerDataUpload\ValidateCustomerData.api\ValidateCustomerData.api.csproj", "{8253F798-A8F4-404D-B2BC-5DC87EFE839B}"
EndProject
Project("{FAE04EC0-301F-11D3-BF4B-00C04F79EFBC}") = "ValidateFlexContractData.api", "CustomerDataUpload\ValidateFlexContractData.api\ValidateFlexContractData.api.csproj", "{BE59D94B-61BE-4900-B336-36AEB8904973}"
EndProject
Project("{FAE04EC0-301F-11D3-BF4B-00C04F79EFBC}") = "ValidateFlexReferenceVolumeData.api", "CustomerDataUpload\ValidateFlexReferenceVolumeData.api\ValidateFlexReferenceVolumeData.api.csproj", "{D520F4DC-F582-45D7-A53C-608156991C6E}"
EndProject
Project("{FAE04EC0-301F-11D3-BF4B-00C04F79EFBC}") = "ValidateFlexTradeData.api", "CustomerDataUpload\ValidateFlexTradeData.api\ValidateFlexTradeData.api.csproj", "{AFFEE0C0-D660-4859-A7E9-93C3F2BC5492}"
EndProject
Project("{FAE04EC0-301F-11D3-BF4B-00C04F79EFBC}") = "ValidateFixedContractData.api", "CustomerDataUpload\ValidateFixedContractData.api\ValidateFixedContractData.api.csproj", "{B8F5A9D3-CD9F-44F2-B3EA-DCECA0F7CCFF}"
EndProject
Project("{FAE04EC0-301F-11D3-BF4B-00C04F79EFBC}") = "ValidateMeterExemptionData.api", "CustomerDataUpload\ValidateMeterExemptionData.api\ValidateMeterExemptionData.api.csproj", "{0BA4C8E7-3723-4106-A117-656F6871BC99}"
EndProject
Project("{FAE04EC0-301F-11D3-BF4B-00C04F79EFBC}") = "ValidateCrossSheetEntityData.api", "CustomerDataUpload\ValidateCrossSheetEntityData.api\ValidateCrossSheetEntityData.api.csproj", "{E78B2351-B1E6-464F-8D90-3793FACDABF4}"
EndProject
Project("{FAE04EC0-301F-11D3-BF4B-00C04F79EFBC}") = "ProcessCustomerDataUploadValidation.api", "CustomerDataUpload\ProcessCustomerDataUploadValidation.api\ProcessCustomerDataUploadValidation.api.csproj", "{069FA45E-2757-4383-BB66-52470B952F7F}"
EndProject
Project("{FAE04EC0-301F-11D3-BF4B-00C04F79EFBC}") = "CommitCustomerData.api", "CustomerDataUpload\CommitCustomerData.api\CommitCustomerData.api.csproj", "{D69532B2-384D-44E0-B72E-43934276D0B6}"
EndProject
Project("{FAE04EC0-301F-11D3-BF4B-00C04F79EFBC}") = "CommitSiteData.api", "CustomerDataUpload\CommitSiteData.api\CommitSiteData.api.csproj", "{EB061C46-A893-4C44-9EB7-E9D5CF6B0895}"
EndProject
Project("{FAE04EC0-301F-11D3-BF4B-00C04F79EFBC}") = "CommitMeterData.api", "CustomerDataUpload\CommitMeterData.api\CommitMeterData.api.csproj", "{94475084-969D-431F-A8D8-EB591CCFCE26}"
EndProject
Project("{FAE04EC0-301F-11D3-BF4B-00C04F79EFBC}") = "CommitSubMeterData.api", "CustomerDataUpload\CommitSubMeterData.api\CommitSubMeterData.api.csproj", "{89E15527-A337-446F-9C67-E270D23D6CE2}"
EndProject
Project("{FAE04EC0-301F-11D3-BF4B-00C04F79EFBC}") = "CommitMeterExemptionData.api", "CustomerDataUpload\CommitMeterExemptionData.api\CommitMeterExemptionData.api.csproj", "{0E525DC3-C108-4A00-8A5C-E69CF9DF8359}"
EndProject
Project("{FAE04EC0-301F-11D3-BF4B-00C04F79EFBC}") = "CommitFixedContractData.api", "CustomerDataUpload\CommitFixedContractData.api\CommitFixedContractData.api.csproj", "{8CF42052-7798-40FD-A786-987CB53A159E}"
EndProject
Project("{FAE04EC0-301F-11D3-BF4B-00C04F79EFBC}") = "CommitFlexContractData.api", "CustomerDataUpload\CommitFlexContractData.api\CommitFlexContractData.api.csproj", "{2A904C29-A848-40BB-9993-916A2376B571}"
EndProject
Project("{FAE04EC0-301F-11D3-BF4B-00C04F79EFBC}") = "CommitFlexReferenceVolumeData.api", "CustomerDataUpload\CommitFlexReferenceVolumeData.api\CommitFlexReferenceVolumeData.api.csproj", "{A397F2B9-4B0F-4432-8E0C-627A8B2753AB}"
EndProject
Project("{FAE04EC0-301F-11D3-BF4B-00C04F79EFBC}") = "CommitFlexTradeData.api", "CustomerDataUpload\CommitFlexTradeData.api\CommitFlexTradeData.api.csproj", "{8C14B5FD-90D4-409D-A69C-140FC103814A}"
EndProject
Project("{FAE04EC0-301F-11D3-BF4B-00C04F79EFBC}") = "CommitMeterUsageData.api", "CustomerDataUpload\CommitMeterUsageData.api\CommitMeterUsageData.api.csproj", "{95DDBA83-F519-437D-A31D-21D8E0061131}"
EndProject
Project("{FAE04EC0-301F-11D3-BF4B-00C04F79EFBC}") = "CommitSubMeterUsageData.api", "CustomerDataUpload\CommitSubMeterUsageData.api\CommitSubMeterUsageData.api.csproj", "{A246C65A-5471-43F2-9836-F02306B8ECF5}"
EndProject
Project("{FAE04EC0-301F-11D3-BF4B-00C04F79EFBC}") = "CommitCustomerToSiteData.api", "CustomerDataUpload\CommitCustomerToSiteData.api\CommitCustomerToSiteData.api.csproj", "{68E818C7-6F72-4586-8F75-A01E52680AE5}"
EndProject
Project("{FAE04EC0-301F-11D3-BF4B-00C04F79EFBC}") = "CommitMeterToSiteData.api", "CustomerDataUpload\CommitMeterToSiteData.api\CommitMeterToSiteData.api.csproj", "{6A49C79C-37F3-4D86-BCAE-27602E5DF416}"
EndProject
Project("{FAE04EC0-301F-11D3-BF4B-00C04F79EFBC}") = "CommitMeterToSubMeterData.api", "CustomerDataUpload\CommitMeterToSubMeterData.api\CommitMeterToSubMeterData.api.csproj", "{BBA77F1B-F9A3-4CAA-B213-D11285994B0A}"
EndProject
Project("{FAE04EC0-301F-11D3-BF4B-00C04F79EFBC}") = "CommitAreaToMeterData.api", "CustomerDataUpload\CommitAreaToMeterData.api\CommitAreaToMeterData.api.csproj", "{8D6FE490-F451-4F2F-B429-CBBD3C217220}"
EndProject
Project("{FAE04EC0-301F-11D3-BF4B-00C04F79EFBC}") = "CommitCommodityToMeterData.api", "CustomerDataUpload\CommitCommodityToMeterData.api\CommitCommodityToMeterData.api.csproj", "{5BAA55DE-1F5B-40EF-988A-E8E85E2B594C}"
EndProject
Project("{FAE04EC0-301F-11D3-BF4B-00C04F79EFBC}") = "CommitAssetToSubMeterData.api", "CustomerDataUpload\CommitAssetToSubMeterData.api\CommitAssetToSubMeterData.api.csproj", "{B0026B5C-CA13-42ED-9BA7-3CEBEC589FE9}"
EndProject
Project("{FAE04EC0-301F-11D3-BF4B-00C04F79EFBC}") = "CommitSubAreaToSubMeterData.api", "CustomerDataUpload\CommitSubAreaToSubMeterData.api\CommitSubAreaToSubMeterData.api.csproj", "{664A01BE-A6E2-4557-80DC-4BF52E0533E4}"
EndProject
Project("{FAE04EC0-301F-11D3-BF4B-00C04F79EFBC}") = "CommitContractData.api", "CustomerDataUpload\CommitContractData.api\CommitContractData.api.csproj", "{E6A652C5-EE89-4E2B-A6A2-A2BEE750384A}"
EndProject
Project("{FAE04EC0-301F-11D3-BF4B-00C04F79EFBC}") = "CommitBasketData.api", "CustomerDataUpload\CommitBasketData.api\CommitBasketData.api.csproj", "{26EBBD73-45DA-4514-B663-662D9127C65B}"
EndProject
Project("{FAE04EC0-301F-11D3-BF4B-00C04F79EFBC}") = "CommitGridSupplyPointToMeterData.api", "CustomerDataUpload\CommitGridSupplyPointToMeterData.api\CommitGridSupplyPointToMeterData.api.csproj", "{FF487D3F-89E2-4B9A-B6AF-C5133A19C609}"
EndProject
Project("{FAE04EC0-301F-11D3-BF4B-00C04F79EFBC}") = "CommitLineLossFactorClassToMeterData.api", "CustomerDataUpload\CommitLineLossFactorClassToMeterData.api\CommitLineLossFactorClassToMeterData.api.csproj", "{994CB601-B7A4-4CC8-95F4-1467E03E0DAC}"
EndProject
Project("{FAE04EC0-301F-11D3-BF4B-00C04F79EFBC}") = "CommitLocalDistributionZoneToMeterData.api", "CustomerDataUpload\CommitLocalDistributionZoneToMeterData.api\CommitLocalDistributionZoneToMeterData.api.csproj", "{ED61F240-9A67-412E-BA74-B80DA2A85443}"
EndProject
Project("{FAE04EC0-301F-11D3-BF4B-00C04F79EFBC}") = "CommitMeterToProfileClassData.api", "CustomerDataUpload\CommitMeterToProfileClassData.api\CommitMeterToProfileClassData.api.csproj", "{41327B22-24FE-4EED-AED1-36B801D78F5E}"
EndProject
Project("{FAE04EC0-301F-11D3-BF4B-00C04F79EFBC}") = "CommitMeterToMeterTimeswitchCodeData.api", "CustomerDataUpload\CommitMeterToMeterTimeswitchCodeData.api\CommitMeterToMeterTimeswitchCodeData.api.csproj", "{CD2E7213-9A18-4BEA-9C4E-7193433192BE}"
EndProject
Project("{FAE04EC0-301F-11D3-BF4B-00C04F79EFBC}") = "CommitPeriodicUsageData.api", "CustomerDataUpload\CommitPeriodicUsageData.api\CommitPeriodicUsageData.api.csproj", "{B4B14374-BAFE-4CAC-9E14-299024164D5F}"
EndProject
Project("{FAE04EC0-301F-11D3-BF4B-00C04F79EFBC}") = "CommitEstimatedAnnualUsage.api", "CustomerDataUpload\CommitEstimatedAnnualUsage.api\CommitEstimatedAnnualUsage.api.csproj", "{0ECACB10-AAD6-4238-AAD7-8CE8A589B5C6}"
EndProject
Project("{FAE04EC0-301F-11D3-BF4B-00C04F79EFBC}") = "CleanUpCustomerDataUploadTempData.api", "CustomerDataUpload\CleanUpCustomerDataUploadTempData.api\CleanUpCustomerDataUploadTempData.api.csproj", "{51655869-D1B1-4C1E-9F21-6377EF4189D6}"
EndProject
Project("{FAE04EC0-301F-11D3-BF4B-00C04F79EFBC}") = "CommitProfiledUsage.api", "DemandForecast\CommitProfiledUsage.api\CommitProfiledUsage.api.csproj", "{8B3B894B-74B8-47DD-9FB5-0D0B802CC8DA}"
EndProject
Project("{FAE04EC0-301F-11D3-BF4B-00C04F79EFBC}") = "GetProfile.api", "DemandForecast\GetProfile.api\GetProfile.api.csproj", "{89DFE6FB-B011-41DB-8334-1CB3CA7EA599}"
EndProject
Project("{FAE04EC0-301F-11D3-BF4B-00C04F79EFBC}") = "GetProfileId.api", "DemandForecast\GetProfileId.api\GetProfileId.api.csproj", "{4FA66282-023B-43CE-80CA-D495720CD756}"
EndProject
Project("{FAE04EC0-301F-11D3-BF4B-00C04F79EFBC}") = "GetMeterSpecificProfile.api", "DemandForecast\GetMeterSpecificProfile.api\GetMeterSpecificProfile.api.csproj", "{9B59A99A-F7F1-49E3-B109-A3499CA3EDA0}"
EndProject
Project("{FAE04EC0-301F-11D3-BF4B-00C04F79EFBC}") = "GetFlexSpecificProfile.api", "DemandForecast\GetFlexSpecificProfile.api\GetFlexSpecificProfile.api.csproj", "{75B4535D-1019-4AE0-BEAF-FF6A19DF6FA3}"
EndProject
Project("{FAE04EC0-301F-11D3-BF4B-00C04F79EFBC}") = "GetGenericProfile.api", "DemandForecast\GetGenericProfile.api\GetGenericProfile.api.csproj", "{4C7E4CAF-5C6A-4B18-B939-63F7C3D2FD35}"
EndProject
Global
	GlobalSection(SolutionConfigurationPlatforms) = preSolution
		Debug|Any CPU = Debug|Any CPU
		Debug|x64 = Debug|x64
		Debug|x86 = Debug|x86
		Release|Any CPU = Release|Any CPU
		Release|x64 = Release|x64
		Release|x86 = Release|x86
	EndGlobalSection
	GlobalSection(SolutionProperties) = preSolution
		HideSolutionNode = FALSE
	EndGlobalSection
	GlobalSection(ProjectConfigurationPlatforms) = postSolution
		{38D3A9E1-A060-4464-B971-8DC523B6A42D}.Debug|Any CPU.ActiveCfg = Debug|Any CPU
		{38D3A9E1-A060-4464-B971-8DC523B6A42D}.Debug|Any CPU.Build.0 = Debug|Any CPU
		{38D3A9E1-A060-4464-B971-8DC523B6A42D}.Debug|x64.ActiveCfg = Debug|Any CPU
		{38D3A9E1-A060-4464-B971-8DC523B6A42D}.Debug|x64.Build.0 = Debug|Any CPU
		{38D3A9E1-A060-4464-B971-8DC523B6A42D}.Debug|x86.ActiveCfg = Debug|Any CPU
		{38D3A9E1-A060-4464-B971-8DC523B6A42D}.Debug|x86.Build.0 = Debug|Any CPU
		{38D3A9E1-A060-4464-B971-8DC523B6A42D}.Release|Any CPU.ActiveCfg = Release|Any CPU
		{38D3A9E1-A060-4464-B971-8DC523B6A42D}.Release|Any CPU.Build.0 = Release|Any CPU
		{38D3A9E1-A060-4464-B971-8DC523B6A42D}.Release|x64.ActiveCfg = Release|Any CPU
		{38D3A9E1-A060-4464-B971-8DC523B6A42D}.Release|x64.Build.0 = Release|Any CPU
		{38D3A9E1-A060-4464-B971-8DC523B6A42D}.Release|x86.ActiveCfg = Release|Any CPU
		{38D3A9E1-A060-4464-B971-8DC523B6A42D}.Release|x86.Build.0 = Release|Any CPU
		{56371F02-4120-41C9-82F9-4408309684D1}.Debug|Any CPU.ActiveCfg = Debug|Any CPU
		{56371F02-4120-41C9-82F9-4408309684D1}.Debug|Any CPU.Build.0 = Debug|Any CPU
		{56371F02-4120-41C9-82F9-4408309684D1}.Debug|x64.ActiveCfg = Debug|Any CPU
		{56371F02-4120-41C9-82F9-4408309684D1}.Debug|x64.Build.0 = Debug|Any CPU
		{56371F02-4120-41C9-82F9-4408309684D1}.Debug|x86.ActiveCfg = Debug|Any CPU
		{56371F02-4120-41C9-82F9-4408309684D1}.Debug|x86.Build.0 = Debug|Any CPU
		{56371F02-4120-41C9-82F9-4408309684D1}.Release|Any CPU.ActiveCfg = Release|Any CPU
		{56371F02-4120-41C9-82F9-4408309684D1}.Release|Any CPU.Build.0 = Release|Any CPU
		{56371F02-4120-41C9-82F9-4408309684D1}.Release|x64.ActiveCfg = Release|Any CPU
		{56371F02-4120-41C9-82F9-4408309684D1}.Release|x64.Build.0 = Release|Any CPU
		{56371F02-4120-41C9-82F9-4408309684D1}.Release|x86.ActiveCfg = Release|Any CPU
		{56371F02-4120-41C9-82F9-4408309684D1}.Release|x86.Build.0 = Release|Any CPU
		{A4F25D07-86AA-42BD-ACD7-51A8F772A92B}.Debug|Any CPU.ActiveCfg = Debug|Any CPU
		{A4F25D07-86AA-42BD-ACD7-51A8F772A92B}.Debug|Any CPU.Build.0 = Debug|Any CPU
		{A4F25D07-86AA-42BD-ACD7-51A8F772A92B}.Debug|x64.ActiveCfg = Debug|Any CPU
		{A4F25D07-86AA-42BD-ACD7-51A8F772A92B}.Debug|x64.Build.0 = Debug|Any CPU
		{A4F25D07-86AA-42BD-ACD7-51A8F772A92B}.Debug|x86.ActiveCfg = Debug|Any CPU
		{A4F25D07-86AA-42BD-ACD7-51A8F772A92B}.Debug|x86.Build.0 = Debug|Any CPU
		{A4F25D07-86AA-42BD-ACD7-51A8F772A92B}.Release|Any CPU.ActiveCfg = Release|Any CPU
		{A4F25D07-86AA-42BD-ACD7-51A8F772A92B}.Release|Any CPU.Build.0 = Release|Any CPU
		{A4F25D07-86AA-42BD-ACD7-51A8F772A92B}.Release|x64.ActiveCfg = Release|Any CPU
		{A4F25D07-86AA-42BD-ACD7-51A8F772A92B}.Release|x64.Build.0 = Release|Any CPU
		{A4F25D07-86AA-42BD-ACD7-51A8F772A92B}.Release|x86.ActiveCfg = Release|Any CPU
		{A4F25D07-86AA-42BD-ACD7-51A8F772A92B}.Release|x86.Build.0 = Release|Any CPU
		{F916F19F-9408-4969-84DC-9905D2FEFB0B}.Debug|Any CPU.ActiveCfg = Debug|Any CPU
		{F916F19F-9408-4969-84DC-9905D2FEFB0B}.Debug|Any CPU.Build.0 = Debug|Any CPU
		{F916F19F-9408-4969-84DC-9905D2FEFB0B}.Debug|x64.ActiveCfg = Debug|Any CPU
		{F916F19F-9408-4969-84DC-9905D2FEFB0B}.Debug|x64.Build.0 = Debug|Any CPU
		{F916F19F-9408-4969-84DC-9905D2FEFB0B}.Debug|x86.ActiveCfg = Debug|Any CPU
		{F916F19F-9408-4969-84DC-9905D2FEFB0B}.Debug|x86.Build.0 = Debug|Any CPU
		{F916F19F-9408-4969-84DC-9905D2FEFB0B}.Release|Any CPU.ActiveCfg = Release|Any CPU
		{F916F19F-9408-4969-84DC-9905D2FEFB0B}.Release|Any CPU.Build.0 = Release|Any CPU
		{F916F19F-9408-4969-84DC-9905D2FEFB0B}.Release|x64.ActiveCfg = Release|Any CPU
		{F916F19F-9408-4969-84DC-9905D2FEFB0B}.Release|x64.Build.0 = Release|Any CPU
		{F916F19F-9408-4969-84DC-9905D2FEFB0B}.Release|x86.ActiveCfg = Release|Any CPU
		{F916F19F-9408-4969-84DC-9905D2FEFB0B}.Release|x86.Build.0 = Release|Any CPU
		{87AFEDA8-6A0F-4143-BF95-E08E78721CF5}.Debug|Any CPU.ActiveCfg = Debug|Any CPU
		{87AFEDA8-6A0F-4143-BF95-E08E78721CF5}.Debug|Any CPU.Build.0 = Debug|Any CPU
		{87AFEDA8-6A0F-4143-BF95-E08E78721CF5}.Debug|x64.ActiveCfg = Debug|Any CPU
		{87AFEDA8-6A0F-4143-BF95-E08E78721CF5}.Debug|x64.Build.0 = Debug|Any CPU
		{87AFEDA8-6A0F-4143-BF95-E08E78721CF5}.Debug|x86.ActiveCfg = Debug|Any CPU
		{87AFEDA8-6A0F-4143-BF95-E08E78721CF5}.Debug|x86.Build.0 = Debug|Any CPU
		{87AFEDA8-6A0F-4143-BF95-E08E78721CF5}.Release|Any CPU.ActiveCfg = Release|Any CPU
		{87AFEDA8-6A0F-4143-BF95-E08E78721CF5}.Release|Any CPU.Build.0 = Release|Any CPU
		{87AFEDA8-6A0F-4143-BF95-E08E78721CF5}.Release|x64.ActiveCfg = Release|Any CPU
		{87AFEDA8-6A0F-4143-BF95-E08E78721CF5}.Release|x64.Build.0 = Release|Any CPU
		{87AFEDA8-6A0F-4143-BF95-E08E78721CF5}.Release|x86.ActiveCfg = Release|Any CPU
		{87AFEDA8-6A0F-4143-BF95-E08E78721CF5}.Release|x86.Build.0 = Release|Any CPU
		{CBB27186-B65F-4F6C-9FFA-B1E6C63C04EE}.Debug|Any CPU.ActiveCfg = Debug|Any CPU
		{CBB27186-B65F-4F6C-9FFA-B1E6C63C04EE}.Debug|Any CPU.Build.0 = Debug|Any CPU
		{CBB27186-B65F-4F6C-9FFA-B1E6C63C04EE}.Debug|x64.ActiveCfg = Debug|Any CPU
		{CBB27186-B65F-4F6C-9FFA-B1E6C63C04EE}.Debug|x64.Build.0 = Debug|Any CPU
		{CBB27186-B65F-4F6C-9FFA-B1E6C63C04EE}.Debug|x86.ActiveCfg = Debug|Any CPU
		{CBB27186-B65F-4F6C-9FFA-B1E6C63C04EE}.Debug|x86.Build.0 = Debug|Any CPU
		{CBB27186-B65F-4F6C-9FFA-B1E6C63C04EE}.Release|Any CPU.ActiveCfg = Release|Any CPU
		{CBB27186-B65F-4F6C-9FFA-B1E6C63C04EE}.Release|Any CPU.Build.0 = Release|Any CPU
		{CBB27186-B65F-4F6C-9FFA-B1E6C63C04EE}.Release|x64.ActiveCfg = Release|Any CPU
		{CBB27186-B65F-4F6C-9FFA-B1E6C63C04EE}.Release|x64.Build.0 = Release|Any CPU
		{CBB27186-B65F-4F6C-9FFA-B1E6C63C04EE}.Release|x86.ActiveCfg = Release|Any CPU
		{CBB27186-B65F-4F6C-9FFA-B1E6C63C04EE}.Release|x86.Build.0 = Release|Any CPU
		{427CB0DE-5D26-4257-A93F-BBDB4DF490B4}.Debug|Any CPU.ActiveCfg = Debug|Any CPU
		{427CB0DE-5D26-4257-A93F-BBDB4DF490B4}.Debug|Any CPU.Build.0 = Debug|Any CPU
		{427CB0DE-5D26-4257-A93F-BBDB4DF490B4}.Debug|x64.ActiveCfg = Debug|Any CPU
		{427CB0DE-5D26-4257-A93F-BBDB4DF490B4}.Debug|x64.Build.0 = Debug|Any CPU
		{427CB0DE-5D26-4257-A93F-BBDB4DF490B4}.Debug|x86.ActiveCfg = Debug|Any CPU
		{427CB0DE-5D26-4257-A93F-BBDB4DF490B4}.Debug|x86.Build.0 = Debug|Any CPU
		{427CB0DE-5D26-4257-A93F-BBDB4DF490B4}.Release|Any CPU.ActiveCfg = Release|Any CPU
		{427CB0DE-5D26-4257-A93F-BBDB4DF490B4}.Release|Any CPU.Build.0 = Release|Any CPU
		{427CB0DE-5D26-4257-A93F-BBDB4DF490B4}.Release|x64.ActiveCfg = Release|Any CPU
		{427CB0DE-5D26-4257-A93F-BBDB4DF490B4}.Release|x64.Build.0 = Release|Any CPU
		{427CB0DE-5D26-4257-A93F-BBDB4DF490B4}.Release|x86.ActiveCfg = Release|Any CPU
		{427CB0DE-5D26-4257-A93F-BBDB4DF490B4}.Release|x86.Build.0 = Release|Any CPU
		{99681B37-575F-47E5-95E3-608063EA513E}.Debug|Any CPU.ActiveCfg = Debug|Any CPU
		{99681B37-575F-47E5-95E3-608063EA513E}.Debug|Any CPU.Build.0 = Debug|Any CPU
		{99681B37-575F-47E5-95E3-608063EA513E}.Debug|x64.ActiveCfg = Debug|Any CPU
		{99681B37-575F-47E5-95E3-608063EA513E}.Debug|x64.Build.0 = Debug|Any CPU
		{99681B37-575F-47E5-95E3-608063EA513E}.Debug|x86.ActiveCfg = Debug|Any CPU
		{99681B37-575F-47E5-95E3-608063EA513E}.Debug|x86.Build.0 = Debug|Any CPU
		{99681B37-575F-47E5-95E3-608063EA513E}.Release|Any CPU.ActiveCfg = Release|Any CPU
		{99681B37-575F-47E5-95E3-608063EA513E}.Release|Any CPU.Build.0 = Release|Any CPU
		{99681B37-575F-47E5-95E3-608063EA513E}.Release|x64.ActiveCfg = Release|Any CPU
		{99681B37-575F-47E5-95E3-608063EA513E}.Release|x64.Build.0 = Release|Any CPU
		{99681B37-575F-47E5-95E3-608063EA513E}.Release|x86.ActiveCfg = Release|Any CPU
		{99681B37-575F-47E5-95E3-608063EA513E}.Release|x86.Build.0 = Release|Any CPU
		{26FEFFE8-49F7-4458-98ED-FD5F6C65C7C2}.Debug|Any CPU.ActiveCfg = Debug|Any CPU
		{26FEFFE8-49F7-4458-98ED-FD5F6C65C7C2}.Debug|Any CPU.Build.0 = Debug|Any CPU
		{26FEFFE8-49F7-4458-98ED-FD5F6C65C7C2}.Debug|x64.ActiveCfg = Debug|Any CPU
		{26FEFFE8-49F7-4458-98ED-FD5F6C65C7C2}.Debug|x64.Build.0 = Debug|Any CPU
		{26FEFFE8-49F7-4458-98ED-FD5F6C65C7C2}.Debug|x86.ActiveCfg = Debug|Any CPU
		{26FEFFE8-49F7-4458-98ED-FD5F6C65C7C2}.Debug|x86.Build.0 = Debug|Any CPU
		{26FEFFE8-49F7-4458-98ED-FD5F6C65C7C2}.Release|Any CPU.ActiveCfg = Release|Any CPU
		{26FEFFE8-49F7-4458-98ED-FD5F6C65C7C2}.Release|Any CPU.Build.0 = Release|Any CPU
		{26FEFFE8-49F7-4458-98ED-FD5F6C65C7C2}.Release|x64.ActiveCfg = Release|Any CPU
		{26FEFFE8-49F7-4458-98ED-FD5F6C65C7C2}.Release|x64.Build.0 = Release|Any CPU
		{26FEFFE8-49F7-4458-98ED-FD5F6C65C7C2}.Release|x86.ActiveCfg = Release|Any CPU
		{26FEFFE8-49F7-4458-98ED-FD5F6C65C7C2}.Release|x86.Build.0 = Release|Any CPU
		{CEC56745-C1C5-4E67-805B-159A8A5E991D}.Debug|Any CPU.ActiveCfg = Debug|Any CPU
		{CEC56745-C1C5-4E67-805B-159A8A5E991D}.Debug|Any CPU.Build.0 = Debug|Any CPU
		{CEC56745-C1C5-4E67-805B-159A8A5E991D}.Debug|x64.ActiveCfg = Debug|Any CPU
		{CEC56745-C1C5-4E67-805B-159A8A5E991D}.Debug|x64.Build.0 = Debug|Any CPU
		{CEC56745-C1C5-4E67-805B-159A8A5E991D}.Debug|x86.ActiveCfg = Debug|Any CPU
		{CEC56745-C1C5-4E67-805B-159A8A5E991D}.Debug|x86.Build.0 = Debug|Any CPU
		{CEC56745-C1C5-4E67-805B-159A8A5E991D}.Release|Any CPU.ActiveCfg = Release|Any CPU
		{CEC56745-C1C5-4E67-805B-159A8A5E991D}.Release|Any CPU.Build.0 = Release|Any CPU
		{CEC56745-C1C5-4E67-805B-159A8A5E991D}.Release|x64.ActiveCfg = Release|Any CPU
		{CEC56745-C1C5-4E67-805B-159A8A5E991D}.Release|x64.Build.0 = Release|Any CPU
		{CEC56745-C1C5-4E67-805B-159A8A5E991D}.Release|x86.ActiveCfg = Release|Any CPU
		{CEC56745-C1C5-4E67-805B-159A8A5E991D}.Release|x86.Build.0 = Release|Any CPU
		{3BBFC2B6-2572-43CD-921A-A237000AC248}.Debug|Any CPU.ActiveCfg = Debug|Any CPU
		{3BBFC2B6-2572-43CD-921A-A237000AC248}.Debug|Any CPU.Build.0 = Debug|Any CPU
		{3BBFC2B6-2572-43CD-921A-A237000AC248}.Debug|x64.ActiveCfg = Debug|Any CPU
		{3BBFC2B6-2572-43CD-921A-A237000AC248}.Debug|x64.Build.0 = Debug|Any CPU
		{3BBFC2B6-2572-43CD-921A-A237000AC248}.Debug|x86.ActiveCfg = Debug|Any CPU
		{3BBFC2B6-2572-43CD-921A-A237000AC248}.Debug|x86.Build.0 = Debug|Any CPU
		{3BBFC2B6-2572-43CD-921A-A237000AC248}.Release|Any CPU.ActiveCfg = Release|Any CPU
		{3BBFC2B6-2572-43CD-921A-A237000AC248}.Release|Any CPU.Build.0 = Release|Any CPU
		{3BBFC2B6-2572-43CD-921A-A237000AC248}.Release|x64.ActiveCfg = Release|Any CPU
		{3BBFC2B6-2572-43CD-921A-A237000AC248}.Release|x64.Build.0 = Release|Any CPU
		{3BBFC2B6-2572-43CD-921A-A237000AC248}.Release|x86.ActiveCfg = Release|Any CPU
		{3BBFC2B6-2572-43CD-921A-A237000AC248}.Release|x86.Build.0 = Release|Any CPU
		{0C1BAFAA-586D-48BB-8D0B-B0B56BE0CCD2}.Debug|Any CPU.ActiveCfg = Debug|Any CPU
		{0C1BAFAA-586D-48BB-8D0B-B0B56BE0CCD2}.Debug|Any CPU.Build.0 = Debug|Any CPU
		{0C1BAFAA-586D-48BB-8D0B-B0B56BE0CCD2}.Debug|x64.ActiveCfg = Debug|Any CPU
		{0C1BAFAA-586D-48BB-8D0B-B0B56BE0CCD2}.Debug|x64.Build.0 = Debug|Any CPU
		{0C1BAFAA-586D-48BB-8D0B-B0B56BE0CCD2}.Debug|x86.ActiveCfg = Debug|Any CPU
		{0C1BAFAA-586D-48BB-8D0B-B0B56BE0CCD2}.Debug|x86.Build.0 = Debug|Any CPU
		{0C1BAFAA-586D-48BB-8D0B-B0B56BE0CCD2}.Release|Any CPU.ActiveCfg = Release|Any CPU
		{0C1BAFAA-586D-48BB-8D0B-B0B56BE0CCD2}.Release|Any CPU.Build.0 = Release|Any CPU
		{0C1BAFAA-586D-48BB-8D0B-B0B56BE0CCD2}.Release|x64.ActiveCfg = Release|Any CPU
		{0C1BAFAA-586D-48BB-8D0B-B0B56BE0CCD2}.Release|x64.Build.0 = Release|Any CPU
		{0C1BAFAA-586D-48BB-8D0B-B0B56BE0CCD2}.Release|x86.ActiveCfg = Release|Any CPU
		{0C1BAFAA-586D-48BB-8D0B-B0B56BE0CCD2}.Release|x86.Build.0 = Release|Any CPU
		{26A5ECDE-BBBA-42ED-8CB9-D3AB0EB00E14}.Debug|Any CPU.ActiveCfg = Debug|Any CPU
		{26A5ECDE-BBBA-42ED-8CB9-D3AB0EB00E14}.Debug|Any CPU.Build.0 = Debug|Any CPU
		{26A5ECDE-BBBA-42ED-8CB9-D3AB0EB00E14}.Debug|x64.ActiveCfg = Debug|Any CPU
		{26A5ECDE-BBBA-42ED-8CB9-D3AB0EB00E14}.Debug|x64.Build.0 = Debug|Any CPU
		{26A5ECDE-BBBA-42ED-8CB9-D3AB0EB00E14}.Debug|x86.ActiveCfg = Debug|Any CPU
		{26A5ECDE-BBBA-42ED-8CB9-D3AB0EB00E14}.Debug|x86.Build.0 = Debug|Any CPU
		{26A5ECDE-BBBA-42ED-8CB9-D3AB0EB00E14}.Release|Any CPU.ActiveCfg = Release|Any CPU
		{26A5ECDE-BBBA-42ED-8CB9-D3AB0EB00E14}.Release|Any CPU.Build.0 = Release|Any CPU
		{26A5ECDE-BBBA-42ED-8CB9-D3AB0EB00E14}.Release|x64.ActiveCfg = Release|Any CPU
		{26A5ECDE-BBBA-42ED-8CB9-D3AB0EB00E14}.Release|x64.Build.0 = Release|Any CPU
		{26A5ECDE-BBBA-42ED-8CB9-D3AB0EB00E14}.Release|x86.ActiveCfg = Release|Any CPU
		{26A5ECDE-BBBA-42ED-8CB9-D3AB0EB00E14}.Release|x86.Build.0 = Release|Any CPU
		{1A3907B4-0357-4C4F-AEDE-7ACF6A713D2E}.Debug|Any CPU.ActiveCfg = Debug|Any CPU
		{1A3907B4-0357-4C4F-AEDE-7ACF6A713D2E}.Debug|Any CPU.Build.0 = Debug|Any CPU
		{1A3907B4-0357-4C4F-AEDE-7ACF6A713D2E}.Debug|x64.ActiveCfg = Debug|Any CPU
		{1A3907B4-0357-4C4F-AEDE-7ACF6A713D2E}.Debug|x64.Build.0 = Debug|Any CPU
		{1A3907B4-0357-4C4F-AEDE-7ACF6A713D2E}.Debug|x86.ActiveCfg = Debug|Any CPU
		{1A3907B4-0357-4C4F-AEDE-7ACF6A713D2E}.Debug|x86.Build.0 = Debug|Any CPU
		{1A3907B4-0357-4C4F-AEDE-7ACF6A713D2E}.Release|Any CPU.ActiveCfg = Release|Any CPU
		{1A3907B4-0357-4C4F-AEDE-7ACF6A713D2E}.Release|Any CPU.Build.0 = Release|Any CPU
		{1A3907B4-0357-4C4F-AEDE-7ACF6A713D2E}.Release|x64.ActiveCfg = Release|Any CPU
		{1A3907B4-0357-4C4F-AEDE-7ACF6A713D2E}.Release|x64.Build.0 = Release|Any CPU
		{1A3907B4-0357-4C4F-AEDE-7ACF6A713D2E}.Release|x86.ActiveCfg = Release|Any CPU
		{1A3907B4-0357-4C4F-AEDE-7ACF6A713D2E}.Release|x86.Build.0 = Release|Any CPU
		{40FAD0EF-152D-483A-BA6D-14F51A79FA9E}.Debug|Any CPU.ActiveCfg = Debug|Any CPU
		{40FAD0EF-152D-483A-BA6D-14F51A79FA9E}.Debug|Any CPU.Build.0 = Debug|Any CPU
		{40FAD0EF-152D-483A-BA6D-14F51A79FA9E}.Debug|x64.ActiveCfg = Debug|Any CPU
		{40FAD0EF-152D-483A-BA6D-14F51A79FA9E}.Debug|x64.Build.0 = Debug|Any CPU
		{40FAD0EF-152D-483A-BA6D-14F51A79FA9E}.Debug|x86.ActiveCfg = Debug|Any CPU
		{40FAD0EF-152D-483A-BA6D-14F51A79FA9E}.Debug|x86.Build.0 = Debug|Any CPU
		{40FAD0EF-152D-483A-BA6D-14F51A79FA9E}.Release|Any CPU.ActiveCfg = Release|Any CPU
		{40FAD0EF-152D-483A-BA6D-14F51A79FA9E}.Release|Any CPU.Build.0 = Release|Any CPU
		{40FAD0EF-152D-483A-BA6D-14F51A79FA9E}.Release|x64.ActiveCfg = Release|Any CPU
		{40FAD0EF-152D-483A-BA6D-14F51A79FA9E}.Release|x64.Build.0 = Release|Any CPU
		{40FAD0EF-152D-483A-BA6D-14F51A79FA9E}.Release|x86.ActiveCfg = Release|Any CPU
		{40FAD0EF-152D-483A-BA6D-14F51A79FA9E}.Release|x86.Build.0 = Release|Any CPU
		{1B2E2BA3-D538-47E0-9044-BBBFC6BF3892}.Debug|Any CPU.ActiveCfg = Debug|Any CPU
		{1B2E2BA3-D538-47E0-9044-BBBFC6BF3892}.Debug|Any CPU.Build.0 = Debug|Any CPU
		{1B2E2BA3-D538-47E0-9044-BBBFC6BF3892}.Debug|x64.ActiveCfg = Debug|Any CPU
		{1B2E2BA3-D538-47E0-9044-BBBFC6BF3892}.Debug|x64.Build.0 = Debug|Any CPU
		{1B2E2BA3-D538-47E0-9044-BBBFC6BF3892}.Debug|x86.ActiveCfg = Debug|Any CPU
		{1B2E2BA3-D538-47E0-9044-BBBFC6BF3892}.Debug|x86.Build.0 = Debug|Any CPU
		{1B2E2BA3-D538-47E0-9044-BBBFC6BF3892}.Release|Any CPU.ActiveCfg = Release|Any CPU
		{1B2E2BA3-D538-47E0-9044-BBBFC6BF3892}.Release|Any CPU.Build.0 = Release|Any CPU
		{1B2E2BA3-D538-47E0-9044-BBBFC6BF3892}.Release|x64.ActiveCfg = Release|Any CPU
		{1B2E2BA3-D538-47E0-9044-BBBFC6BF3892}.Release|x64.Build.0 = Release|Any CPU
		{1B2E2BA3-D538-47E0-9044-BBBFC6BF3892}.Release|x86.ActiveCfg = Release|Any CPU
		{1B2E2BA3-D538-47E0-9044-BBBFC6BF3892}.Release|x86.Build.0 = Release|Any CPU
		{C151AD1B-C3AB-448F-8C8D-572328A8D1C7}.Debug|Any CPU.ActiveCfg = Debug|Any CPU
		{C151AD1B-C3AB-448F-8C8D-572328A8D1C7}.Debug|Any CPU.Build.0 = Debug|Any CPU
		{C151AD1B-C3AB-448F-8C8D-572328A8D1C7}.Debug|x64.ActiveCfg = Debug|Any CPU
		{C151AD1B-C3AB-448F-8C8D-572328A8D1C7}.Debug|x64.Build.0 = Debug|Any CPU
		{C151AD1B-C3AB-448F-8C8D-572328A8D1C7}.Debug|x86.ActiveCfg = Debug|Any CPU
		{C151AD1B-C3AB-448F-8C8D-572328A8D1C7}.Debug|x86.Build.0 = Debug|Any CPU
		{C151AD1B-C3AB-448F-8C8D-572328A8D1C7}.Release|Any CPU.ActiveCfg = Release|Any CPU
		{C151AD1B-C3AB-448F-8C8D-572328A8D1C7}.Release|Any CPU.Build.0 = Release|Any CPU
		{C151AD1B-C3AB-448F-8C8D-572328A8D1C7}.Release|x64.ActiveCfg = Release|Any CPU
		{C151AD1B-C3AB-448F-8C8D-572328A8D1C7}.Release|x64.Build.0 = Release|Any CPU
		{C151AD1B-C3AB-448F-8C8D-572328A8D1C7}.Release|x86.ActiveCfg = Release|Any CPU
		{C151AD1B-C3AB-448F-8C8D-572328A8D1C7}.Release|x86.Build.0 = Release|Any CPU
		{1EDBA521-11E9-4564-94E6-8D84C4192844}.Debug|Any CPU.ActiveCfg = Debug|Any CPU
		{1EDBA521-11E9-4564-94E6-8D84C4192844}.Debug|Any CPU.Build.0 = Debug|Any CPU
		{1EDBA521-11E9-4564-94E6-8D84C4192844}.Debug|x64.ActiveCfg = Debug|Any CPU
		{1EDBA521-11E9-4564-94E6-8D84C4192844}.Debug|x64.Build.0 = Debug|Any CPU
		{1EDBA521-11E9-4564-94E6-8D84C4192844}.Debug|x86.ActiveCfg = Debug|Any CPU
		{1EDBA521-11E9-4564-94E6-8D84C4192844}.Debug|x86.Build.0 = Debug|Any CPU
		{1EDBA521-11E9-4564-94E6-8D84C4192844}.Release|Any CPU.ActiveCfg = Release|Any CPU
		{1EDBA521-11E9-4564-94E6-8D84C4192844}.Release|Any CPU.Build.0 = Release|Any CPU
		{1EDBA521-11E9-4564-94E6-8D84C4192844}.Release|x64.ActiveCfg = Release|Any CPU
		{1EDBA521-11E9-4564-94E6-8D84C4192844}.Release|x64.Build.0 = Release|Any CPU
		{1EDBA521-11E9-4564-94E6-8D84C4192844}.Release|x86.ActiveCfg = Release|Any CPU
		{1EDBA521-11E9-4564-94E6-8D84C4192844}.Release|x86.Build.0 = Release|Any CPU
		{5681C395-98AC-4410-98DE-DBB550106EF2}.Debug|Any CPU.ActiveCfg = Debug|Any CPU
		{5681C395-98AC-4410-98DE-DBB550106EF2}.Debug|Any CPU.Build.0 = Debug|Any CPU
		{5681C395-98AC-4410-98DE-DBB550106EF2}.Debug|x64.ActiveCfg = Debug|Any CPU
		{5681C395-98AC-4410-98DE-DBB550106EF2}.Debug|x64.Build.0 = Debug|Any CPU
		{5681C395-98AC-4410-98DE-DBB550106EF2}.Debug|x86.ActiveCfg = Debug|Any CPU
		{5681C395-98AC-4410-98DE-DBB550106EF2}.Debug|x86.Build.0 = Debug|Any CPU
		{5681C395-98AC-4410-98DE-DBB550106EF2}.Release|Any CPU.ActiveCfg = Release|Any CPU
		{5681C395-98AC-4410-98DE-DBB550106EF2}.Release|Any CPU.Build.0 = Release|Any CPU
		{5681C395-98AC-4410-98DE-DBB550106EF2}.Release|x64.ActiveCfg = Release|Any CPU
		{5681C395-98AC-4410-98DE-DBB550106EF2}.Release|x64.Build.0 = Release|Any CPU
		{5681C395-98AC-4410-98DE-DBB550106EF2}.Release|x86.ActiveCfg = Release|Any CPU
		{5681C395-98AC-4410-98DE-DBB550106EF2}.Release|x86.Build.0 = Release|Any CPU
		{4C7CACF3-22BF-4943-B03C-83E1B4DADC35}.Debug|Any CPU.ActiveCfg = Debug|Any CPU
		{4C7CACF3-22BF-4943-B03C-83E1B4DADC35}.Debug|Any CPU.Build.0 = Debug|Any CPU
		{4C7CACF3-22BF-4943-B03C-83E1B4DADC35}.Debug|x64.ActiveCfg = Debug|Any CPU
		{4C7CACF3-22BF-4943-B03C-83E1B4DADC35}.Debug|x64.Build.0 = Debug|Any CPU
		{4C7CACF3-22BF-4943-B03C-83E1B4DADC35}.Debug|x86.ActiveCfg = Debug|Any CPU
		{4C7CACF3-22BF-4943-B03C-83E1B4DADC35}.Debug|x86.Build.0 = Debug|Any CPU
		{4C7CACF3-22BF-4943-B03C-83E1B4DADC35}.Release|Any CPU.ActiveCfg = Release|Any CPU
		{4C7CACF3-22BF-4943-B03C-83E1B4DADC35}.Release|Any CPU.Build.0 = Release|Any CPU
		{4C7CACF3-22BF-4943-B03C-83E1B4DADC35}.Release|x64.ActiveCfg = Release|Any CPU
		{4C7CACF3-22BF-4943-B03C-83E1B4DADC35}.Release|x64.Build.0 = Release|Any CPU
		{4C7CACF3-22BF-4943-B03C-83E1B4DADC35}.Release|x86.ActiveCfg = Release|Any CPU
		{4C7CACF3-22BF-4943-B03C-83E1B4DADC35}.Release|x86.Build.0 = Release|Any CPU
		{AB6466A5-4CF0-4DA5-AE55-7EA93ACE8E13}.Debug|Any CPU.ActiveCfg = Debug|Any CPU
		{AB6466A5-4CF0-4DA5-AE55-7EA93ACE8E13}.Debug|Any CPU.Build.0 = Debug|Any CPU
		{AB6466A5-4CF0-4DA5-AE55-7EA93ACE8E13}.Debug|x64.ActiveCfg = Debug|Any CPU
		{AB6466A5-4CF0-4DA5-AE55-7EA93ACE8E13}.Debug|x64.Build.0 = Debug|Any CPU
		{AB6466A5-4CF0-4DA5-AE55-7EA93ACE8E13}.Debug|x86.ActiveCfg = Debug|Any CPU
		{AB6466A5-4CF0-4DA5-AE55-7EA93ACE8E13}.Debug|x86.Build.0 = Debug|Any CPU
		{AB6466A5-4CF0-4DA5-AE55-7EA93ACE8E13}.Release|Any CPU.ActiveCfg = Release|Any CPU
		{AB6466A5-4CF0-4DA5-AE55-7EA93ACE8E13}.Release|Any CPU.Build.0 = Release|Any CPU
		{AB6466A5-4CF0-4DA5-AE55-7EA93ACE8E13}.Release|x64.ActiveCfg = Release|Any CPU
		{AB6466A5-4CF0-4DA5-AE55-7EA93ACE8E13}.Release|x64.Build.0 = Release|Any CPU
		{AB6466A5-4CF0-4DA5-AE55-7EA93ACE8E13}.Release|x86.ActiveCfg = Release|Any CPU
		{AB6466A5-4CF0-4DA5-AE55-7EA93ACE8E13}.Release|x86.Build.0 = Release|Any CPU
		{9EDA4294-4FF7-45C3-8FD1-1CD50BD4B7C3}.Debug|Any CPU.ActiveCfg = Debug|Any CPU
		{9EDA4294-4FF7-45C3-8FD1-1CD50BD4B7C3}.Debug|Any CPU.Build.0 = Debug|Any CPU
		{9EDA4294-4FF7-45C3-8FD1-1CD50BD4B7C3}.Debug|x64.ActiveCfg = Debug|Any CPU
		{9EDA4294-4FF7-45C3-8FD1-1CD50BD4B7C3}.Debug|x64.Build.0 = Debug|Any CPU
		{9EDA4294-4FF7-45C3-8FD1-1CD50BD4B7C3}.Debug|x86.ActiveCfg = Debug|Any CPU
		{9EDA4294-4FF7-45C3-8FD1-1CD50BD4B7C3}.Debug|x86.Build.0 = Debug|Any CPU
		{9EDA4294-4FF7-45C3-8FD1-1CD50BD4B7C3}.Release|Any CPU.ActiveCfg = Release|Any CPU
		{9EDA4294-4FF7-45C3-8FD1-1CD50BD4B7C3}.Release|Any CPU.Build.0 = Release|Any CPU
		{9EDA4294-4FF7-45C3-8FD1-1CD50BD4B7C3}.Release|x64.ActiveCfg = Release|Any CPU
		{9EDA4294-4FF7-45C3-8FD1-1CD50BD4B7C3}.Release|x64.Build.0 = Release|Any CPU
		{9EDA4294-4FF7-45C3-8FD1-1CD50BD4B7C3}.Release|x86.ActiveCfg = Release|Any CPU
		{9EDA4294-4FF7-45C3-8FD1-1CD50BD4B7C3}.Release|x86.Build.0 = Release|Any CPU
		{BDC8BA2C-C97A-4445-9B3E-31E0CE520AB8}.Debug|Any CPU.ActiveCfg = Debug|Any CPU
		{BDC8BA2C-C97A-4445-9B3E-31E0CE520AB8}.Debug|Any CPU.Build.0 = Debug|Any CPU
		{BDC8BA2C-C97A-4445-9B3E-31E0CE520AB8}.Debug|x64.ActiveCfg = Debug|Any CPU
		{BDC8BA2C-C97A-4445-9B3E-31E0CE520AB8}.Debug|x64.Build.0 = Debug|Any CPU
		{BDC8BA2C-C97A-4445-9B3E-31E0CE520AB8}.Debug|x86.ActiveCfg = Debug|Any CPU
		{BDC8BA2C-C97A-4445-9B3E-31E0CE520AB8}.Debug|x86.Build.0 = Debug|Any CPU
		{BDC8BA2C-C97A-4445-9B3E-31E0CE520AB8}.Release|Any CPU.ActiveCfg = Release|Any CPU
		{BDC8BA2C-C97A-4445-9B3E-31E0CE520AB8}.Release|Any CPU.Build.0 = Release|Any CPU
		{BDC8BA2C-C97A-4445-9B3E-31E0CE520AB8}.Release|x64.ActiveCfg = Release|Any CPU
		{BDC8BA2C-C97A-4445-9B3E-31E0CE520AB8}.Release|x64.Build.0 = Release|Any CPU
		{BDC8BA2C-C97A-4445-9B3E-31E0CE520AB8}.Release|x86.ActiveCfg = Release|Any CPU
		{BDC8BA2C-C97A-4445-9B3E-31E0CE520AB8}.Release|x86.Build.0 = Release|Any CPU
		{3B054332-65F9-40A7-AD7E-8E8E4089DBC9}.Debug|Any CPU.ActiveCfg = Debug|Any CPU
		{3B054332-65F9-40A7-AD7E-8E8E4089DBC9}.Debug|Any CPU.Build.0 = Debug|Any CPU
		{3B054332-65F9-40A7-AD7E-8E8E4089DBC9}.Debug|x64.ActiveCfg = Debug|Any CPU
		{3B054332-65F9-40A7-AD7E-8E8E4089DBC9}.Debug|x64.Build.0 = Debug|Any CPU
		{3B054332-65F9-40A7-AD7E-8E8E4089DBC9}.Debug|x86.ActiveCfg = Debug|Any CPU
		{3B054332-65F9-40A7-AD7E-8E8E4089DBC9}.Debug|x86.Build.0 = Debug|Any CPU
		{3B054332-65F9-40A7-AD7E-8E8E4089DBC9}.Release|Any CPU.ActiveCfg = Release|Any CPU
		{3B054332-65F9-40A7-AD7E-8E8E4089DBC9}.Release|Any CPU.Build.0 = Release|Any CPU
		{3B054332-65F9-40A7-AD7E-8E8E4089DBC9}.Release|x64.ActiveCfg = Release|Any CPU
		{3B054332-65F9-40A7-AD7E-8E8E4089DBC9}.Release|x64.Build.0 = Release|Any CPU
		{3B054332-65F9-40A7-AD7E-8E8E4089DBC9}.Release|x86.ActiveCfg = Release|Any CPU
		{3B054332-65F9-40A7-AD7E-8E8E4089DBC9}.Release|x86.Build.0 = Release|Any CPU
		{0AF991E7-EE90-4CB0-AD03-CE57F45450EF}.Debug|Any CPU.ActiveCfg = Debug|Any CPU
		{0AF991E7-EE90-4CB0-AD03-CE57F45450EF}.Debug|Any CPU.Build.0 = Debug|Any CPU
		{0AF991E7-EE90-4CB0-AD03-CE57F45450EF}.Debug|x64.ActiveCfg = Debug|Any CPU
		{0AF991E7-EE90-4CB0-AD03-CE57F45450EF}.Debug|x64.Build.0 = Debug|Any CPU
		{0AF991E7-EE90-4CB0-AD03-CE57F45450EF}.Debug|x86.ActiveCfg = Debug|Any CPU
		{0AF991E7-EE90-4CB0-AD03-CE57F45450EF}.Debug|x86.Build.0 = Debug|Any CPU
		{0AF991E7-EE90-4CB0-AD03-CE57F45450EF}.Release|Any CPU.ActiveCfg = Release|Any CPU
		{0AF991E7-EE90-4CB0-AD03-CE57F45450EF}.Release|Any CPU.Build.0 = Release|Any CPU
		{0AF991E7-EE90-4CB0-AD03-CE57F45450EF}.Release|x64.ActiveCfg = Release|Any CPU
		{0AF991E7-EE90-4CB0-AD03-CE57F45450EF}.Release|x64.Build.0 = Release|Any CPU
		{0AF991E7-EE90-4CB0-AD03-CE57F45450EF}.Release|x86.ActiveCfg = Release|Any CPU
		{0AF991E7-EE90-4CB0-AD03-CE57F45450EF}.Release|x86.Build.0 = Release|Any CPU
		{535FDE7A-8720-4B72-BF68-DAC8FB95FBE9}.Debug|Any CPU.ActiveCfg = Debug|Any CPU
		{535FDE7A-8720-4B72-BF68-DAC8FB95FBE9}.Debug|Any CPU.Build.0 = Debug|Any CPU
		{535FDE7A-8720-4B72-BF68-DAC8FB95FBE9}.Debug|x64.ActiveCfg = Debug|Any CPU
		{535FDE7A-8720-4B72-BF68-DAC8FB95FBE9}.Debug|x64.Build.0 = Debug|Any CPU
		{535FDE7A-8720-4B72-BF68-DAC8FB95FBE9}.Debug|x86.ActiveCfg = Debug|Any CPU
		{535FDE7A-8720-4B72-BF68-DAC8FB95FBE9}.Debug|x86.Build.0 = Debug|Any CPU
		{535FDE7A-8720-4B72-BF68-DAC8FB95FBE9}.Release|Any CPU.ActiveCfg = Release|Any CPU
		{535FDE7A-8720-4B72-BF68-DAC8FB95FBE9}.Release|Any CPU.Build.0 = Release|Any CPU
		{535FDE7A-8720-4B72-BF68-DAC8FB95FBE9}.Release|x64.ActiveCfg = Release|Any CPU
		{535FDE7A-8720-4B72-BF68-DAC8FB95FBE9}.Release|x64.Build.0 = Release|Any CPU
		{535FDE7A-8720-4B72-BF68-DAC8FB95FBE9}.Release|x86.ActiveCfg = Release|Any CPU
		{535FDE7A-8720-4B72-BF68-DAC8FB95FBE9}.Release|x86.Build.0 = Release|Any CPU
		{1DDDA8F8-F996-4B08-A28A-19F4FB0C922D}.Debug|Any CPU.ActiveCfg = Debug|Any CPU
		{1DDDA8F8-F996-4B08-A28A-19F4FB0C922D}.Debug|Any CPU.Build.0 = Debug|Any CPU
		{1DDDA8F8-F996-4B08-A28A-19F4FB0C922D}.Debug|x64.ActiveCfg = Debug|Any CPU
		{1DDDA8F8-F996-4B08-A28A-19F4FB0C922D}.Debug|x64.Build.0 = Debug|Any CPU
		{1DDDA8F8-F996-4B08-A28A-19F4FB0C922D}.Debug|x86.ActiveCfg = Debug|Any CPU
		{1DDDA8F8-F996-4B08-A28A-19F4FB0C922D}.Debug|x86.Build.0 = Debug|Any CPU
		{1DDDA8F8-F996-4B08-A28A-19F4FB0C922D}.Release|Any CPU.ActiveCfg = Release|Any CPU
		{1DDDA8F8-F996-4B08-A28A-19F4FB0C922D}.Release|Any CPU.Build.0 = Release|Any CPU
		{1DDDA8F8-F996-4B08-A28A-19F4FB0C922D}.Release|x64.ActiveCfg = Release|Any CPU
		{1DDDA8F8-F996-4B08-A28A-19F4FB0C922D}.Release|x64.Build.0 = Release|Any CPU
		{1DDDA8F8-F996-4B08-A28A-19F4FB0C922D}.Release|x86.ActiveCfg = Release|Any CPU
		{1DDDA8F8-F996-4B08-A28A-19F4FB0C922D}.Release|x86.Build.0 = Release|Any CPU
		{35FA9EE3-77EC-4D1D-B622-443D28DA1608}.Debug|Any CPU.ActiveCfg = Debug|Any CPU
		{35FA9EE3-77EC-4D1D-B622-443D28DA1608}.Debug|Any CPU.Build.0 = Debug|Any CPU
		{35FA9EE3-77EC-4D1D-B622-443D28DA1608}.Debug|x64.ActiveCfg = Debug|Any CPU
		{35FA9EE3-77EC-4D1D-B622-443D28DA1608}.Debug|x64.Build.0 = Debug|Any CPU
		{35FA9EE3-77EC-4D1D-B622-443D28DA1608}.Debug|x86.ActiveCfg = Debug|Any CPU
		{35FA9EE3-77EC-4D1D-B622-443D28DA1608}.Debug|x86.Build.0 = Debug|Any CPU
		{35FA9EE3-77EC-4D1D-B622-443D28DA1608}.Release|Any CPU.ActiveCfg = Release|Any CPU
		{35FA9EE3-77EC-4D1D-B622-443D28DA1608}.Release|Any CPU.Build.0 = Release|Any CPU
		{35FA9EE3-77EC-4D1D-B622-443D28DA1608}.Release|x64.ActiveCfg = Release|Any CPU
		{35FA9EE3-77EC-4D1D-B622-443D28DA1608}.Release|x64.Build.0 = Release|Any CPU
		{35FA9EE3-77EC-4D1D-B622-443D28DA1608}.Release|x86.ActiveCfg = Release|Any CPU
		{35FA9EE3-77EC-4D1D-B622-443D28DA1608}.Release|x86.Build.0 = Release|Any CPU
		{77B71231-880F-4470-83C9-0ED845BDDDCA}.Debug|Any CPU.ActiveCfg = Debug|Any CPU
		{77B71231-880F-4470-83C9-0ED845BDDDCA}.Debug|Any CPU.Build.0 = Debug|Any CPU
		{77B71231-880F-4470-83C9-0ED845BDDDCA}.Debug|x64.ActiveCfg = Debug|Any CPU
		{77B71231-880F-4470-83C9-0ED845BDDDCA}.Debug|x64.Build.0 = Debug|Any CPU
		{77B71231-880F-4470-83C9-0ED845BDDDCA}.Debug|x86.ActiveCfg = Debug|Any CPU
		{77B71231-880F-4470-83C9-0ED845BDDDCA}.Debug|x86.Build.0 = Debug|Any CPU
		{77B71231-880F-4470-83C9-0ED845BDDDCA}.Release|Any CPU.ActiveCfg = Release|Any CPU
		{77B71231-880F-4470-83C9-0ED845BDDDCA}.Release|Any CPU.Build.0 = Release|Any CPU
		{77B71231-880F-4470-83C9-0ED845BDDDCA}.Release|x64.ActiveCfg = Release|Any CPU
		{77B71231-880F-4470-83C9-0ED845BDDDCA}.Release|x64.Build.0 = Release|Any CPU
		{77B71231-880F-4470-83C9-0ED845BDDDCA}.Release|x86.ActiveCfg = Release|Any CPU
		{77B71231-880F-4470-83C9-0ED845BDDDCA}.Release|x86.Build.0 = Release|Any CPU
		{4E754A46-5F17-47BF-9D40-C7A95412EEFB}.Debug|Any CPU.ActiveCfg = Debug|Any CPU
		{4E754A46-5F17-47BF-9D40-C7A95412EEFB}.Debug|Any CPU.Build.0 = Debug|Any CPU
		{4E754A46-5F17-47BF-9D40-C7A95412EEFB}.Debug|x64.ActiveCfg = Debug|Any CPU
		{4E754A46-5F17-47BF-9D40-C7A95412EEFB}.Debug|x64.Build.0 = Debug|Any CPU
		{4E754A46-5F17-47BF-9D40-C7A95412EEFB}.Debug|x86.ActiveCfg = Debug|Any CPU
		{4E754A46-5F17-47BF-9D40-C7A95412EEFB}.Debug|x86.Build.0 = Debug|Any CPU
		{4E754A46-5F17-47BF-9D40-C7A95412EEFB}.Release|Any CPU.ActiveCfg = Release|Any CPU
		{4E754A46-5F17-47BF-9D40-C7A95412EEFB}.Release|Any CPU.Build.0 = Release|Any CPU
		{4E754A46-5F17-47BF-9D40-C7A95412EEFB}.Release|x64.ActiveCfg = Release|Any CPU
		{4E754A46-5F17-47BF-9D40-C7A95412EEFB}.Release|x64.Build.0 = Release|Any CPU
		{4E754A46-5F17-47BF-9D40-C7A95412EEFB}.Release|x86.ActiveCfg = Release|Any CPU
		{4E754A46-5F17-47BF-9D40-C7A95412EEFB}.Release|x86.Build.0 = Release|Any CPU
		{8E2142F5-28D4-41A6-AB6A-FC1388855C40}.Debug|Any CPU.ActiveCfg = Debug|Any CPU
		{8E2142F5-28D4-41A6-AB6A-FC1388855C40}.Debug|Any CPU.Build.0 = Debug|Any CPU
		{8E2142F5-28D4-41A6-AB6A-FC1388855C40}.Debug|x64.ActiveCfg = Debug|Any CPU
		{8E2142F5-28D4-41A6-AB6A-FC1388855C40}.Debug|x64.Build.0 = Debug|Any CPU
		{8E2142F5-28D4-41A6-AB6A-FC1388855C40}.Debug|x86.ActiveCfg = Debug|Any CPU
		{8E2142F5-28D4-41A6-AB6A-FC1388855C40}.Debug|x86.Build.0 = Debug|Any CPU
		{8E2142F5-28D4-41A6-AB6A-FC1388855C40}.Release|Any CPU.ActiveCfg = Release|Any CPU
		{8E2142F5-28D4-41A6-AB6A-FC1388855C40}.Release|Any CPU.Build.0 = Release|Any CPU
		{8E2142F5-28D4-41A6-AB6A-FC1388855C40}.Release|x64.ActiveCfg = Release|Any CPU
		{8E2142F5-28D4-41A6-AB6A-FC1388855C40}.Release|x64.Build.0 = Release|Any CPU
		{8E2142F5-28D4-41A6-AB6A-FC1388855C40}.Release|x86.ActiveCfg = Release|Any CPU
		{8E2142F5-28D4-41A6-AB6A-FC1388855C40}.Release|x86.Build.0 = Release|Any CPU
		{A66500F1-9CD5-413C-BD74-A8A45CFDB06E}.Debug|Any CPU.ActiveCfg = Debug|Any CPU
		{A66500F1-9CD5-413C-BD74-A8A45CFDB06E}.Debug|Any CPU.Build.0 = Debug|Any CPU
		{A66500F1-9CD5-413C-BD74-A8A45CFDB06E}.Debug|x64.ActiveCfg = Debug|Any CPU
		{A66500F1-9CD5-413C-BD74-A8A45CFDB06E}.Debug|x64.Build.0 = Debug|Any CPU
		{A66500F1-9CD5-413C-BD74-A8A45CFDB06E}.Debug|x86.ActiveCfg = Debug|Any CPU
		{A66500F1-9CD5-413C-BD74-A8A45CFDB06E}.Debug|x86.Build.0 = Debug|Any CPU
		{A66500F1-9CD5-413C-BD74-A8A45CFDB06E}.Release|Any CPU.ActiveCfg = Release|Any CPU
		{A66500F1-9CD5-413C-BD74-A8A45CFDB06E}.Release|Any CPU.Build.0 = Release|Any CPU
		{A66500F1-9CD5-413C-BD74-A8A45CFDB06E}.Release|x64.ActiveCfg = Release|Any CPU
		{A66500F1-9CD5-413C-BD74-A8A45CFDB06E}.Release|x64.Build.0 = Release|Any CPU
		{A66500F1-9CD5-413C-BD74-A8A45CFDB06E}.Release|x86.ActiveCfg = Release|Any CPU
		{A66500F1-9CD5-413C-BD74-A8A45CFDB06E}.Release|x86.Build.0 = Release|Any CPU
		{14405C13-7A14-4648-B19C-7A8D1AF974A5}.Debug|Any CPU.ActiveCfg = Debug|Any CPU
		{14405C13-7A14-4648-B19C-7A8D1AF974A5}.Debug|Any CPU.Build.0 = Debug|Any CPU
		{14405C13-7A14-4648-B19C-7A8D1AF974A5}.Debug|x64.ActiveCfg = Debug|Any CPU
		{14405C13-7A14-4648-B19C-7A8D1AF974A5}.Debug|x64.Build.0 = Debug|Any CPU
		{14405C13-7A14-4648-B19C-7A8D1AF974A5}.Debug|x86.ActiveCfg = Debug|Any CPU
		{14405C13-7A14-4648-B19C-7A8D1AF974A5}.Debug|x86.Build.0 = Debug|Any CPU
		{14405C13-7A14-4648-B19C-7A8D1AF974A5}.Release|Any CPU.ActiveCfg = Release|Any CPU
		{14405C13-7A14-4648-B19C-7A8D1AF974A5}.Release|Any CPU.Build.0 = Release|Any CPU
		{14405C13-7A14-4648-B19C-7A8D1AF974A5}.Release|x64.ActiveCfg = Release|Any CPU
		{14405C13-7A14-4648-B19C-7A8D1AF974A5}.Release|x64.Build.0 = Release|Any CPU
		{14405C13-7A14-4648-B19C-7A8D1AF974A5}.Release|x86.ActiveCfg = Release|Any CPU
		{14405C13-7A14-4648-B19C-7A8D1AF974A5}.Release|x86.Build.0 = Release|Any CPU
		{A8476294-813A-44E2-952E-A51CB27207FE}.Debug|Any CPU.ActiveCfg = Debug|Any CPU
		{A8476294-813A-44E2-952E-A51CB27207FE}.Debug|Any CPU.Build.0 = Debug|Any CPU
		{A8476294-813A-44E2-952E-A51CB27207FE}.Debug|x64.ActiveCfg = Debug|Any CPU
		{A8476294-813A-44E2-952E-A51CB27207FE}.Debug|x64.Build.0 = Debug|Any CPU
		{A8476294-813A-44E2-952E-A51CB27207FE}.Debug|x86.ActiveCfg = Debug|Any CPU
		{A8476294-813A-44E2-952E-A51CB27207FE}.Debug|x86.Build.0 = Debug|Any CPU
		{A8476294-813A-44E2-952E-A51CB27207FE}.Release|Any CPU.ActiveCfg = Release|Any CPU
		{A8476294-813A-44E2-952E-A51CB27207FE}.Release|Any CPU.Build.0 = Release|Any CPU
		{A8476294-813A-44E2-952E-A51CB27207FE}.Release|x64.ActiveCfg = Release|Any CPU
		{A8476294-813A-44E2-952E-A51CB27207FE}.Release|x64.Build.0 = Release|Any CPU
		{A8476294-813A-44E2-952E-A51CB27207FE}.Release|x86.ActiveCfg = Release|Any CPU
		{A8476294-813A-44E2-952E-A51CB27207FE}.Release|x86.Build.0 = Release|Any CPU
		{D2973575-B026-4D17-8879-3E963E9C438E}.Debug|Any CPU.ActiveCfg = Debug|Any CPU
		{D2973575-B026-4D17-8879-3E963E9C438E}.Debug|Any CPU.Build.0 = Debug|Any CPU
		{D2973575-B026-4D17-8879-3E963E9C438E}.Debug|x64.ActiveCfg = Debug|Any CPU
		{D2973575-B026-4D17-8879-3E963E9C438E}.Debug|x64.Build.0 = Debug|Any CPU
		{D2973575-B026-4D17-8879-3E963E9C438E}.Debug|x86.ActiveCfg = Debug|Any CPU
		{D2973575-B026-4D17-8879-3E963E9C438E}.Debug|x86.Build.0 = Debug|Any CPU
		{D2973575-B026-4D17-8879-3E963E9C438E}.Release|Any CPU.ActiveCfg = Release|Any CPU
		{D2973575-B026-4D17-8879-3E963E9C438E}.Release|Any CPU.Build.0 = Release|Any CPU
		{D2973575-B026-4D17-8879-3E963E9C438E}.Release|x64.ActiveCfg = Release|Any CPU
		{D2973575-B026-4D17-8879-3E963E9C438E}.Release|x64.Build.0 = Release|Any CPU
		{D2973575-B026-4D17-8879-3E963E9C438E}.Release|x86.ActiveCfg = Release|Any CPU
		{D2973575-B026-4D17-8879-3E963E9C438E}.Release|x86.Build.0 = Release|Any CPU
		{115603E8-400A-43F0-AC36-44DDCF7031D8}.Debug|Any CPU.ActiveCfg = Debug|Any CPU
		{115603E8-400A-43F0-AC36-44DDCF7031D8}.Debug|Any CPU.Build.0 = Debug|Any CPU
		{115603E8-400A-43F0-AC36-44DDCF7031D8}.Debug|x64.ActiveCfg = Debug|Any CPU
		{115603E8-400A-43F0-AC36-44DDCF7031D8}.Debug|x64.Build.0 = Debug|Any CPU
		{115603E8-400A-43F0-AC36-44DDCF7031D8}.Debug|x86.ActiveCfg = Debug|Any CPU
		{115603E8-400A-43F0-AC36-44DDCF7031D8}.Debug|x86.Build.0 = Debug|Any CPU
		{115603E8-400A-43F0-AC36-44DDCF7031D8}.Release|Any CPU.ActiveCfg = Release|Any CPU
		{115603E8-400A-43F0-AC36-44DDCF7031D8}.Release|Any CPU.Build.0 = Release|Any CPU
		{115603E8-400A-43F0-AC36-44DDCF7031D8}.Release|x64.ActiveCfg = Release|Any CPU
		{115603E8-400A-43F0-AC36-44DDCF7031D8}.Release|x64.Build.0 = Release|Any CPU
		{115603E8-400A-43F0-AC36-44DDCF7031D8}.Release|x86.ActiveCfg = Release|Any CPU
		{115603E8-400A-43F0-AC36-44DDCF7031D8}.Release|x86.Build.0 = Release|Any CPU
		{8253F798-A8F4-404D-B2BC-5DC87EFE839B}.Debug|Any CPU.ActiveCfg = Debug|Any CPU
		{8253F798-A8F4-404D-B2BC-5DC87EFE839B}.Debug|Any CPU.Build.0 = Debug|Any CPU
		{8253F798-A8F4-404D-B2BC-5DC87EFE839B}.Debug|x64.ActiveCfg = Debug|Any CPU
		{8253F798-A8F4-404D-B2BC-5DC87EFE839B}.Debug|x64.Build.0 = Debug|Any CPU
		{8253F798-A8F4-404D-B2BC-5DC87EFE839B}.Debug|x86.ActiveCfg = Debug|Any CPU
		{8253F798-A8F4-404D-B2BC-5DC87EFE839B}.Debug|x86.Build.0 = Debug|Any CPU
		{8253F798-A8F4-404D-B2BC-5DC87EFE839B}.Release|Any CPU.ActiveCfg = Release|Any CPU
		{8253F798-A8F4-404D-B2BC-5DC87EFE839B}.Release|Any CPU.Build.0 = Release|Any CPU
		{8253F798-A8F4-404D-B2BC-5DC87EFE839B}.Release|x64.ActiveCfg = Release|Any CPU
		{8253F798-A8F4-404D-B2BC-5DC87EFE839B}.Release|x64.Build.0 = Release|Any CPU
		{8253F798-A8F4-404D-B2BC-5DC87EFE839B}.Release|x86.ActiveCfg = Release|Any CPU
		{8253F798-A8F4-404D-B2BC-5DC87EFE839B}.Release|x86.Build.0 = Release|Any CPU
		{BE59D94B-61BE-4900-B336-36AEB8904973}.Debug|Any CPU.ActiveCfg = Debug|Any CPU
		{BE59D94B-61BE-4900-B336-36AEB8904973}.Debug|Any CPU.Build.0 = Debug|Any CPU
		{BE59D94B-61BE-4900-B336-36AEB8904973}.Debug|x64.ActiveCfg = Debug|Any CPU
		{BE59D94B-61BE-4900-B336-36AEB8904973}.Debug|x64.Build.0 = Debug|Any CPU
		{BE59D94B-61BE-4900-B336-36AEB8904973}.Debug|x86.ActiveCfg = Debug|Any CPU
		{BE59D94B-61BE-4900-B336-36AEB8904973}.Debug|x86.Build.0 = Debug|Any CPU
		{BE59D94B-61BE-4900-B336-36AEB8904973}.Release|Any CPU.ActiveCfg = Release|Any CPU
		{BE59D94B-61BE-4900-B336-36AEB8904973}.Release|Any CPU.Build.0 = Release|Any CPU
		{BE59D94B-61BE-4900-B336-36AEB8904973}.Release|x64.ActiveCfg = Release|Any CPU
		{BE59D94B-61BE-4900-B336-36AEB8904973}.Release|x64.Build.0 = Release|Any CPU
		{BE59D94B-61BE-4900-B336-36AEB8904973}.Release|x86.ActiveCfg = Release|Any CPU
		{BE59D94B-61BE-4900-B336-36AEB8904973}.Release|x86.Build.0 = Release|Any CPU
		{D520F4DC-F582-45D7-A53C-608156991C6E}.Debug|Any CPU.ActiveCfg = Debug|Any CPU
		{D520F4DC-F582-45D7-A53C-608156991C6E}.Debug|Any CPU.Build.0 = Debug|Any CPU
		{D520F4DC-F582-45D7-A53C-608156991C6E}.Debug|x64.ActiveCfg = Debug|Any CPU
		{D520F4DC-F582-45D7-A53C-608156991C6E}.Debug|x64.Build.0 = Debug|Any CPU
		{D520F4DC-F582-45D7-A53C-608156991C6E}.Debug|x86.ActiveCfg = Debug|Any CPU
		{D520F4DC-F582-45D7-A53C-608156991C6E}.Debug|x86.Build.0 = Debug|Any CPU
		{D520F4DC-F582-45D7-A53C-608156991C6E}.Release|Any CPU.ActiveCfg = Release|Any CPU
		{D520F4DC-F582-45D7-A53C-608156991C6E}.Release|Any CPU.Build.0 = Release|Any CPU
		{D520F4DC-F582-45D7-A53C-608156991C6E}.Release|x64.ActiveCfg = Release|Any CPU
		{D520F4DC-F582-45D7-A53C-608156991C6E}.Release|x64.Build.0 = Release|Any CPU
		{D520F4DC-F582-45D7-A53C-608156991C6E}.Release|x86.ActiveCfg = Release|Any CPU
		{D520F4DC-F582-45D7-A53C-608156991C6E}.Release|x86.Build.0 = Release|Any CPU
		{AFFEE0C0-D660-4859-A7E9-93C3F2BC5492}.Debug|Any CPU.ActiveCfg = Debug|Any CPU
		{AFFEE0C0-D660-4859-A7E9-93C3F2BC5492}.Debug|Any CPU.Build.0 = Debug|Any CPU
		{AFFEE0C0-D660-4859-A7E9-93C3F2BC5492}.Debug|x64.ActiveCfg = Debug|Any CPU
		{AFFEE0C0-D660-4859-A7E9-93C3F2BC5492}.Debug|x64.Build.0 = Debug|Any CPU
		{AFFEE0C0-D660-4859-A7E9-93C3F2BC5492}.Debug|x86.ActiveCfg = Debug|Any CPU
		{AFFEE0C0-D660-4859-A7E9-93C3F2BC5492}.Debug|x86.Build.0 = Debug|Any CPU
		{AFFEE0C0-D660-4859-A7E9-93C3F2BC5492}.Release|Any CPU.ActiveCfg = Release|Any CPU
		{AFFEE0C0-D660-4859-A7E9-93C3F2BC5492}.Release|Any CPU.Build.0 = Release|Any CPU
		{AFFEE0C0-D660-4859-A7E9-93C3F2BC5492}.Release|x64.ActiveCfg = Release|Any CPU
		{AFFEE0C0-D660-4859-A7E9-93C3F2BC5492}.Release|x64.Build.0 = Release|Any CPU
		{AFFEE0C0-D660-4859-A7E9-93C3F2BC5492}.Release|x86.ActiveCfg = Release|Any CPU
		{AFFEE0C0-D660-4859-A7E9-93C3F2BC5492}.Release|x86.Build.0 = Release|Any CPU
		{B8F5A9D3-CD9F-44F2-B3EA-DCECA0F7CCFF}.Debug|Any CPU.ActiveCfg = Debug|Any CPU
		{B8F5A9D3-CD9F-44F2-B3EA-DCECA0F7CCFF}.Debug|Any CPU.Build.0 = Debug|Any CPU
		{B8F5A9D3-CD9F-44F2-B3EA-DCECA0F7CCFF}.Debug|x64.ActiveCfg = Debug|Any CPU
		{B8F5A9D3-CD9F-44F2-B3EA-DCECA0F7CCFF}.Debug|x64.Build.0 = Debug|Any CPU
		{B8F5A9D3-CD9F-44F2-B3EA-DCECA0F7CCFF}.Debug|x86.ActiveCfg = Debug|Any CPU
		{B8F5A9D3-CD9F-44F2-B3EA-DCECA0F7CCFF}.Debug|x86.Build.0 = Debug|Any CPU
		{B8F5A9D3-CD9F-44F2-B3EA-DCECA0F7CCFF}.Release|Any CPU.ActiveCfg = Release|Any CPU
		{B8F5A9D3-CD9F-44F2-B3EA-DCECA0F7CCFF}.Release|Any CPU.Build.0 = Release|Any CPU
		{B8F5A9D3-CD9F-44F2-B3EA-DCECA0F7CCFF}.Release|x64.ActiveCfg = Release|Any CPU
		{B8F5A9D3-CD9F-44F2-B3EA-DCECA0F7CCFF}.Release|x64.Build.0 = Release|Any CPU
		{B8F5A9D3-CD9F-44F2-B3EA-DCECA0F7CCFF}.Release|x86.ActiveCfg = Release|Any CPU
		{B8F5A9D3-CD9F-44F2-B3EA-DCECA0F7CCFF}.Release|x86.Build.0 = Release|Any CPU
		{0BA4C8E7-3723-4106-A117-656F6871BC99}.Debug|Any CPU.ActiveCfg = Debug|Any CPU
		{0BA4C8E7-3723-4106-A117-656F6871BC99}.Debug|Any CPU.Build.0 = Debug|Any CPU
		{0BA4C8E7-3723-4106-A117-656F6871BC99}.Debug|x64.ActiveCfg = Debug|Any CPU
		{0BA4C8E7-3723-4106-A117-656F6871BC99}.Debug|x64.Build.0 = Debug|Any CPU
		{0BA4C8E7-3723-4106-A117-656F6871BC99}.Debug|x86.ActiveCfg = Debug|Any CPU
		{0BA4C8E7-3723-4106-A117-656F6871BC99}.Debug|x86.Build.0 = Debug|Any CPU
		{0BA4C8E7-3723-4106-A117-656F6871BC99}.Release|Any CPU.ActiveCfg = Release|Any CPU
		{0BA4C8E7-3723-4106-A117-656F6871BC99}.Release|Any CPU.Build.0 = Release|Any CPU
		{0BA4C8E7-3723-4106-A117-656F6871BC99}.Release|x64.ActiveCfg = Release|Any CPU
		{0BA4C8E7-3723-4106-A117-656F6871BC99}.Release|x64.Build.0 = Release|Any CPU
		{0BA4C8E7-3723-4106-A117-656F6871BC99}.Release|x86.ActiveCfg = Release|Any CPU
		{0BA4C8E7-3723-4106-A117-656F6871BC99}.Release|x86.Build.0 = Release|Any CPU
		{E78B2351-B1E6-464F-8D90-3793FACDABF4}.Debug|Any CPU.ActiveCfg = Debug|Any CPU
		{E78B2351-B1E6-464F-8D90-3793FACDABF4}.Debug|Any CPU.Build.0 = Debug|Any CPU
		{E78B2351-B1E6-464F-8D90-3793FACDABF4}.Debug|x64.ActiveCfg = Debug|Any CPU
		{E78B2351-B1E6-464F-8D90-3793FACDABF4}.Debug|x64.Build.0 = Debug|Any CPU
		{E78B2351-B1E6-464F-8D90-3793FACDABF4}.Debug|x86.ActiveCfg = Debug|Any CPU
		{E78B2351-B1E6-464F-8D90-3793FACDABF4}.Debug|x86.Build.0 = Debug|Any CPU
		{E78B2351-B1E6-464F-8D90-3793FACDABF4}.Release|Any CPU.ActiveCfg = Release|Any CPU
		{E78B2351-B1E6-464F-8D90-3793FACDABF4}.Release|Any CPU.Build.0 = Release|Any CPU
		{E78B2351-B1E6-464F-8D90-3793FACDABF4}.Release|x64.ActiveCfg = Release|Any CPU
		{E78B2351-B1E6-464F-8D90-3793FACDABF4}.Release|x64.Build.0 = Release|Any CPU
		{E78B2351-B1E6-464F-8D90-3793FACDABF4}.Release|x86.ActiveCfg = Release|Any CPU
		{E78B2351-B1E6-464F-8D90-3793FACDABF4}.Release|x86.Build.0 = Release|Any CPU
		{069FA45E-2757-4383-BB66-52470B952F7F}.Debug|Any CPU.ActiveCfg = Debug|Any CPU
		{069FA45E-2757-4383-BB66-52470B952F7F}.Debug|Any CPU.Build.0 = Debug|Any CPU
		{069FA45E-2757-4383-BB66-52470B952F7F}.Debug|x64.ActiveCfg = Debug|Any CPU
		{069FA45E-2757-4383-BB66-52470B952F7F}.Debug|x64.Build.0 = Debug|Any CPU
		{069FA45E-2757-4383-BB66-52470B952F7F}.Debug|x86.ActiveCfg = Debug|Any CPU
		{069FA45E-2757-4383-BB66-52470B952F7F}.Debug|x86.Build.0 = Debug|Any CPU
		{069FA45E-2757-4383-BB66-52470B952F7F}.Release|Any CPU.ActiveCfg = Release|Any CPU
		{069FA45E-2757-4383-BB66-52470B952F7F}.Release|Any CPU.Build.0 = Release|Any CPU
		{069FA45E-2757-4383-BB66-52470B952F7F}.Release|x64.ActiveCfg = Release|Any CPU
		{069FA45E-2757-4383-BB66-52470B952F7F}.Release|x64.Build.0 = Release|Any CPU
		{069FA45E-2757-4383-BB66-52470B952F7F}.Release|x86.ActiveCfg = Release|Any CPU
		{069FA45E-2757-4383-BB66-52470B952F7F}.Release|x86.Build.0 = Release|Any CPU
		{D69532B2-384D-44E0-B72E-43934276D0B6}.Debug|Any CPU.ActiveCfg = Debug|Any CPU
		{D69532B2-384D-44E0-B72E-43934276D0B6}.Debug|Any CPU.Build.0 = Debug|Any CPU
		{D69532B2-384D-44E0-B72E-43934276D0B6}.Debug|x64.ActiveCfg = Debug|Any CPU
		{D69532B2-384D-44E0-B72E-43934276D0B6}.Debug|x64.Build.0 = Debug|Any CPU
		{D69532B2-384D-44E0-B72E-43934276D0B6}.Debug|x86.ActiveCfg = Debug|Any CPU
		{D69532B2-384D-44E0-B72E-43934276D0B6}.Debug|x86.Build.0 = Debug|Any CPU
		{D69532B2-384D-44E0-B72E-43934276D0B6}.Release|Any CPU.ActiveCfg = Release|Any CPU
		{D69532B2-384D-44E0-B72E-43934276D0B6}.Release|Any CPU.Build.0 = Release|Any CPU
		{D69532B2-384D-44E0-B72E-43934276D0B6}.Release|x64.ActiveCfg = Release|Any CPU
		{D69532B2-384D-44E0-B72E-43934276D0B6}.Release|x64.Build.0 = Release|Any CPU
		{D69532B2-384D-44E0-B72E-43934276D0B6}.Release|x86.ActiveCfg = Release|Any CPU
		{D69532B2-384D-44E0-B72E-43934276D0B6}.Release|x86.Build.0 = Release|Any CPU
		{EB061C46-A893-4C44-9EB7-E9D5CF6B0895}.Debug|Any CPU.ActiveCfg = Debug|Any CPU
		{EB061C46-A893-4C44-9EB7-E9D5CF6B0895}.Debug|Any CPU.Build.0 = Debug|Any CPU
		{EB061C46-A893-4C44-9EB7-E9D5CF6B0895}.Debug|x64.ActiveCfg = Debug|Any CPU
		{EB061C46-A893-4C44-9EB7-E9D5CF6B0895}.Debug|x64.Build.0 = Debug|Any CPU
		{EB061C46-A893-4C44-9EB7-E9D5CF6B0895}.Debug|x86.ActiveCfg = Debug|Any CPU
		{EB061C46-A893-4C44-9EB7-E9D5CF6B0895}.Debug|x86.Build.0 = Debug|Any CPU
		{EB061C46-A893-4C44-9EB7-E9D5CF6B0895}.Release|Any CPU.ActiveCfg = Release|Any CPU
		{EB061C46-A893-4C44-9EB7-E9D5CF6B0895}.Release|Any CPU.Build.0 = Release|Any CPU
		{EB061C46-A893-4C44-9EB7-E9D5CF6B0895}.Release|x64.ActiveCfg = Release|Any CPU
		{EB061C46-A893-4C44-9EB7-E9D5CF6B0895}.Release|x64.Build.0 = Release|Any CPU
		{EB061C46-A893-4C44-9EB7-E9D5CF6B0895}.Release|x86.ActiveCfg = Release|Any CPU
		{EB061C46-A893-4C44-9EB7-E9D5CF6B0895}.Release|x86.Build.0 = Release|Any CPU
		{94475084-969D-431F-A8D8-EB591CCFCE26}.Debug|Any CPU.ActiveCfg = Debug|Any CPU
		{94475084-969D-431F-A8D8-EB591CCFCE26}.Debug|Any CPU.Build.0 = Debug|Any CPU
		{94475084-969D-431F-A8D8-EB591CCFCE26}.Debug|x64.ActiveCfg = Debug|Any CPU
		{94475084-969D-431F-A8D8-EB591CCFCE26}.Debug|x64.Build.0 = Debug|Any CPU
		{94475084-969D-431F-A8D8-EB591CCFCE26}.Debug|x86.ActiveCfg = Debug|Any CPU
		{94475084-969D-431F-A8D8-EB591CCFCE26}.Debug|x86.Build.0 = Debug|Any CPU
		{94475084-969D-431F-A8D8-EB591CCFCE26}.Release|Any CPU.ActiveCfg = Release|Any CPU
		{94475084-969D-431F-A8D8-EB591CCFCE26}.Release|Any CPU.Build.0 = Release|Any CPU
		{94475084-969D-431F-A8D8-EB591CCFCE26}.Release|x64.ActiveCfg = Release|Any CPU
		{94475084-969D-431F-A8D8-EB591CCFCE26}.Release|x64.Build.0 = Release|Any CPU
		{94475084-969D-431F-A8D8-EB591CCFCE26}.Release|x86.ActiveCfg = Release|Any CPU
		{94475084-969D-431F-A8D8-EB591CCFCE26}.Release|x86.Build.0 = Release|Any CPU
		{89E15527-A337-446F-9C67-E270D23D6CE2}.Debug|Any CPU.ActiveCfg = Debug|Any CPU
		{89E15527-A337-446F-9C67-E270D23D6CE2}.Debug|Any CPU.Build.0 = Debug|Any CPU
		{89E15527-A337-446F-9C67-E270D23D6CE2}.Debug|x64.ActiveCfg = Debug|Any CPU
		{89E15527-A337-446F-9C67-E270D23D6CE2}.Debug|x64.Build.0 = Debug|Any CPU
		{89E15527-A337-446F-9C67-E270D23D6CE2}.Debug|x86.ActiveCfg = Debug|Any CPU
		{89E15527-A337-446F-9C67-E270D23D6CE2}.Debug|x86.Build.0 = Debug|Any CPU
		{89E15527-A337-446F-9C67-E270D23D6CE2}.Release|Any CPU.ActiveCfg = Release|Any CPU
		{89E15527-A337-446F-9C67-E270D23D6CE2}.Release|Any CPU.Build.0 = Release|Any CPU
		{89E15527-A337-446F-9C67-E270D23D6CE2}.Release|x64.ActiveCfg = Release|Any CPU
		{89E15527-A337-446F-9C67-E270D23D6CE2}.Release|x64.Build.0 = Release|Any CPU
		{89E15527-A337-446F-9C67-E270D23D6CE2}.Release|x86.ActiveCfg = Release|Any CPU
		{89E15527-A337-446F-9C67-E270D23D6CE2}.Release|x86.Build.0 = Release|Any CPU
		{0E525DC3-C108-4A00-8A5C-E69CF9DF8359}.Debug|Any CPU.ActiveCfg = Debug|Any CPU
		{0E525DC3-C108-4A00-8A5C-E69CF9DF8359}.Debug|Any CPU.Build.0 = Debug|Any CPU
		{0E525DC3-C108-4A00-8A5C-E69CF9DF8359}.Debug|x64.ActiveCfg = Debug|Any CPU
		{0E525DC3-C108-4A00-8A5C-E69CF9DF8359}.Debug|x64.Build.0 = Debug|Any CPU
		{0E525DC3-C108-4A00-8A5C-E69CF9DF8359}.Debug|x86.ActiveCfg = Debug|Any CPU
		{0E525DC3-C108-4A00-8A5C-E69CF9DF8359}.Debug|x86.Build.0 = Debug|Any CPU
		{0E525DC3-C108-4A00-8A5C-E69CF9DF8359}.Release|Any CPU.ActiveCfg = Release|Any CPU
		{0E525DC3-C108-4A00-8A5C-E69CF9DF8359}.Release|Any CPU.Build.0 = Release|Any CPU
		{0E525DC3-C108-4A00-8A5C-E69CF9DF8359}.Release|x64.ActiveCfg = Release|Any CPU
		{0E525DC3-C108-4A00-8A5C-E69CF9DF8359}.Release|x64.Build.0 = Release|Any CPU
		{0E525DC3-C108-4A00-8A5C-E69CF9DF8359}.Release|x86.ActiveCfg = Release|Any CPU
		{0E525DC3-C108-4A00-8A5C-E69CF9DF8359}.Release|x86.Build.0 = Release|Any CPU
		{8CF42052-7798-40FD-A786-987CB53A159E}.Debug|Any CPU.ActiveCfg = Debug|Any CPU
		{8CF42052-7798-40FD-A786-987CB53A159E}.Debug|Any CPU.Build.0 = Debug|Any CPU
		{8CF42052-7798-40FD-A786-987CB53A159E}.Debug|x64.ActiveCfg = Debug|Any CPU
		{8CF42052-7798-40FD-A786-987CB53A159E}.Debug|x64.Build.0 = Debug|Any CPU
		{8CF42052-7798-40FD-A786-987CB53A159E}.Debug|x86.ActiveCfg = Debug|Any CPU
		{8CF42052-7798-40FD-A786-987CB53A159E}.Debug|x86.Build.0 = Debug|Any CPU
		{8CF42052-7798-40FD-A786-987CB53A159E}.Release|Any CPU.ActiveCfg = Release|Any CPU
		{8CF42052-7798-40FD-A786-987CB53A159E}.Release|Any CPU.Build.0 = Release|Any CPU
		{8CF42052-7798-40FD-A786-987CB53A159E}.Release|x64.ActiveCfg = Release|Any CPU
		{8CF42052-7798-40FD-A786-987CB53A159E}.Release|x64.Build.0 = Release|Any CPU
		{8CF42052-7798-40FD-A786-987CB53A159E}.Release|x86.ActiveCfg = Release|Any CPU
		{8CF42052-7798-40FD-A786-987CB53A159E}.Release|x86.Build.0 = Release|Any CPU
		{2A904C29-A848-40BB-9993-916A2376B571}.Debug|Any CPU.ActiveCfg = Debug|Any CPU
		{2A904C29-A848-40BB-9993-916A2376B571}.Debug|Any CPU.Build.0 = Debug|Any CPU
		{2A904C29-A848-40BB-9993-916A2376B571}.Debug|x64.ActiveCfg = Debug|Any CPU
		{2A904C29-A848-40BB-9993-916A2376B571}.Debug|x64.Build.0 = Debug|Any CPU
		{2A904C29-A848-40BB-9993-916A2376B571}.Debug|x86.ActiveCfg = Debug|Any CPU
		{2A904C29-A848-40BB-9993-916A2376B571}.Debug|x86.Build.0 = Debug|Any CPU
		{2A904C29-A848-40BB-9993-916A2376B571}.Release|Any CPU.ActiveCfg = Release|Any CPU
		{2A904C29-A848-40BB-9993-916A2376B571}.Release|Any CPU.Build.0 = Release|Any CPU
		{2A904C29-A848-40BB-9993-916A2376B571}.Release|x64.ActiveCfg = Release|Any CPU
		{2A904C29-A848-40BB-9993-916A2376B571}.Release|x64.Build.0 = Release|Any CPU
		{2A904C29-A848-40BB-9993-916A2376B571}.Release|x86.ActiveCfg = Release|Any CPU
		{2A904C29-A848-40BB-9993-916A2376B571}.Release|x86.Build.0 = Release|Any CPU
		{A397F2B9-4B0F-4432-8E0C-627A8B2753AB}.Debug|Any CPU.ActiveCfg = Debug|Any CPU
		{A397F2B9-4B0F-4432-8E0C-627A8B2753AB}.Debug|Any CPU.Build.0 = Debug|Any CPU
		{A397F2B9-4B0F-4432-8E0C-627A8B2753AB}.Debug|x64.ActiveCfg = Debug|Any CPU
		{A397F2B9-4B0F-4432-8E0C-627A8B2753AB}.Debug|x64.Build.0 = Debug|Any CPU
		{A397F2B9-4B0F-4432-8E0C-627A8B2753AB}.Debug|x86.ActiveCfg = Debug|Any CPU
		{A397F2B9-4B0F-4432-8E0C-627A8B2753AB}.Debug|x86.Build.0 = Debug|Any CPU
		{A397F2B9-4B0F-4432-8E0C-627A8B2753AB}.Release|Any CPU.ActiveCfg = Release|Any CPU
		{A397F2B9-4B0F-4432-8E0C-627A8B2753AB}.Release|Any CPU.Build.0 = Release|Any CPU
		{A397F2B9-4B0F-4432-8E0C-627A8B2753AB}.Release|x64.ActiveCfg = Release|Any CPU
		{A397F2B9-4B0F-4432-8E0C-627A8B2753AB}.Release|x64.Build.0 = Release|Any CPU
		{A397F2B9-4B0F-4432-8E0C-627A8B2753AB}.Release|x86.ActiveCfg = Release|Any CPU
		{A397F2B9-4B0F-4432-8E0C-627A8B2753AB}.Release|x86.Build.0 = Release|Any CPU
		{8C14B5FD-90D4-409D-A69C-140FC103814A}.Debug|Any CPU.ActiveCfg = Debug|Any CPU
		{8C14B5FD-90D4-409D-A69C-140FC103814A}.Debug|Any CPU.Build.0 = Debug|Any CPU
		{8C14B5FD-90D4-409D-A69C-140FC103814A}.Debug|x64.ActiveCfg = Debug|Any CPU
		{8C14B5FD-90D4-409D-A69C-140FC103814A}.Debug|x64.Build.0 = Debug|Any CPU
		{8C14B5FD-90D4-409D-A69C-140FC103814A}.Debug|x86.ActiveCfg = Debug|Any CPU
		{8C14B5FD-90D4-409D-A69C-140FC103814A}.Debug|x86.Build.0 = Debug|Any CPU
		{8C14B5FD-90D4-409D-A69C-140FC103814A}.Release|Any CPU.ActiveCfg = Release|Any CPU
		{8C14B5FD-90D4-409D-A69C-140FC103814A}.Release|Any CPU.Build.0 = Release|Any CPU
		{8C14B5FD-90D4-409D-A69C-140FC103814A}.Release|x64.ActiveCfg = Release|Any CPU
		{8C14B5FD-90D4-409D-A69C-140FC103814A}.Release|x64.Build.0 = Release|Any CPU
		{8C14B5FD-90D4-409D-A69C-140FC103814A}.Release|x86.ActiveCfg = Release|Any CPU
		{8C14B5FD-90D4-409D-A69C-140FC103814A}.Release|x86.Build.0 = Release|Any CPU
		{95DDBA83-F519-437D-A31D-21D8E0061131}.Debug|Any CPU.ActiveCfg = Debug|Any CPU
		{95DDBA83-F519-437D-A31D-21D8E0061131}.Debug|Any CPU.Build.0 = Debug|Any CPU
		{95DDBA83-F519-437D-A31D-21D8E0061131}.Debug|x64.ActiveCfg = Debug|Any CPU
		{95DDBA83-F519-437D-A31D-21D8E0061131}.Debug|x64.Build.0 = Debug|Any CPU
		{95DDBA83-F519-437D-A31D-21D8E0061131}.Debug|x86.ActiveCfg = Debug|Any CPU
		{95DDBA83-F519-437D-A31D-21D8E0061131}.Debug|x86.Build.0 = Debug|Any CPU
		{95DDBA83-F519-437D-A31D-21D8E0061131}.Release|Any CPU.ActiveCfg = Release|Any CPU
		{95DDBA83-F519-437D-A31D-21D8E0061131}.Release|Any CPU.Build.0 = Release|Any CPU
		{95DDBA83-F519-437D-A31D-21D8E0061131}.Release|x64.ActiveCfg = Release|Any CPU
		{95DDBA83-F519-437D-A31D-21D8E0061131}.Release|x64.Build.0 = Release|Any CPU
		{95DDBA83-F519-437D-A31D-21D8E0061131}.Release|x86.ActiveCfg = Release|Any CPU
		{95DDBA83-F519-437D-A31D-21D8E0061131}.Release|x86.Build.0 = Release|Any CPU
		{A246C65A-5471-43F2-9836-F02306B8ECF5}.Debug|Any CPU.ActiveCfg = Debug|Any CPU
		{A246C65A-5471-43F2-9836-F02306B8ECF5}.Debug|Any CPU.Build.0 = Debug|Any CPU
		{A246C65A-5471-43F2-9836-F02306B8ECF5}.Debug|x64.ActiveCfg = Debug|Any CPU
		{A246C65A-5471-43F2-9836-F02306B8ECF5}.Debug|x64.Build.0 = Debug|Any CPU
		{A246C65A-5471-43F2-9836-F02306B8ECF5}.Debug|x86.ActiveCfg = Debug|Any CPU
		{A246C65A-5471-43F2-9836-F02306B8ECF5}.Debug|x86.Build.0 = Debug|Any CPU
		{A246C65A-5471-43F2-9836-F02306B8ECF5}.Release|Any CPU.ActiveCfg = Release|Any CPU
		{A246C65A-5471-43F2-9836-F02306B8ECF5}.Release|Any CPU.Build.0 = Release|Any CPU
		{A246C65A-5471-43F2-9836-F02306B8ECF5}.Release|x64.ActiveCfg = Release|Any CPU
		{A246C65A-5471-43F2-9836-F02306B8ECF5}.Release|x64.Build.0 = Release|Any CPU
		{A246C65A-5471-43F2-9836-F02306B8ECF5}.Release|x86.ActiveCfg = Release|Any CPU
		{A246C65A-5471-43F2-9836-F02306B8ECF5}.Release|x86.Build.0 = Release|Any CPU
		{68E818C7-6F72-4586-8F75-A01E52680AE5}.Debug|Any CPU.ActiveCfg = Debug|Any CPU
		{68E818C7-6F72-4586-8F75-A01E52680AE5}.Debug|Any CPU.Build.0 = Debug|Any CPU
		{68E818C7-6F72-4586-8F75-A01E52680AE5}.Debug|x64.ActiveCfg = Debug|Any CPU
		{68E818C7-6F72-4586-8F75-A01E52680AE5}.Debug|x64.Build.0 = Debug|Any CPU
		{68E818C7-6F72-4586-8F75-A01E52680AE5}.Debug|x86.ActiveCfg = Debug|Any CPU
		{68E818C7-6F72-4586-8F75-A01E52680AE5}.Debug|x86.Build.0 = Debug|Any CPU
		{68E818C7-6F72-4586-8F75-A01E52680AE5}.Release|Any CPU.ActiveCfg = Release|Any CPU
		{68E818C7-6F72-4586-8F75-A01E52680AE5}.Release|Any CPU.Build.0 = Release|Any CPU
		{68E818C7-6F72-4586-8F75-A01E52680AE5}.Release|x64.ActiveCfg = Release|Any CPU
		{68E818C7-6F72-4586-8F75-A01E52680AE5}.Release|x64.Build.0 = Release|Any CPU
		{68E818C7-6F72-4586-8F75-A01E52680AE5}.Release|x86.ActiveCfg = Release|Any CPU
		{68E818C7-6F72-4586-8F75-A01E52680AE5}.Release|x86.Build.0 = Release|Any CPU
		{6A49C79C-37F3-4D86-BCAE-27602E5DF416}.Debug|Any CPU.ActiveCfg = Debug|Any CPU
		{6A49C79C-37F3-4D86-BCAE-27602E5DF416}.Debug|Any CPU.Build.0 = Debug|Any CPU
		{6A49C79C-37F3-4D86-BCAE-27602E5DF416}.Debug|x64.ActiveCfg = Debug|Any CPU
		{6A49C79C-37F3-4D86-BCAE-27602E5DF416}.Debug|x64.Build.0 = Debug|Any CPU
		{6A49C79C-37F3-4D86-BCAE-27602E5DF416}.Debug|x86.ActiveCfg = Debug|Any CPU
		{6A49C79C-37F3-4D86-BCAE-27602E5DF416}.Debug|x86.Build.0 = Debug|Any CPU
		{6A49C79C-37F3-4D86-BCAE-27602E5DF416}.Release|Any CPU.ActiveCfg = Release|Any CPU
		{6A49C79C-37F3-4D86-BCAE-27602E5DF416}.Release|Any CPU.Build.0 = Release|Any CPU
		{6A49C79C-37F3-4D86-BCAE-27602E5DF416}.Release|x64.ActiveCfg = Release|Any CPU
		{6A49C79C-37F3-4D86-BCAE-27602E5DF416}.Release|x64.Build.0 = Release|Any CPU
		{6A49C79C-37F3-4D86-BCAE-27602E5DF416}.Release|x86.ActiveCfg = Release|Any CPU
		{6A49C79C-37F3-4D86-BCAE-27602E5DF416}.Release|x86.Build.0 = Release|Any CPU
		{BBA77F1B-F9A3-4CAA-B213-D11285994B0A}.Debug|Any CPU.ActiveCfg = Debug|Any CPU
		{BBA77F1B-F9A3-4CAA-B213-D11285994B0A}.Debug|Any CPU.Build.0 = Debug|Any CPU
		{BBA77F1B-F9A3-4CAA-B213-D11285994B0A}.Debug|x64.ActiveCfg = Debug|Any CPU
		{BBA77F1B-F9A3-4CAA-B213-D11285994B0A}.Debug|x64.Build.0 = Debug|Any CPU
		{BBA77F1B-F9A3-4CAA-B213-D11285994B0A}.Debug|x86.ActiveCfg = Debug|Any CPU
		{BBA77F1B-F9A3-4CAA-B213-D11285994B0A}.Debug|x86.Build.0 = Debug|Any CPU
		{BBA77F1B-F9A3-4CAA-B213-D11285994B0A}.Release|Any CPU.ActiveCfg = Release|Any CPU
		{BBA77F1B-F9A3-4CAA-B213-D11285994B0A}.Release|Any CPU.Build.0 = Release|Any CPU
		{BBA77F1B-F9A3-4CAA-B213-D11285994B0A}.Release|x64.ActiveCfg = Release|Any CPU
		{BBA77F1B-F9A3-4CAA-B213-D11285994B0A}.Release|x64.Build.0 = Release|Any CPU
		{BBA77F1B-F9A3-4CAA-B213-D11285994B0A}.Release|x86.ActiveCfg = Release|Any CPU
		{BBA77F1B-F9A3-4CAA-B213-D11285994B0A}.Release|x86.Build.0 = Release|Any CPU
		{8D6FE490-F451-4F2F-B429-CBBD3C217220}.Debug|Any CPU.ActiveCfg = Debug|Any CPU
		{8D6FE490-F451-4F2F-B429-CBBD3C217220}.Debug|Any CPU.Build.0 = Debug|Any CPU
		{8D6FE490-F451-4F2F-B429-CBBD3C217220}.Debug|x64.ActiveCfg = Debug|Any CPU
		{8D6FE490-F451-4F2F-B429-CBBD3C217220}.Debug|x64.Build.0 = Debug|Any CPU
		{8D6FE490-F451-4F2F-B429-CBBD3C217220}.Debug|x86.ActiveCfg = Debug|Any CPU
		{8D6FE490-F451-4F2F-B429-CBBD3C217220}.Debug|x86.Build.0 = Debug|Any CPU
		{8D6FE490-F451-4F2F-B429-CBBD3C217220}.Release|Any CPU.ActiveCfg = Release|Any CPU
		{8D6FE490-F451-4F2F-B429-CBBD3C217220}.Release|Any CPU.Build.0 = Release|Any CPU
		{8D6FE490-F451-4F2F-B429-CBBD3C217220}.Release|x64.ActiveCfg = Release|Any CPU
		{8D6FE490-F451-4F2F-B429-CBBD3C217220}.Release|x64.Build.0 = Release|Any CPU
		{8D6FE490-F451-4F2F-B429-CBBD3C217220}.Release|x86.ActiveCfg = Release|Any CPU
		{8D6FE490-F451-4F2F-B429-CBBD3C217220}.Release|x86.Build.0 = Release|Any CPU
		{5BAA55DE-1F5B-40EF-988A-E8E85E2B594C}.Debug|Any CPU.ActiveCfg = Debug|Any CPU
		{5BAA55DE-1F5B-40EF-988A-E8E85E2B594C}.Debug|Any CPU.Build.0 = Debug|Any CPU
		{5BAA55DE-1F5B-40EF-988A-E8E85E2B594C}.Debug|x64.ActiveCfg = Debug|Any CPU
		{5BAA55DE-1F5B-40EF-988A-E8E85E2B594C}.Debug|x64.Build.0 = Debug|Any CPU
		{5BAA55DE-1F5B-40EF-988A-E8E85E2B594C}.Debug|x86.ActiveCfg = Debug|Any CPU
		{5BAA55DE-1F5B-40EF-988A-E8E85E2B594C}.Debug|x86.Build.0 = Debug|Any CPU
		{5BAA55DE-1F5B-40EF-988A-E8E85E2B594C}.Release|Any CPU.ActiveCfg = Release|Any CPU
		{5BAA55DE-1F5B-40EF-988A-E8E85E2B594C}.Release|Any CPU.Build.0 = Release|Any CPU
		{5BAA55DE-1F5B-40EF-988A-E8E85E2B594C}.Release|x64.ActiveCfg = Release|Any CPU
		{5BAA55DE-1F5B-40EF-988A-E8E85E2B594C}.Release|x64.Build.0 = Release|Any CPU
		{5BAA55DE-1F5B-40EF-988A-E8E85E2B594C}.Release|x86.ActiveCfg = Release|Any CPU
		{5BAA55DE-1F5B-40EF-988A-E8E85E2B594C}.Release|x86.Build.0 = Release|Any CPU
		{B0026B5C-CA13-42ED-9BA7-3CEBEC589FE9}.Debug|Any CPU.ActiveCfg = Debug|Any CPU
		{B0026B5C-CA13-42ED-9BA7-3CEBEC589FE9}.Debug|Any CPU.Build.0 = Debug|Any CPU
		{B0026B5C-CA13-42ED-9BA7-3CEBEC589FE9}.Debug|x64.ActiveCfg = Debug|Any CPU
		{B0026B5C-CA13-42ED-9BA7-3CEBEC589FE9}.Debug|x64.Build.0 = Debug|Any CPU
		{B0026B5C-CA13-42ED-9BA7-3CEBEC589FE9}.Debug|x86.ActiveCfg = Debug|Any CPU
		{B0026B5C-CA13-42ED-9BA7-3CEBEC589FE9}.Debug|x86.Build.0 = Debug|Any CPU
		{B0026B5C-CA13-42ED-9BA7-3CEBEC589FE9}.Release|Any CPU.ActiveCfg = Release|Any CPU
		{B0026B5C-CA13-42ED-9BA7-3CEBEC589FE9}.Release|Any CPU.Build.0 = Release|Any CPU
		{B0026B5C-CA13-42ED-9BA7-3CEBEC589FE9}.Release|x64.ActiveCfg = Release|Any CPU
		{B0026B5C-CA13-42ED-9BA7-3CEBEC589FE9}.Release|x64.Build.0 = Release|Any CPU
		{B0026B5C-CA13-42ED-9BA7-3CEBEC589FE9}.Release|x86.ActiveCfg = Release|Any CPU
		{B0026B5C-CA13-42ED-9BA7-3CEBEC589FE9}.Release|x86.Build.0 = Release|Any CPU
		{664A01BE-A6E2-4557-80DC-4BF52E0533E4}.Debug|Any CPU.ActiveCfg = Debug|Any CPU
		{664A01BE-A6E2-4557-80DC-4BF52E0533E4}.Debug|Any CPU.Build.0 = Debug|Any CPU
		{664A01BE-A6E2-4557-80DC-4BF52E0533E4}.Debug|x64.ActiveCfg = Debug|Any CPU
		{664A01BE-A6E2-4557-80DC-4BF52E0533E4}.Debug|x64.Build.0 = Debug|Any CPU
		{664A01BE-A6E2-4557-80DC-4BF52E0533E4}.Debug|x86.ActiveCfg = Debug|Any CPU
		{664A01BE-A6E2-4557-80DC-4BF52E0533E4}.Debug|x86.Build.0 = Debug|Any CPU
		{664A01BE-A6E2-4557-80DC-4BF52E0533E4}.Release|Any CPU.ActiveCfg = Release|Any CPU
		{664A01BE-A6E2-4557-80DC-4BF52E0533E4}.Release|Any CPU.Build.0 = Release|Any CPU
		{664A01BE-A6E2-4557-80DC-4BF52E0533E4}.Release|x64.ActiveCfg = Release|Any CPU
		{664A01BE-A6E2-4557-80DC-4BF52E0533E4}.Release|x64.Build.0 = Release|Any CPU
		{664A01BE-A6E2-4557-80DC-4BF52E0533E4}.Release|x86.ActiveCfg = Release|Any CPU
		{664A01BE-A6E2-4557-80DC-4BF52E0533E4}.Release|x86.Build.0 = Release|Any CPU
		{E6A652C5-EE89-4E2B-A6A2-A2BEE750384A}.Debug|Any CPU.ActiveCfg = Debug|Any CPU
		{E6A652C5-EE89-4E2B-A6A2-A2BEE750384A}.Debug|Any CPU.Build.0 = Debug|Any CPU
		{E6A652C5-EE89-4E2B-A6A2-A2BEE750384A}.Debug|x64.ActiveCfg = Debug|Any CPU
		{E6A652C5-EE89-4E2B-A6A2-A2BEE750384A}.Debug|x64.Build.0 = Debug|Any CPU
		{E6A652C5-EE89-4E2B-A6A2-A2BEE750384A}.Debug|x86.ActiveCfg = Debug|Any CPU
		{E6A652C5-EE89-4E2B-A6A2-A2BEE750384A}.Debug|x86.Build.0 = Debug|Any CPU
		{E6A652C5-EE89-4E2B-A6A2-A2BEE750384A}.Release|Any CPU.ActiveCfg = Release|Any CPU
		{E6A652C5-EE89-4E2B-A6A2-A2BEE750384A}.Release|Any CPU.Build.0 = Release|Any CPU
		{E6A652C5-EE89-4E2B-A6A2-A2BEE750384A}.Release|x64.ActiveCfg = Release|Any CPU
		{E6A652C5-EE89-4E2B-A6A2-A2BEE750384A}.Release|x64.Build.0 = Release|Any CPU
		{E6A652C5-EE89-4E2B-A6A2-A2BEE750384A}.Release|x86.ActiveCfg = Release|Any CPU
		{E6A652C5-EE89-4E2B-A6A2-A2BEE750384A}.Release|x86.Build.0 = Release|Any CPU
		{26EBBD73-45DA-4514-B663-662D9127C65B}.Debug|Any CPU.ActiveCfg = Debug|Any CPU
		{26EBBD73-45DA-4514-B663-662D9127C65B}.Debug|Any CPU.Build.0 = Debug|Any CPU
		{26EBBD73-45DA-4514-B663-662D9127C65B}.Debug|x64.ActiveCfg = Debug|Any CPU
		{26EBBD73-45DA-4514-B663-662D9127C65B}.Debug|x64.Build.0 = Debug|Any CPU
		{26EBBD73-45DA-4514-B663-662D9127C65B}.Debug|x86.ActiveCfg = Debug|Any CPU
		{26EBBD73-45DA-4514-B663-662D9127C65B}.Debug|x86.Build.0 = Debug|Any CPU
		{26EBBD73-45DA-4514-B663-662D9127C65B}.Release|Any CPU.ActiveCfg = Release|Any CPU
		{26EBBD73-45DA-4514-B663-662D9127C65B}.Release|Any CPU.Build.0 = Release|Any CPU
		{26EBBD73-45DA-4514-B663-662D9127C65B}.Release|x64.ActiveCfg = Release|Any CPU
		{26EBBD73-45DA-4514-B663-662D9127C65B}.Release|x64.Build.0 = Release|Any CPU
		{26EBBD73-45DA-4514-B663-662D9127C65B}.Release|x86.ActiveCfg = Release|Any CPU
		{26EBBD73-45DA-4514-B663-662D9127C65B}.Release|x86.Build.0 = Release|Any CPU
		{FF487D3F-89E2-4B9A-B6AF-C5133A19C609}.Debug|Any CPU.ActiveCfg = Debug|Any CPU
		{FF487D3F-89E2-4B9A-B6AF-C5133A19C609}.Debug|Any CPU.Build.0 = Debug|Any CPU
		{FF487D3F-89E2-4B9A-B6AF-C5133A19C609}.Debug|x64.ActiveCfg = Debug|Any CPU
		{FF487D3F-89E2-4B9A-B6AF-C5133A19C609}.Debug|x64.Build.0 = Debug|Any CPU
		{FF487D3F-89E2-4B9A-B6AF-C5133A19C609}.Debug|x86.ActiveCfg = Debug|Any CPU
		{FF487D3F-89E2-4B9A-B6AF-C5133A19C609}.Debug|x86.Build.0 = Debug|Any CPU
		{FF487D3F-89E2-4B9A-B6AF-C5133A19C609}.Release|Any CPU.ActiveCfg = Release|Any CPU
		{FF487D3F-89E2-4B9A-B6AF-C5133A19C609}.Release|Any CPU.Build.0 = Release|Any CPU
		{FF487D3F-89E2-4B9A-B6AF-C5133A19C609}.Release|x64.ActiveCfg = Release|Any CPU
		{FF487D3F-89E2-4B9A-B6AF-C5133A19C609}.Release|x64.Build.0 = Release|Any CPU
		{FF487D3F-89E2-4B9A-B6AF-C5133A19C609}.Release|x86.ActiveCfg = Release|Any CPU
		{FF487D3F-89E2-4B9A-B6AF-C5133A19C609}.Release|x86.Build.0 = Release|Any CPU
		{994CB601-B7A4-4CC8-95F4-1467E03E0DAC}.Debug|Any CPU.ActiveCfg = Debug|Any CPU
		{994CB601-B7A4-4CC8-95F4-1467E03E0DAC}.Debug|Any CPU.Build.0 = Debug|Any CPU
		{994CB601-B7A4-4CC8-95F4-1467E03E0DAC}.Debug|x64.ActiveCfg = Debug|Any CPU
		{994CB601-B7A4-4CC8-95F4-1467E03E0DAC}.Debug|x64.Build.0 = Debug|Any CPU
		{994CB601-B7A4-4CC8-95F4-1467E03E0DAC}.Debug|x86.ActiveCfg = Debug|Any CPU
		{994CB601-B7A4-4CC8-95F4-1467E03E0DAC}.Debug|x86.Build.0 = Debug|Any CPU
		{994CB601-B7A4-4CC8-95F4-1467E03E0DAC}.Release|Any CPU.ActiveCfg = Release|Any CPU
		{994CB601-B7A4-4CC8-95F4-1467E03E0DAC}.Release|Any CPU.Build.0 = Release|Any CPU
		{994CB601-B7A4-4CC8-95F4-1467E03E0DAC}.Release|x64.ActiveCfg = Release|Any CPU
		{994CB601-B7A4-4CC8-95F4-1467E03E0DAC}.Release|x64.Build.0 = Release|Any CPU
		{994CB601-B7A4-4CC8-95F4-1467E03E0DAC}.Release|x86.ActiveCfg = Release|Any CPU
		{994CB601-B7A4-4CC8-95F4-1467E03E0DAC}.Release|x86.Build.0 = Release|Any CPU
		{ED61F240-9A67-412E-BA74-B80DA2A85443}.Debug|Any CPU.ActiveCfg = Debug|Any CPU
		{ED61F240-9A67-412E-BA74-B80DA2A85443}.Debug|Any CPU.Build.0 = Debug|Any CPU
		{ED61F240-9A67-412E-BA74-B80DA2A85443}.Debug|x64.ActiveCfg = Debug|Any CPU
		{ED61F240-9A67-412E-BA74-B80DA2A85443}.Debug|x64.Build.0 = Debug|Any CPU
		{ED61F240-9A67-412E-BA74-B80DA2A85443}.Debug|x86.ActiveCfg = Debug|Any CPU
		{ED61F240-9A67-412E-BA74-B80DA2A85443}.Debug|x86.Build.0 = Debug|Any CPU
		{ED61F240-9A67-412E-BA74-B80DA2A85443}.Release|Any CPU.ActiveCfg = Release|Any CPU
		{ED61F240-9A67-412E-BA74-B80DA2A85443}.Release|Any CPU.Build.0 = Release|Any CPU
		{ED61F240-9A67-412E-BA74-B80DA2A85443}.Release|x64.ActiveCfg = Release|Any CPU
		{ED61F240-9A67-412E-BA74-B80DA2A85443}.Release|x64.Build.0 = Release|Any CPU
		{ED61F240-9A67-412E-BA74-B80DA2A85443}.Release|x86.ActiveCfg = Release|Any CPU
		{ED61F240-9A67-412E-BA74-B80DA2A85443}.Release|x86.Build.0 = Release|Any CPU
		{41327B22-24FE-4EED-AED1-36B801D78F5E}.Debug|Any CPU.ActiveCfg = Debug|Any CPU
		{41327B22-24FE-4EED-AED1-36B801D78F5E}.Debug|Any CPU.Build.0 = Debug|Any CPU
		{41327B22-24FE-4EED-AED1-36B801D78F5E}.Debug|x64.ActiveCfg = Debug|Any CPU
		{41327B22-24FE-4EED-AED1-36B801D78F5E}.Debug|x64.Build.0 = Debug|Any CPU
		{41327B22-24FE-4EED-AED1-36B801D78F5E}.Debug|x86.ActiveCfg = Debug|Any CPU
		{41327B22-24FE-4EED-AED1-36B801D78F5E}.Debug|x86.Build.0 = Debug|Any CPU
		{41327B22-24FE-4EED-AED1-36B801D78F5E}.Release|Any CPU.ActiveCfg = Release|Any CPU
		{41327B22-24FE-4EED-AED1-36B801D78F5E}.Release|Any CPU.Build.0 = Release|Any CPU
		{41327B22-24FE-4EED-AED1-36B801D78F5E}.Release|x64.ActiveCfg = Release|Any CPU
		{41327B22-24FE-4EED-AED1-36B801D78F5E}.Release|x64.Build.0 = Release|Any CPU
		{41327B22-24FE-4EED-AED1-36B801D78F5E}.Release|x86.ActiveCfg = Release|Any CPU
		{41327B22-24FE-4EED-AED1-36B801D78F5E}.Release|x86.Build.0 = Release|Any CPU
		{CD2E7213-9A18-4BEA-9C4E-7193433192BE}.Debug|Any CPU.ActiveCfg = Debug|Any CPU
		{CD2E7213-9A18-4BEA-9C4E-7193433192BE}.Debug|Any CPU.Build.0 = Debug|Any CPU
		{CD2E7213-9A18-4BEA-9C4E-7193433192BE}.Debug|x64.ActiveCfg = Debug|Any CPU
		{CD2E7213-9A18-4BEA-9C4E-7193433192BE}.Debug|x64.Build.0 = Debug|Any CPU
		{CD2E7213-9A18-4BEA-9C4E-7193433192BE}.Debug|x86.ActiveCfg = Debug|Any CPU
		{CD2E7213-9A18-4BEA-9C4E-7193433192BE}.Debug|x86.Build.0 = Debug|Any CPU
		{CD2E7213-9A18-4BEA-9C4E-7193433192BE}.Release|Any CPU.ActiveCfg = Release|Any CPU
		{CD2E7213-9A18-4BEA-9C4E-7193433192BE}.Release|Any CPU.Build.0 = Release|Any CPU
		{CD2E7213-9A18-4BEA-9C4E-7193433192BE}.Release|x64.ActiveCfg = Release|Any CPU
		{CD2E7213-9A18-4BEA-9C4E-7193433192BE}.Release|x64.Build.0 = Release|Any CPU
		{CD2E7213-9A18-4BEA-9C4E-7193433192BE}.Release|x86.ActiveCfg = Release|Any CPU
		{CD2E7213-9A18-4BEA-9C4E-7193433192BE}.Release|x86.Build.0 = Release|Any CPU
        {B4B14374-BAFE-4CAC-9E14-299024164D5F}.Debug|Any CPU.ActiveCfg = Debug|Any CPU
        {B4B14374-BAFE-4CAC-9E14-299024164D5F}.Debug|Any CPU.Build.0 = Debug|Any CPU
        {B4B14374-BAFE-4CAC-9E14-299024164D5F}.Debug|x64.ActiveCfg = Debug|Any CPU
        {B4B14374-BAFE-4CAC-9E14-299024164D5F}.Debug|x64.Build.0 = Debug|Any CPU
        {B4B14374-BAFE-4CAC-9E14-299024164D5F}.Debug|x86.ActiveCfg = Debug|Any CPU
        {B4B14374-BAFE-4CAC-9E14-299024164D5F}.Debug|x86.Build.0 = Debug|Any CPU
        {B4B14374-BAFE-4CAC-9E14-299024164D5F}.Release|Any CPU.ActiveCfg = Release|Any CPU
        {B4B14374-BAFE-4CAC-9E14-299024164D5F}.Release|Any CPU.Build.0 = Release|Any CPU
        {B4B14374-BAFE-4CAC-9E14-299024164D5F}.Release|x64.ActiveCfg = Release|Any CPU
        {B4B14374-BAFE-4CAC-9E14-299024164D5F}.Release|x64.Build.0 = Release|Any CPU
        {B4B14374-BAFE-4CAC-9E14-299024164D5F}.Release|x86.ActiveCfg = Release|Any CPU
        {B4B14374-BAFE-4CAC-9E14-299024164D5F}.Release|x86.Build.0 = Release|Any CPU
        {0ECACB10-AAD6-4238-AAD7-8CE8A589B5C6}.Debug|Any CPU.ActiveCfg = Debug|Any CPU
        {0ECACB10-AAD6-4238-AAD7-8CE8A589B5C6}.Debug|Any CPU.Build.0 = Debug|Any CPU
        {0ECACB10-AAD6-4238-AAD7-8CE8A589B5C6}.Debug|x64.ActiveCfg = Debug|Any CPU
        {0ECACB10-AAD6-4238-AAD7-8CE8A589B5C6}.Debug|x64.Build.0 = Debug|Any CPU
        {0ECACB10-AAD6-4238-AAD7-8CE8A589B5C6}.Debug|x86.ActiveCfg = Debug|Any CPU
        {0ECACB10-AAD6-4238-AAD7-8CE8A589B5C6}.Debug|x86.Build.0 = Debug|Any CPU
        {0ECACB10-AAD6-4238-AAD7-8CE8A589B5C6}.Release|Any CPU.ActiveCfg = Release|Any CPU
        {0ECACB10-AAD6-4238-AAD7-8CE8A589B5C6}.Release|Any CPU.Build.0 = Release|Any CPU
        {0ECACB10-AAD6-4238-AAD7-8CE8A589B5C6}.Release|x64.ActiveCfg = Release|Any CPU
        {0ECACB10-AAD6-4238-AAD7-8CE8A589B5C6}.Release|x64.Build.0 = Release|Any CPU
        {0ECACB10-AAD6-4238-AAD7-8CE8A589B5C6}.Release|x86.ActiveCfg = Release|Any CPU
        {0ECACB10-AAD6-4238-AAD7-8CE8A589B5C6}.Release|x86.Build.0 = Release|Any CPU
        {51655869-D1B1-4C1E-9F21-6377EF4189D6}.Debug|Any CPU.ActiveCfg = Debug|Any CPU
        {51655869-D1B1-4C1E-9F21-6377EF4189D6}.Debug|Any CPU.Build.0 = Debug|Any CPU
        {51655869-D1B1-4C1E-9F21-6377EF4189D6}.Debug|x64.ActiveCfg = Debug|Any CPU
        {51655869-D1B1-4C1E-9F21-6377EF4189D6}.Debug|x64.Build.0 = Debug|Any CPU
        {51655869-D1B1-4C1E-9F21-6377EF4189D6}.Debug|x86.ActiveCfg = Debug|Any CPU
        {51655869-D1B1-4C1E-9F21-6377EF4189D6}.Debug|x86.Build.0 = Debug|Any CPU
        {51655869-D1B1-4C1E-9F21-6377EF4189D6}.Release|Any CPU.ActiveCfg = Release|Any CPU
        {51655869-D1B1-4C1E-9F21-6377EF4189D6}.Release|Any CPU.Build.0 = Release|Any CPU
        {51655869-D1B1-4C1E-9F21-6377EF4189D6}.Release|x64.ActiveCfg = Release|Any CPU
        {51655869-D1B1-4C1E-9F21-6377EF4189D6}.Release|x64.Build.0 = Release|Any CPU
        {51655869-D1B1-4C1E-9F21-6377EF4189D6}.Release|x86.ActiveCfg = Release|Any CPU
        {51655869-D1B1-4C1E-9F21-6377EF4189D6}.Release|x86.Build.0 = Release|Any CPU
        {8B3B894B-74B8-47DD-9FB5-0D0B802CC8DA}.Debug|Any CPU.ActiveCfg = Debug|Any CPU
        {8B3B894B-74B8-47DD-9FB5-0D0B802CC8DA}.Debug|Any CPU.Build.0 = Debug|Any CPU
        {8B3B894B-74B8-47DD-9FB5-0D0B802CC8DA}.Debug|x64.ActiveCfg = Debug|Any CPU
        {8B3B894B-74B8-47DD-9FB5-0D0B802CC8DA}.Debug|x64.Build.0 = Debug|Any CPU
        {8B3B894B-74B8-47DD-9FB5-0D0B802CC8DA}.Debug|x86.ActiveCfg = Debug|Any CPU
        {8B3B894B-74B8-47DD-9FB5-0D0B802CC8DA}.Debug|x86.Build.0 = Debug|Any CPU
        {8B3B894B-74B8-47DD-9FB5-0D0B802CC8DA}.Release|Any CPU.ActiveCfg = Release|Any CPU
        {8B3B894B-74B8-47DD-9FB5-0D0B802CC8DA}.Release|Any CPU.Build.0 = Release|Any CPU
        {8B3B894B-74B8-47DD-9FB5-0D0B802CC8DA}.Release|x64.ActiveCfg = Release|Any CPU
        {8B3B894B-74B8-47DD-9FB5-0D0B802CC8DA}.Release|x64.Build.0 = Release|Any CPU
        {8B3B894B-74B8-47DD-9FB5-0D0B802CC8DA}.Release|x86.ActiveCfg = Release|Any CPU
        {8B3B894B-74B8-47DD-9FB5-0D0B802CC8DA}.Release|x86.Build.0 = Release|Any CPU
        {89DFE6FB-B011-41DB-8334-1CB3CA7EA599}.Debug|Any CPU.ActiveCfg = Debug|Any CPU
        {89DFE6FB-B011-41DB-8334-1CB3CA7EA599}.Debug|Any CPU.Build.0 = Debug|Any CPU
        {89DFE6FB-B011-41DB-8334-1CB3CA7EA599}.Debug|x64.ActiveCfg = Debug|Any CPU
        {89DFE6FB-B011-41DB-8334-1CB3CA7EA599}.Debug|x64.Build.0 = Debug|Any CPU
        {89DFE6FB-B011-41DB-8334-1CB3CA7EA599}.Debug|x86.ActiveCfg = Debug|Any CPU
        {89DFE6FB-B011-41DB-8334-1CB3CA7EA599}.Debug|x86.Build.0 = Debug|Any CPU
        {89DFE6FB-B011-41DB-8334-1CB3CA7EA599}.Release|Any CPU.ActiveCfg = Release|Any CPU
        {89DFE6FB-B011-41DB-8334-1CB3CA7EA599}.Release|Any CPU.Build.0 = Release|Any CPU
        {89DFE6FB-B011-41DB-8334-1CB3CA7EA599}.Release|x64.ActiveCfg = Release|Any CPU
        {89DFE6FB-B011-41DB-8334-1CB3CA7EA599}.Release|x64.Build.0 = Release|Any CPU
        {89DFE6FB-B011-41DB-8334-1CB3CA7EA599}.Release|x86.ActiveCfg = Release|Any CPU
        {89DFE6FB-B011-41DB-8334-1CB3CA7EA599}.Release|x86.Build.0 = Release|Any CPU
        {4FA66282-023B-43CE-80CA-D495720CD756}.Debug|Any CPU.ActiveCfg = Debug|Any CPU
        {4FA66282-023B-43CE-80CA-D495720CD756}.Debug|Any CPU.Build.0 = Debug|Any CPU
        {4FA66282-023B-43CE-80CA-D495720CD756}.Debug|x64.ActiveCfg = Debug|Any CPU
        {4FA66282-023B-43CE-80CA-D495720CD756}.Debug|x64.Build.0 = Debug|Any CPU
        {4FA66282-023B-43CE-80CA-D495720CD756}.Debug|x86.ActiveCfg = Debug|Any CPU
        {4FA66282-023B-43CE-80CA-D495720CD756}.Debug|x86.Build.0 = Debug|Any CPU
        {4FA66282-023B-43CE-80CA-D495720CD756}.Release|Any CPU.ActiveCfg = Release|Any CPU
        {4FA66282-023B-43CE-80CA-D495720CD756}.Release|Any CPU.Build.0 = Release|Any CPU
        {4FA66282-023B-43CE-80CA-D495720CD756}.Release|x64.ActiveCfg = Release|Any CPU
        {4FA66282-023B-43CE-80CA-D495720CD756}.Release|x64.Build.0 = Release|Any CPU
        {4FA66282-023B-43CE-80CA-D495720CD756}.Release|x86.ActiveCfg = Release|Any CPU
        {4FA66282-023B-43CE-80CA-D495720CD756}.Release|x86.Build.0 = Release|Any CPU
        {9B59A99A-F7F1-49E3-B109-A3499CA3EDA0}.Debug|Any CPU.ActiveCfg = Debug|Any CPU
        {9B59A99A-F7F1-49E3-B109-A3499CA3EDA0}.Debug|Any CPU.Build.0 = Debug|Any CPU
        {9B59A99A-F7F1-49E3-B109-A3499CA3EDA0}.Debug|x64.ActiveCfg = Debug|Any CPU
        {9B59A99A-F7F1-49E3-B109-A3499CA3EDA0}.Debug|x64.Build.0 = Debug|Any CPU
        {9B59A99A-F7F1-49E3-B109-A3499CA3EDA0}.Debug|x86.ActiveCfg = Debug|Any CPU
        {9B59A99A-F7F1-49E3-B109-A3499CA3EDA0}.Debug|x86.Build.0 = Debug|Any CPU
        {9B59A99A-F7F1-49E3-B109-A3499CA3EDA0}.Release|Any CPU.ActiveCfg = Release|Any CPU
        {9B59A99A-F7F1-49E3-B109-A3499CA3EDA0}.Release|Any CPU.Build.0 = Release|Any CPU
        {9B59A99A-F7F1-49E3-B109-A3499CA3EDA0}.Release|x64.ActiveCfg = Release|Any CPU
        {9B59A99A-F7F1-49E3-B109-A3499CA3EDA0}.Release|x64.Build.0 = Release|Any CPU
        {9B59A99A-F7F1-49E3-B109-A3499CA3EDA0}.Release|x86.ActiveCfg = Release|Any CPU
        {9B59A99A-F7F1-49E3-B109-A3499CA3EDA0}.Release|x86.Build.0 = Release|Any CPU
        {75B4535D-1019-4AE0-BEAF-FF6A19DF6FA3}.Debug|Any CPU.ActiveCfg = Debug|Any CPU
        {75B4535D-1019-4AE0-BEAF-FF6A19DF6FA3}.Debug|Any CPU.Build.0 = Debug|Any CPU
        {75B4535D-1019-4AE0-BEAF-FF6A19DF6FA3}.Debug|x64.ActiveCfg = Debug|Any CPU
        {75B4535D-1019-4AE0-BEAF-FF6A19DF6FA3}.Debug|x64.Build.0 = Debug|Any CPU
        {75B4535D-1019-4AE0-BEAF-FF6A19DF6FA3}.Debug|x86.ActiveCfg = Debug|Any CPU
        {75B4535D-1019-4AE0-BEAF-FF6A19DF6FA3}.Debug|x86.Build.0 = Debug|Any CPU
        {75B4535D-1019-4AE0-BEAF-FF6A19DF6FA3}.Release|Any CPU.ActiveCfg = Release|Any CPU
        {75B4535D-1019-4AE0-BEAF-FF6A19DF6FA3}.Release|Any CPU.Build.0 = Release|Any CPU
        {75B4535D-1019-4AE0-BEAF-FF6A19DF6FA3}.Release|x64.ActiveCfg = Release|Any CPU
        {75B4535D-1019-4AE0-BEAF-FF6A19DF6FA3}.Release|x64.Build.0 = Release|Any CPU
        {75B4535D-1019-4AE0-BEAF-FF6A19DF6FA3}.Release|x86.ActiveCfg = Release|Any CPU
        {75B4535D-1019-4AE0-BEAF-FF6A19DF6FA3}.Release|x86.Build.0 = Release|Any CPU
        {4C7E4CAF-5C6A-4B18-B939-63F7C3D2FD35}.Debug|Any CPU.ActiveCfg = Debug|Any CPU
        {4C7E4CAF-5C6A-4B18-B939-63F7C3D2FD35}.Debug|Any CPU.Build.0 = Debug|Any CPU
        {4C7E4CAF-5C6A-4B18-B939-63F7C3D2FD35}.Debug|x64.ActiveCfg = Debug|Any CPU
        {4C7E4CAF-5C6A-4B18-B939-63F7C3D2FD35}.Debug|x64.Build.0 = Debug|Any CPU
        {4C7E4CAF-5C6A-4B18-B939-63F7C3D2FD35}.Debug|x86.ActiveCfg = Debug|Any CPU
        {4C7E4CAF-5C6A-4B18-B939-63F7C3D2FD35}.Debug|x86.Build.0 = Debug|Any CPU
        {4C7E4CAF-5C6A-4B18-B939-63F7C3D2FD35}.Release|Any CPU.ActiveCfg = Release|Any CPU
        {4C7E4CAF-5C6A-4B18-B939-63F7C3D2FD35}.Release|Any CPU.Build.0 = Release|Any CPU
        {4C7E4CAF-5C6A-4B18-B939-63F7C3D2FD35}.Release|x64.ActiveCfg = Release|Any CPU
        {4C7E4CAF-5C6A-4B18-B939-63F7C3D2FD35}.Release|x64.Build.0 = Release|Any CPU
        {4C7E4CAF-5C6A-4B18-B939-63F7C3D2FD35}.Release|x86.ActiveCfg = Release|Any CPU
        {4C7E4CAF-5C6A-4B18-B939-63F7C3D2FD35}.Release|x86.Build.0 = Release|Any CPU
    EndGlobalSection
EndGlobal





