
Microsoft Visual Studio Solution File, Format Version 12.00
# Visual Studio 15
VisualStudioVersion = 15.0.26124.0
MinimumVisualStudioVersion = 15.0.26124.0
Project("{FAE04EC0-301F-11D3-BF4B-00C04F79EFBC}") = "ArchiveProcessQueue.api", "ArchiveProcessQueue.api\ArchiveProcessQueue.api.csproj", "{AF4928B1-489D-4423-82E0-7AC04A0B6CD1}"
EndProject
Project("{FAE04EC0-301F-11D3-BF4B-00C04F79EFBC}") = "CheckPrerequisiteAPI.api", "CheckPrerequisiteAPI.api\CheckPrerequisiteAPI.api.csproj", "{2B18DA54-7F37-4870-A5B5-2A36F146FF91}"
EndProject
Project("{FAE04EC0-301F-11D3-BF4B-00C04F79EFBC}") = "Routing.api", "Routing.api\Routing.api.csproj", "{27CF21A5-B11F-4F88-A604-0F6380E8D5F9}"
EndProject
Project("{FAE04EC0-301F-11D3-BF4B-00C04F79EFBC}") = "ValidatePageGUID.api", "ValidatePageGUID.api\ValidatePageGUID.api.csproj", "{13D9634A-763B-42ED-94CE-D8B26C9A822F}"
EndProject
Project("{FAE04EC0-301F-11D3-BF4B-00C04F79EFBC}") = "ValidateProcessGUID.api", "ValidateProcessGUID.api\ValidateProcessGUID.api.csproj", "{48916CC0-53A5-4CAB-B298-7CBCC31E6D50}"
EndProject
Project("{FAE04EC0-301F-11D3-BF4B-00C04F79EFBC}") = "Website.api", "Website.api\Website.api.csproj", "{72283250-E524-4772-B830-7B745633E808}"
EndProject
Project("{FAE04EC0-301F-11D3-BF4B-00C04F79EFBC}") = "databaseInteraction", "databaseInteraction\databaseInteraction.csproj", "{427CB0DE-5D26-4257-A93F-BBDB4DF490B4}"
EndProject
Project("{FAE04EC0-301F-11D3-BF4B-00C04F79EFBC}") = "ValidateEmailAddress.api", "ValidateEmailAddress.api\ValidateEmailAddress.api.csproj", "{74127683-62B9-4225-ABA6-1BEB018A31DA}"
EndProject
Project("{FAE04EC0-301F-11D3-BF4B-00C04F79EFBC}") = "ValidatePassword.api", "ValidatePassword.api\ValidatePassword.api.csproj", "{A54F80E8-7062-4394-9040-340866F06541}"
EndProject
Project("{FAE04EC0-301F-11D3-BF4B-00C04F79EFBC}") = "ValidateEmailAddressPasswordMapping.api", "ValidateEmailAddressPasswordMapping.api\ValidateEmailAddressPasswordMapping.api.csproj", "{F1CEA6FA-8BFF-4F4E-B280-828E4AD340A2}"
EndProject
Project("{FAE04EC0-301F-11D3-BF4B-00C04F79EFBC}") = "StoreLoginAttempt.api", "StoreLoginAttempt.api\StoreLoginAttempt.api.csproj", "{278AA31A-709B-4200-A51B-D435CA4BAA74}"
EndProject
Project("{FAE04EC0-301F-11D3-BF4B-00C04F79EFBC}") = "LockUser.api", "LockUser.api\LockUser.api.csproj", "{0A258D07-0BE8-40CA-A1AE-6830630EA8CE}"
EndProject
Project("{FAE04EC0-301F-11D3-BF4B-00C04F79EFBC}") = "enums", "enums\enums.csproj", "{26A5ECDE-BBBA-42ED-8CB9-D3AB0EB00E14}"
EndProject
Project("{FAE04EC0-301F-11D3-BF4B-00C04F79EFBC}") = "MethodLibrary", "MethodLibrary\MethodLibrary.csproj", "{40FAD0EF-152D-483A-BA6D-14F51A79FA9E}"
EndProject
Project("{FAE04EC0-301F-11D3-BF4B-00C04F79EFBC}") = "AddNewCustomer.api", "AddNewCustomer.api\AddNewCustomer.api.csproj", "{7D605FC9-40FE-4909-8006-F0536EDCB717}"
EndProject
Project("{FAE04EC0-301F-11D3-BF4B-00C04F79EFBC}") = "UpdateCustomerDetail.api", "UpdateCustomerDetail.api\UpdateCustomerDetail.api.csproj", "{3DD1D21F-CCC6-4E73-9DE8-07E145D81218}"
EndProject
Project("{FAE04EC0-301F-11D3-BF4B-00C04F79EFBC}") = "MapCustomerToChildCustomer.api", "MapCustomerToChildCustomer.api\MapCustomerToChildCustomer.api.csproj", "{1E6AFE37-20BC-4DDA-87D5-055908881477}"
EndProject
Project("{FAE04EC0-301F-11D3-BF4B-00C04F79EFBC}") = "UploadFile.api", "UploadFile.api\UploadFile.api.csproj", "{F0176B35-50EE-41C5-9E73-513DA32BC2ED}"
EndProject
Project("{FAE04EC0-301F-11D3-BF4B-00C04F79EFBC}") = "DetermineFileType.api", "DetermineFileType.api\DetermineFileType.api.csproj", "{29F79CA2-24FD-4C1F-8007-613712AD21CD}"
EndProject
Project("{FAE04EC0-301F-11D3-BF4B-00C04F79EFBC}") = "StoreUsageUploadTempSiteData.api", "StoreUsageUploadTempSiteData.api\StoreUsageUploadTempSiteData.api.csproj", "{05A8667F-ACDA-4FEF-A083-521C68CBA393}"
EndProject
Project("{FAE04EC0-301F-11D3-BF4B-00C04F79EFBC}") = "StoreUsageUploadTempMeterData.api", "StoreUsageUploadTempMeterData.api\StoreUsageUploadTempMeterData.api.csproj", "{1CB8493C-E6D1-401E-B81C-3C1B073168B6}"
EndProject
Project("{FAE04EC0-301F-11D3-BF4B-00C04F79EFBC}") = "StoreUsageUploadTempSubMeterData.api", "StoreUsageUploadTempSubMeterData.api\StoreUsageUploadTempSubMeterData.api.csproj", "{B0ED7E24-A0AE-4C7B-94EE-ECA8DA65581E}"
EndProject
Project("{FAE04EC0-301F-11D3-BF4B-00C04F79EFBC}") = "StoreUsageUploadTempMeterUsageData.api", "StoreUsageUploadTempMeterUsageData.api\StoreUsageUploadTempMeterUsageData.api.csproj", "{0F21C91A-5ABC-4445-9587-2BCB5DCEE94E}"
EndProject
Project("{FAE04EC0-301F-11D3-BF4B-00C04F79EFBC}") = "StoreUsageUploadTempSubMeterUsageData.api", "StoreUsageUploadTempSubMeterUsageData.api\StoreUsageUploadTempSubMeterUsageData.api.csproj", "{E3BD95CB-9C58-4D83-8BAF-286D46FAC3FD}"
EndProject
Project("{FAE04EC0-301F-11D3-BF4B-00C04F79EFBC}") = "ValidateUsageUploadTempSiteData.api", "ValidateUsageUploadTempSiteData.api\ValidateUsageUploadTempSiteData.api.csproj", "{27901BC3-9482-4432-AB85-0EB261537CE5}"
EndProject
Project("{FAE04EC0-301F-11D3-BF4B-00C04F79EFBC}") = "ValidateUsageUploadTempMeterData.api", "ValidateUsageUploadTempMeterData.api\ValidateUsageUploadTempMeterData.api.csproj", "{44EDB96F-3D47-44CC-8673-BE97898BA77B}"
EndProject
Project("{FAE04EC0-301F-11D3-BF4B-00C04F79EFBC}") = "ValidateUsageUploadTempSubMeterData.api", "ValidateUsageUploadTempSubMeterData.api\ValidateUsageUploadTempSubMeterData.api.csproj", "{9F1CAB24-BDDB-4D33-95A0-A1869DE0BA92}"
EndProject
Project("{FAE04EC0-301F-11D3-BF4B-00C04F79EFBC}") = "ValidateUsageUploadTempMeterUsageData.api", "ValidateUsageUploadTempMeterUsageData.api\ValidateUsageUploadTempMeterUsageData.api.csproj", "{22985BD7-8614-48B6-8D19-DB9381BF095B}"
EndProject
Project("{FAE04EC0-301F-11D3-BF4B-00C04F79EFBC}") = "ValidateUsageUploadTempSubMeterUsageData.api", "ValidateUsageUploadTempSubMeterUsageData.api\ValidateUsageUploadTempSubMeterUsageData.api.csproj", "{F5C8FB4F-014E-491B-A937-A0245F1F473B}"
EndProject
Project("{FAE04EC0-301F-11D3-BF4B-00C04F79EFBC}") = "StoreUsageUploadTempCustomerData.api", "StoreUsageUploadTempCustomerData.api\StoreUsageUploadTempCustomerData.api.csproj", "{01B46003-DC2A-4CB2-9660-1A6F077346F5}"
EndProject
Global
	GlobalSection(SolutionConfigurationPlatforms) = preSolution
		Debug|Any CPU = Debug|Any CPU
		Debug|x64 = Debug|x64
		Debug|x86 = Debug|x86
		Release|Any CPU = Release|Any CPU
		Release|x64 = Release|x64
		Release|x86 = Release|x86
	EndGlobalSection
	GlobalSection(SolutionProperties) = preSolution
		HideSolutionNode = FALSE
	EndGlobalSection
	GlobalSection(ProjectConfigurationPlatforms) = postSolution
		{AF4928B1-489D-4423-82E0-7AC04A0B6CD1}.Debug|Any CPU.ActiveCfg = Debug|Any CPU
		{AF4928B1-489D-4423-82E0-7AC04A0B6CD1}.Debug|Any CPU.Build.0 = Debug|Any CPU
		{AF4928B1-489D-4423-82E0-7AC04A0B6CD1}.Debug|x64.ActiveCfg = Debug|Any CPU
		{AF4928B1-489D-4423-82E0-7AC04A0B6CD1}.Debug|x64.Build.0 = Debug|Any CPU
		{AF4928B1-489D-4423-82E0-7AC04A0B6CD1}.Debug|x86.ActiveCfg = Debug|Any CPU
		{AF4928B1-489D-4423-82E0-7AC04A0B6CD1}.Debug|x86.Build.0 = Debug|Any CPU
		{AF4928B1-489D-4423-82E0-7AC04A0B6CD1}.Release|Any CPU.ActiveCfg = Release|Any CPU
		{AF4928B1-489D-4423-82E0-7AC04A0B6CD1}.Release|Any CPU.Build.0 = Release|Any CPU
		{AF4928B1-489D-4423-82E0-7AC04A0B6CD1}.Release|x64.ActiveCfg = Release|Any CPU
		{AF4928B1-489D-4423-82E0-7AC04A0B6CD1}.Release|x64.Build.0 = Release|Any CPU
		{AF4928B1-489D-4423-82E0-7AC04A0B6CD1}.Release|x86.ActiveCfg = Release|Any CPU
		{AF4928B1-489D-4423-82E0-7AC04A0B6CD1}.Release|x86.Build.0 = Release|Any CPU
		{2B18DA54-7F37-4870-A5B5-2A36F146FF91}.Debug|Any CPU.ActiveCfg = Debug|Any CPU
		{2B18DA54-7F37-4870-A5B5-2A36F146FF91}.Debug|Any CPU.Build.0 = Debug|Any CPU
		{2B18DA54-7F37-4870-A5B5-2A36F146FF91}.Debug|x64.ActiveCfg = Debug|Any CPU
		{2B18DA54-7F37-4870-A5B5-2A36F146FF91}.Debug|x64.Build.0 = Debug|Any CPU
		{2B18DA54-7F37-4870-A5B5-2A36F146FF91}.Debug|x86.ActiveCfg = Debug|Any CPU
		{2B18DA54-7F37-4870-A5B5-2A36F146FF91}.Debug|x86.Build.0 = Debug|Any CPU
		{2B18DA54-7F37-4870-A5B5-2A36F146FF91}.Release|Any CPU.ActiveCfg = Release|Any CPU
		{2B18DA54-7F37-4870-A5B5-2A36F146FF91}.Release|Any CPU.Build.0 = Release|Any CPU
		{2B18DA54-7F37-4870-A5B5-2A36F146FF91}.Release|x64.ActiveCfg = Release|Any CPU
		{2B18DA54-7F37-4870-A5B5-2A36F146FF91}.Release|x64.Build.0 = Release|Any CPU
		{2B18DA54-7F37-4870-A5B5-2A36F146FF91}.Release|x86.ActiveCfg = Release|Any CPU
		{2B18DA54-7F37-4870-A5B5-2A36F146FF91}.Release|x86.Build.0 = Release|Any CPU
		{27CF21A5-B11F-4F88-A604-0F6380E8D5F9}.Debug|Any CPU.ActiveCfg = Debug|Any CPU
		{27CF21A5-B11F-4F88-A604-0F6380E8D5F9}.Debug|Any CPU.Build.0 = Debug|Any CPU
		{27CF21A5-B11F-4F88-A604-0F6380E8D5F9}.Debug|x64.ActiveCfg = Debug|Any CPU
		{27CF21A5-B11F-4F88-A604-0F6380E8D5F9}.Debug|x64.Build.0 = Debug|Any CPU
		{27CF21A5-B11F-4F88-A604-0F6380E8D5F9}.Debug|x86.ActiveCfg = Debug|Any CPU
		{27CF21A5-B11F-4F88-A604-0F6380E8D5F9}.Debug|x86.Build.0 = Debug|Any CPU
		{27CF21A5-B11F-4F88-A604-0F6380E8D5F9}.Release|Any CPU.ActiveCfg = Release|Any CPU
		{27CF21A5-B11F-4F88-A604-0F6380E8D5F9}.Release|Any CPU.Build.0 = Release|Any CPU
		{27CF21A5-B11F-4F88-A604-0F6380E8D5F9}.Release|x64.ActiveCfg = Release|Any CPU
		{27CF21A5-B11F-4F88-A604-0F6380E8D5F9}.Release|x64.Build.0 = Release|Any CPU
		{27CF21A5-B11F-4F88-A604-0F6380E8D5F9}.Release|x86.ActiveCfg = Release|Any CPU
		{27CF21A5-B11F-4F88-A604-0F6380E8D5F9}.Release|x86.Build.0 = Release|Any CPU
		{13D9634A-763B-42ED-94CE-D8B26C9A822F}.Debug|Any CPU.ActiveCfg = Debug|Any CPU
		{13D9634A-763B-42ED-94CE-D8B26C9A822F}.Debug|Any CPU.Build.0 = Debug|Any CPU
		{13D9634A-763B-42ED-94CE-D8B26C9A822F}.Debug|x64.ActiveCfg = Debug|Any CPU
		{13D9634A-763B-42ED-94CE-D8B26C9A822F}.Debug|x64.Build.0 = Debug|Any CPU
		{13D9634A-763B-42ED-94CE-D8B26C9A822F}.Debug|x86.ActiveCfg = Debug|Any CPU
		{13D9634A-763B-42ED-94CE-D8B26C9A822F}.Debug|x86.Build.0 = Debug|Any CPU
		{13D9634A-763B-42ED-94CE-D8B26C9A822F}.Release|Any CPU.ActiveCfg = Release|Any CPU
		{13D9634A-763B-42ED-94CE-D8B26C9A822F}.Release|Any CPU.Build.0 = Release|Any CPU
		{13D9634A-763B-42ED-94CE-D8B26C9A822F}.Release|x64.ActiveCfg = Release|Any CPU
		{13D9634A-763B-42ED-94CE-D8B26C9A822F}.Release|x64.Build.0 = Release|Any CPU
		{13D9634A-763B-42ED-94CE-D8B26C9A822F}.Release|x86.ActiveCfg = Release|Any CPU
		{13D9634A-763B-42ED-94CE-D8B26C9A822F}.Release|x86.Build.0 = Release|Any CPU
		{48916CC0-53A5-4CAB-B298-7CBCC31E6D50}.Debug|Any CPU.ActiveCfg = Debug|Any CPU
		{48916CC0-53A5-4CAB-B298-7CBCC31E6D50}.Debug|Any CPU.Build.0 = Debug|Any CPU
		{48916CC0-53A5-4CAB-B298-7CBCC31E6D50}.Debug|x64.ActiveCfg = Debug|Any CPU
		{48916CC0-53A5-4CAB-B298-7CBCC31E6D50}.Debug|x64.Build.0 = Debug|Any CPU
		{48916CC0-53A5-4CAB-B298-7CBCC31E6D50}.Debug|x86.ActiveCfg = Debug|Any CPU
		{48916CC0-53A5-4CAB-B298-7CBCC31E6D50}.Debug|x86.Build.0 = Debug|Any CPU
		{48916CC0-53A5-4CAB-B298-7CBCC31E6D50}.Release|Any CPU.ActiveCfg = Release|Any CPU
		{48916CC0-53A5-4CAB-B298-7CBCC31E6D50}.Release|Any CPU.Build.0 = Release|Any CPU
		{48916CC0-53A5-4CAB-B298-7CBCC31E6D50}.Release|x64.ActiveCfg = Release|Any CPU
		{48916CC0-53A5-4CAB-B298-7CBCC31E6D50}.Release|x64.Build.0 = Release|Any CPU
		{48916CC0-53A5-4CAB-B298-7CBCC31E6D50}.Release|x86.ActiveCfg = Release|Any CPU
		{48916CC0-53A5-4CAB-B298-7CBCC31E6D50}.Release|x86.Build.0 = Release|Any CPU
		{72283250-E524-4772-B830-7B745633E808}.Debug|Any CPU.ActiveCfg = Debug|Any CPU
		{72283250-E524-4772-B830-7B745633E808}.Debug|Any CPU.Build.0 = Debug|Any CPU
		{72283250-E524-4772-B830-7B745633E808}.Debug|x64.ActiveCfg = Debug|Any CPU
		{72283250-E524-4772-B830-7B745633E808}.Debug|x64.Build.0 = Debug|Any CPU
		{72283250-E524-4772-B830-7B745633E808}.Debug|x86.ActiveCfg = Debug|Any CPU
		{72283250-E524-4772-B830-7B745633E808}.Debug|x86.Build.0 = Debug|Any CPU
		{72283250-E524-4772-B830-7B745633E808}.Release|Any CPU.ActiveCfg = Release|Any CPU
		{72283250-E524-4772-B830-7B745633E808}.Release|Any CPU.Build.0 = Release|Any CPU
		{72283250-E524-4772-B830-7B745633E808}.Release|x64.ActiveCfg = Release|Any CPU
		{72283250-E524-4772-B830-7B745633E808}.Release|x64.Build.0 = Release|Any CPU
		{72283250-E524-4772-B830-7B745633E808}.Release|x86.ActiveCfg = Release|Any CPU
		{72283250-E524-4772-B830-7B745633E808}.Release|x86.Build.0 = Release|Any CPU
		{427CB0DE-5D26-4257-A93F-BBDB4DF490B4}.Debug|Any CPU.ActiveCfg = Debug|Any CPU
		{427CB0DE-5D26-4257-A93F-BBDB4DF490B4}.Debug|Any CPU.Build.0 = Debug|Any CPU
		{427CB0DE-5D26-4257-A93F-BBDB4DF490B4}.Debug|x64.ActiveCfg = Debug|Any CPU
		{427CB0DE-5D26-4257-A93F-BBDB4DF490B4}.Debug|x64.Build.0 = Debug|Any CPU
		{427CB0DE-5D26-4257-A93F-BBDB4DF490B4}.Debug|x86.ActiveCfg = Debug|Any CPU
		{427CB0DE-5D26-4257-A93F-BBDB4DF490B4}.Debug|x86.Build.0 = Debug|Any CPU
		{427CB0DE-5D26-4257-A93F-BBDB4DF490B4}.Release|Any CPU.ActiveCfg = Release|Any CPU
		{427CB0DE-5D26-4257-A93F-BBDB4DF490B4}.Release|Any CPU.Build.0 = Release|Any CPU
		{427CB0DE-5D26-4257-A93F-BBDB4DF490B4}.Release|x64.ActiveCfg = Release|Any CPU
		{427CB0DE-5D26-4257-A93F-BBDB4DF490B4}.Release|x64.Build.0 = Release|Any CPU
		{427CB0DE-5D26-4257-A93F-BBDB4DF490B4}.Release|x86.ActiveCfg = Release|Any CPU
		{427CB0DE-5D26-4257-A93F-BBDB4DF490B4}.Release|x86.Build.0 = Release|Any CPU
		{74127683-62B9-4225-ABA6-1BEB018A31DA}.Debug|Any CPU.ActiveCfg = Debug|Any CPU
		{74127683-62B9-4225-ABA6-1BEB018A31DA}.Debug|Any CPU.Build.0 = Debug|Any CPU
		{74127683-62B9-4225-ABA6-1BEB018A31DA}.Debug|x64.ActiveCfg = Debug|Any CPU
		{74127683-62B9-4225-ABA6-1BEB018A31DA}.Debug|x64.Build.0 = Debug|Any CPU
		{74127683-62B9-4225-ABA6-1BEB018A31DA}.Debug|x86.ActiveCfg = Debug|Any CPU
		{74127683-62B9-4225-ABA6-1BEB018A31DA}.Debug|x86.Build.0 = Debug|Any CPU
		{74127683-62B9-4225-ABA6-1BEB018A31DA}.Release|Any CPU.ActiveCfg = Release|Any CPU
		{74127683-62B9-4225-ABA6-1BEB018A31DA}.Release|Any CPU.Build.0 = Release|Any CPU
		{74127683-62B9-4225-ABA6-1BEB018A31DA}.Release|x64.ActiveCfg = Release|Any CPU
		{74127683-62B9-4225-ABA6-1BEB018A31DA}.Release|x64.Build.0 = Release|Any CPU
		{74127683-62B9-4225-ABA6-1BEB018A31DA}.Release|x86.ActiveCfg = Release|Any CPU
		{74127683-62B9-4225-ABA6-1BEB018A31DA}.Release|x86.Build.0 = Release|Any CPU
		{A54F80E8-7062-4394-9040-340866F06541}.Debug|Any CPU.ActiveCfg = Debug|Any CPU
		{A54F80E8-7062-4394-9040-340866F06541}.Debug|Any CPU.Build.0 = Debug|Any CPU
		{A54F80E8-7062-4394-9040-340866F06541}.Debug|x64.ActiveCfg = Debug|Any CPU
		{A54F80E8-7062-4394-9040-340866F06541}.Debug|x64.Build.0 = Debug|Any CPU
		{A54F80E8-7062-4394-9040-340866F06541}.Debug|x86.ActiveCfg = Debug|Any CPU
		{A54F80E8-7062-4394-9040-340866F06541}.Debug|x86.Build.0 = Debug|Any CPU
		{A54F80E8-7062-4394-9040-340866F06541}.Release|Any CPU.ActiveCfg = Release|Any CPU
		{A54F80E8-7062-4394-9040-340866F06541}.Release|Any CPU.Build.0 = Release|Any CPU
		{A54F80E8-7062-4394-9040-340866F06541}.Release|x64.ActiveCfg = Release|Any CPU
		{A54F80E8-7062-4394-9040-340866F06541}.Release|x64.Build.0 = Release|Any CPU
		{A54F80E8-7062-4394-9040-340866F06541}.Release|x86.ActiveCfg = Release|Any CPU
		{A54F80E8-7062-4394-9040-340866F06541}.Release|x86.Build.0 = Release|Any CPU
		{F1CEA6FA-8BFF-4F4E-B280-828E4AD340A2}.Debug|Any CPU.ActiveCfg = Debug|Any CPU
		{F1CEA6FA-8BFF-4F4E-B280-828E4AD340A2}.Debug|Any CPU.Build.0 = Debug|Any CPU
		{F1CEA6FA-8BFF-4F4E-B280-828E4AD340A2}.Debug|x64.ActiveCfg = Debug|Any CPU
		{F1CEA6FA-8BFF-4F4E-B280-828E4AD340A2}.Debug|x64.Build.0 = Debug|Any CPU
		{F1CEA6FA-8BFF-4F4E-B280-828E4AD340A2}.Debug|x86.ActiveCfg = Debug|Any CPU
		{F1CEA6FA-8BFF-4F4E-B280-828E4AD340A2}.Debug|x86.Build.0 = Debug|Any CPU
		{F1CEA6FA-8BFF-4F4E-B280-828E4AD340A2}.Release|Any CPU.ActiveCfg = Release|Any CPU
		{F1CEA6FA-8BFF-4F4E-B280-828E4AD340A2}.Release|Any CPU.Build.0 = Release|Any CPU
		{F1CEA6FA-8BFF-4F4E-B280-828E4AD340A2}.Release|x64.ActiveCfg = Release|Any CPU
		{F1CEA6FA-8BFF-4F4E-B280-828E4AD340A2}.Release|x64.Build.0 = Release|Any CPU
		{F1CEA6FA-8BFF-4F4E-B280-828E4AD340A2}.Release|x86.ActiveCfg = Release|Any CPU
		{F1CEA6FA-8BFF-4F4E-B280-828E4AD340A2}.Release|x86.Build.0 = Release|Any CPU
		{278AA31A-709B-4200-A51B-D435CA4BAA74}.Debug|Any CPU.ActiveCfg = Debug|Any CPU
		{278AA31A-709B-4200-A51B-D435CA4BAA74}.Debug|Any CPU.Build.0 = Debug|Any CPU
		{278AA31A-709B-4200-A51B-D435CA4BAA74}.Debug|x64.ActiveCfg = Debug|Any CPU
		{278AA31A-709B-4200-A51B-D435CA4BAA74}.Debug|x64.Build.0 = Debug|Any CPU
		{278AA31A-709B-4200-A51B-D435CA4BAA74}.Debug|x86.ActiveCfg = Debug|Any CPU
		{278AA31A-709B-4200-A51B-D435CA4BAA74}.Debug|x86.Build.0 = Debug|Any CPU
		{278AA31A-709B-4200-A51B-D435CA4BAA74}.Release|Any CPU.ActiveCfg = Release|Any CPU
		{278AA31A-709B-4200-A51B-D435CA4BAA74}.Release|Any CPU.Build.0 = Release|Any CPU
		{278AA31A-709B-4200-A51B-D435CA4BAA74}.Release|x64.ActiveCfg = Release|Any CPU
		{278AA31A-709B-4200-A51B-D435CA4BAA74}.Release|x64.Build.0 = Release|Any CPU
		{278AA31A-709B-4200-A51B-D435CA4BAA74}.Release|x86.ActiveCfg = Release|Any CPU
		{278AA31A-709B-4200-A51B-D435CA4BAA74}.Release|x86.Build.0 = Release|Any CPU
		{0A258D07-0BE8-40CA-A1AE-6830630EA8CE}.Debug|Any CPU.ActiveCfg = Debug|Any CPU
		{0A258D07-0BE8-40CA-A1AE-6830630EA8CE}.Debug|Any CPU.Build.0 = Debug|Any CPU
		{0A258D07-0BE8-40CA-A1AE-6830630EA8CE}.Debug|x64.ActiveCfg = Debug|Any CPU
		{0A258D07-0BE8-40CA-A1AE-6830630EA8CE}.Debug|x64.Build.0 = Debug|Any CPU
		{0A258D07-0BE8-40CA-A1AE-6830630EA8CE}.Debug|x86.ActiveCfg = Debug|Any CPU
		{0A258D07-0BE8-40CA-A1AE-6830630EA8CE}.Debug|x86.Build.0 = Debug|Any CPU
		{0A258D07-0BE8-40CA-A1AE-6830630EA8CE}.Release|Any CPU.ActiveCfg = Release|Any CPU
		{0A258D07-0BE8-40CA-A1AE-6830630EA8CE}.Release|Any CPU.Build.0 = Release|Any CPU
		{0A258D07-0BE8-40CA-A1AE-6830630EA8CE}.Release|x64.ActiveCfg = Release|Any CPU
		{0A258D07-0BE8-40CA-A1AE-6830630EA8CE}.Release|x64.Build.0 = Release|Any CPU
		{0A258D07-0BE8-40CA-A1AE-6830630EA8CE}.Release|x86.ActiveCfg = Release|Any CPU
		{0A258D07-0BE8-40CA-A1AE-6830630EA8CE}.Release|x86.Build.0 = Release|Any CPU
		{26A5ECDE-BBBA-42ED-8CB9-D3AB0EB00E14}.Debug|Any CPU.ActiveCfg = Debug|Any CPU
		{26A5ECDE-BBBA-42ED-8CB9-D3AB0EB00E14}.Debug|Any CPU.Build.0 = Debug|Any CPU
		{26A5ECDE-BBBA-42ED-8CB9-D3AB0EB00E14}.Debug|x64.ActiveCfg = Debug|Any CPU
		{26A5ECDE-BBBA-42ED-8CB9-D3AB0EB00E14}.Debug|x64.Build.0 = Debug|Any CPU
		{26A5ECDE-BBBA-42ED-8CB9-D3AB0EB00E14}.Debug|x86.ActiveCfg = Debug|Any CPU
		{26A5ECDE-BBBA-42ED-8CB9-D3AB0EB00E14}.Debug|x86.Build.0 = Debug|Any CPU
		{26A5ECDE-BBBA-42ED-8CB9-D3AB0EB00E14}.Release|Any CPU.ActiveCfg = Release|Any CPU
		{26A5ECDE-BBBA-42ED-8CB9-D3AB0EB00E14}.Release|Any CPU.Build.0 = Release|Any CPU
		{26A5ECDE-BBBA-42ED-8CB9-D3AB0EB00E14}.Release|x64.ActiveCfg = Release|Any CPU
		{26A5ECDE-BBBA-42ED-8CB9-D3AB0EB00E14}.Release|x64.Build.0 = Release|Any CPU
		{26A5ECDE-BBBA-42ED-8CB9-D3AB0EB00E14}.Release|x86.ActiveCfg = Release|Any CPU
		{26A5ECDE-BBBA-42ED-8CB9-D3AB0EB00E14}.Release|x86.Build.0 = Release|Any CPU
		{1A3907B4-0357-4C4F-AEDE-7ACF6A713D2E}.Debug|Any CPU.ActiveCfg = Debug|Any CPU
		{1A3907B4-0357-4C4F-AEDE-7ACF6A713D2E}.Debug|Any CPU.Build.0 = Debug|Any CPU
		{1A3907B4-0357-4C4F-AEDE-7ACF6A713D2E}.Debug|x64.ActiveCfg = Debug|Any CPU
		{1A3907B4-0357-4C4F-AEDE-7ACF6A713D2E}.Debug|x64.Build.0 = Debug|Any CPU
		{1A3907B4-0357-4C4F-AEDE-7ACF6A713D2E}.Debug|x86.ActiveCfg = Debug|Any CPU
		{1A3907B4-0357-4C4F-AEDE-7ACF6A713D2E}.Debug|x86.Build.0 = Debug|Any CPU
		{1A3907B4-0357-4C4F-AEDE-7ACF6A713D2E}.Release|Any CPU.ActiveCfg = Release|Any CPU
		{1A3907B4-0357-4C4F-AEDE-7ACF6A713D2E}.Release|Any CPU.Build.0 = Release|Any CPU
		{1A3907B4-0357-4C4F-AEDE-7ACF6A713D2E}.Release|x64.ActiveCfg = Release|Any CPU
		{1A3907B4-0357-4C4F-AEDE-7ACF6A713D2E}.Release|x64.Build.0 = Release|Any CPU
		{1A3907B4-0357-4C4F-AEDE-7ACF6A713D2E}.Release|x86.ActiveCfg = Release|Any CPU
		{1A3907B4-0357-4C4F-AEDE-7ACF6A713D2E}.Release|x86.Build.0 = Release|Any CPU
		{40FAD0EF-152D-483A-BA6D-14F51A79FA9E}.Debug|Any CPU.ActiveCfg = Debug|Any CPU
		{40FAD0EF-152D-483A-BA6D-14F51A79FA9E}.Debug|Any CPU.Build.0 = Debug|Any CPU
		{40FAD0EF-152D-483A-BA6D-14F51A79FA9E}.Debug|x64.ActiveCfg = Debug|Any CPU
		{40FAD0EF-152D-483A-BA6D-14F51A79FA9E}.Debug|x64.Build.0 = Debug|Any CPU
		{40FAD0EF-152D-483A-BA6D-14F51A79FA9E}.Debug|x86.ActiveCfg = Debug|Any CPU
		{40FAD0EF-152D-483A-BA6D-14F51A79FA9E}.Debug|x86.Build.0 = Debug|Any CPU
		{40FAD0EF-152D-483A-BA6D-14F51A79FA9E}.Release|Any CPU.ActiveCfg = Release|Any CPU
		{40FAD0EF-152D-483A-BA6D-14F51A79FA9E}.Release|Any CPU.Build.0 = Release|Any CPU
		{40FAD0EF-152D-483A-BA6D-14F51A79FA9E}.Release|x64.ActiveCfg = Release|Any CPU
		{40FAD0EF-152D-483A-BA6D-14F51A79FA9E}.Release|x64.Build.0 = Release|Any CPU
		{40FAD0EF-152D-483A-BA6D-14F51A79FA9E}.Release|x86.ActiveCfg = Release|Any CPU
		{40FAD0EF-152D-483A-BA6D-14F51A79FA9E}.Release|x86.Build.0 = Release|Any CPU
		{7D605FC9-40FE-4909-8006-F0536EDCB717}.Debug|Any CPU.ActiveCfg = Debug|Any CPU
		{7D605FC9-40FE-4909-8006-F0536EDCB717}.Debug|Any CPU.Build.0 = Debug|Any CPU
		{7D605FC9-40FE-4909-8006-F0536EDCB717}.Debug|x64.ActiveCfg = Debug|Any CPU
		{7D605FC9-40FE-4909-8006-F0536EDCB717}.Debug|x64.Build.0 = Debug|Any CPU
		{7D605FC9-40FE-4909-8006-F0536EDCB717}.Debug|x86.ActiveCfg = Debug|Any CPU
		{7D605FC9-40FE-4909-8006-F0536EDCB717}.Debug|x86.Build.0 = Debug|Any CPU
		{7D605FC9-40FE-4909-8006-F0536EDCB717}.Release|Any CPU.ActiveCfg = Release|Any CPU
		{7D605FC9-40FE-4909-8006-F0536EDCB717}.Release|Any CPU.Build.0 = Release|Any CPU
		{7D605FC9-40FE-4909-8006-F0536EDCB717}.Release|x64.ActiveCfg = Release|Any CPU
		{7D605FC9-40FE-4909-8006-F0536EDCB717}.Release|x64.Build.0 = Release|Any CPU
		{7D605FC9-40FE-4909-8006-F0536EDCB717}.Release|x86.ActiveCfg = Release|Any CPU
		{7D605FC9-40FE-4909-8006-F0536EDCB717}.Release|x86.Build.0 = Release|Any CPU
		{3DD1D21F-CCC6-4E73-9DE8-07E145D81218}.Debug|Any CPU.ActiveCfg = Debug|Any CPU
		{3DD1D21F-CCC6-4E73-9DE8-07E145D81218}.Debug|Any CPU.Build.0 = Debug|Any CPU
		{3DD1D21F-CCC6-4E73-9DE8-07E145D81218}.Debug|x64.ActiveCfg = Debug|Any CPU
		{3DD1D21F-CCC6-4E73-9DE8-07E145D81218}.Debug|x64.Build.0 = Debug|Any CPU
		{3DD1D21F-CCC6-4E73-9DE8-07E145D81218}.Debug|x86.ActiveCfg = Debug|Any CPU
		{3DD1D21F-CCC6-4E73-9DE8-07E145D81218}.Debug|x86.Build.0 = Debug|Any CPU
		{3DD1D21F-CCC6-4E73-9DE8-07E145D81218}.Release|Any CPU.ActiveCfg = Release|Any CPU
		{3DD1D21F-CCC6-4E73-9DE8-07E145D81218}.Release|Any CPU.Build.0 = Release|Any CPU
		{3DD1D21F-CCC6-4E73-9DE8-07E145D81218}.Release|x64.ActiveCfg = Release|Any CPU
		{3DD1D21F-CCC6-4E73-9DE8-07E145D81218}.Release|x64.Build.0 = Release|Any CPU
		{3DD1D21F-CCC6-4E73-9DE8-07E145D81218}.Release|x86.ActiveCfg = Release|Any CPU
		{3DD1D21F-CCC6-4E73-9DE8-07E145D81218}.Release|x86.Build.0 = Release|Any CPU
		{1E6AFE37-20BC-4DDA-87D5-055908881477}.Debug|Any CPU.ActiveCfg = Debug|Any CPU
		{1E6AFE37-20BC-4DDA-87D5-055908881477}.Debug|Any CPU.Build.0 = Debug|Any CPU
		{1E6AFE37-20BC-4DDA-87D5-055908881477}.Debug|x64.ActiveCfg = Debug|Any CPU
		{1E6AFE37-20BC-4DDA-87D5-055908881477}.Debug|x64.Build.0 = Debug|Any CPU
		{1E6AFE37-20BC-4DDA-87D5-055908881477}.Debug|x86.ActiveCfg = Debug|Any CPU
		{1E6AFE37-20BC-4DDA-87D5-055908881477}.Debug|x86.Build.0 = Debug|Any CPU
		{1E6AFE37-20BC-4DDA-87D5-055908881477}.Release|Any CPU.ActiveCfg = Release|Any CPU
		{1E6AFE37-20BC-4DDA-87D5-055908881477}.Release|Any CPU.Build.0 = Release|Any CPU
		{1E6AFE37-20BC-4DDA-87D5-055908881477}.Release|x64.ActiveCfg = Release|Any CPU
		{1E6AFE37-20BC-4DDA-87D5-055908881477}.Release|x64.Build.0 = Release|Any CPU
		{1E6AFE37-20BC-4DDA-87D5-055908881477}.Release|x86.ActiveCfg = Release|Any CPU
		{1E6AFE37-20BC-4DDA-87D5-055908881477}.Release|x86.Build.0 = Release|Any CPU
		{F0176B35-50EE-41C5-9E73-513DA32BC2ED}.Debug|Any CPU.ActiveCfg = Debug|Any CPU
		{F0176B35-50EE-41C5-9E73-513DA32BC2ED}.Debug|Any CPU.Build.0 = Debug|Any CPU
		{F0176B35-50EE-41C5-9E73-513DA32BC2ED}.Debug|x64.ActiveCfg = Debug|Any CPU
		{F0176B35-50EE-41C5-9E73-513DA32BC2ED}.Debug|x64.Build.0 = Debug|Any CPU
		{F0176B35-50EE-41C5-9E73-513DA32BC2ED}.Debug|x86.ActiveCfg = Debug|Any CPU
		{F0176B35-50EE-41C5-9E73-513DA32BC2ED}.Debug|x86.Build.0 = Debug|Any CPU
		{F0176B35-50EE-41C5-9E73-513DA32BC2ED}.Release|Any CPU.ActiveCfg = Release|Any CPU
		{F0176B35-50EE-41C5-9E73-513DA32BC2ED}.Release|Any CPU.Build.0 = Release|Any CPU
		{F0176B35-50EE-41C5-9E73-513DA32BC2ED}.Release|x64.ActiveCfg = Release|Any CPU
		{F0176B35-50EE-41C5-9E73-513DA32BC2ED}.Release|x64.Build.0 = Release|Any CPU
		{F0176B35-50EE-41C5-9E73-513DA32BC2ED}.Release|x86.ActiveCfg = Release|Any CPU
		{F0176B35-50EE-41C5-9E73-513DA32BC2ED}.Release|x86.Build.0 = Release|Any CPU
		{29F79CA2-24FD-4C1F-8007-613712AD21CD}.Debug|Any CPU.ActiveCfg = Debug|Any CPU
		{29F79CA2-24FD-4C1F-8007-613712AD21CD}.Debug|Any CPU.Build.0 = Debug|Any CPU
		{29F79CA2-24FD-4C1F-8007-613712AD21CD}.Debug|x64.ActiveCfg = Debug|Any CPU
		{29F79CA2-24FD-4C1F-8007-613712AD21CD}.Debug|x64.Build.0 = Debug|Any CPU
		{29F79CA2-24FD-4C1F-8007-613712AD21CD}.Debug|x86.ActiveCfg = Debug|Any CPU
		{29F79CA2-24FD-4C1F-8007-613712AD21CD}.Debug|x86.Build.0 = Debug|Any CPU
		{29F79CA2-24FD-4C1F-8007-613712AD21CD}.Release|Any CPU.ActiveCfg = Release|Any CPU
		{29F79CA2-24FD-4C1F-8007-613712AD21CD}.Release|Any CPU.Build.0 = Release|Any CPU
		{29F79CA2-24FD-4C1F-8007-613712AD21CD}.Release|x64.ActiveCfg = Release|Any CPU
		{29F79CA2-24FD-4C1F-8007-613712AD21CD}.Release|x64.Build.0 = Release|Any CPU
		{29F79CA2-24FD-4C1F-8007-613712AD21CD}.Release|x86.ActiveCfg = Release|Any CPU
		{29F79CA2-24FD-4C1F-8007-613712AD21CD}.Release|x86.Build.0 = Release|Any CPU
		{05A8667F-ACDA-4FEF-A083-521C68CBA393}.Debug|Any CPU.ActiveCfg = Debug|Any CPU
		{05A8667F-ACDA-4FEF-A083-521C68CBA393}.Debug|Any CPU.Build.0 = Debug|Any CPU
		{05A8667F-ACDA-4FEF-A083-521C68CBA393}.Debug|x64.ActiveCfg = Debug|Any CPU
		{05A8667F-ACDA-4FEF-A083-521C68CBA393}.Debug|x64.Build.0 = Debug|Any CPU
		{05A8667F-ACDA-4FEF-A083-521C68CBA393}.Debug|x86.ActiveCfg = Debug|Any CPU
		{05A8667F-ACDA-4FEF-A083-521C68CBA393}.Debug|x86.Build.0 = Debug|Any CPU
		{05A8667F-ACDA-4FEF-A083-521C68CBA393}.Release|Any CPU.ActiveCfg = Release|Any CPU
		{05A8667F-ACDA-4FEF-A083-521C68CBA393}.Release|Any CPU.Build.0 = Release|Any CPU
		{05A8667F-ACDA-4FEF-A083-521C68CBA393}.Release|x64.ActiveCfg = Release|Any CPU
		{05A8667F-ACDA-4FEF-A083-521C68CBA393}.Release|x64.Build.0 = Release|Any CPU
		{05A8667F-ACDA-4FEF-A083-521C68CBA393}.Release|x86.ActiveCfg = Release|Any CPU
		{05A8667F-ACDA-4FEF-A083-521C68CBA393}.Release|x86.Build.0 = Release|Any CPU
		{1CB8493C-E6D1-401E-B81C-3C1B073168B6}.Debug|Any CPU.ActiveCfg = Debug|Any CPU
		{1CB8493C-E6D1-401E-B81C-3C1B073168B6}.Debug|Any CPU.Build.0 = Debug|Any CPU
		{1CB8493C-E6D1-401E-B81C-3C1B073168B6}.Debug|x64.ActiveCfg = Debug|Any CPU
		{1CB8493C-E6D1-401E-B81C-3C1B073168B6}.Debug|x64.Build.0 = Debug|Any CPU
		{1CB8493C-E6D1-401E-B81C-3C1B073168B6}.Debug|x86.ActiveCfg = Debug|Any CPU
		{1CB8493C-E6D1-401E-B81C-3C1B073168B6}.Debug|x86.Build.0 = Debug|Any CPU
		{1CB8493C-E6D1-401E-B81C-3C1B073168B6}.Release|Any CPU.ActiveCfg = Release|Any CPU
		{1CB8493C-E6D1-401E-B81C-3C1B073168B6}.Release|Any CPU.Build.0 = Release|Any CPU
		{1CB8493C-E6D1-401E-B81C-3C1B073168B6}.Release|x64.ActiveCfg = Release|Any CPU
		{1CB8493C-E6D1-401E-B81C-3C1B073168B6}.Release|x64.Build.0 = Release|Any CPU
		{1CB8493C-E6D1-401E-B81C-3C1B073168B6}.Release|x86.ActiveCfg = Release|Any CPU
		{1CB8493C-E6D1-401E-B81C-3C1B073168B6}.Release|x86.Build.0 = Release|Any CPU
		{B0ED7E24-A0AE-4C7B-94EE-ECA8DA65581E}.Debug|Any CPU.ActiveCfg = Debug|Any CPU
		{B0ED7E24-A0AE-4C7B-94EE-ECA8DA65581E}.Debug|Any CPU.Build.0 = Debug|Any CPU
		{B0ED7E24-A0AE-4C7B-94EE-ECA8DA65581E}.Debug|x64.ActiveCfg = Debug|Any CPU
		{B0ED7E24-A0AE-4C7B-94EE-ECA8DA65581E}.Debug|x64.Build.0 = Debug|Any CPU
		{B0ED7E24-A0AE-4C7B-94EE-ECA8DA65581E}.Debug|x86.ActiveCfg = Debug|Any CPU
		{B0ED7E24-A0AE-4C7B-94EE-ECA8DA65581E}.Debug|x86.Build.0 = Debug|Any CPU
		{B0ED7E24-A0AE-4C7B-94EE-ECA8DA65581E}.Release|Any CPU.ActiveCfg = Release|Any CPU
		{B0ED7E24-A0AE-4C7B-94EE-ECA8DA65581E}.Release|Any CPU.Build.0 = Release|Any CPU
		{B0ED7E24-A0AE-4C7B-94EE-ECA8DA65581E}.Release|x64.ActiveCfg = Release|Any CPU
		{B0ED7E24-A0AE-4C7B-94EE-ECA8DA65581E}.Release|x64.Build.0 = Release|Any CPU
		{B0ED7E24-A0AE-4C7B-94EE-ECA8DA65581E}.Release|x86.ActiveCfg = Release|Any CPU
		{B0ED7E24-A0AE-4C7B-94EE-ECA8DA65581E}.Release|x86.Build.0 = Release|Any CPU
		{0F21C91A-5ABC-4445-9587-2BCB5DCEE94E}.Debug|Any CPU.ActiveCfg = Debug|Any CPU
		{0F21C91A-5ABC-4445-9587-2BCB5DCEE94E}.Debug|Any CPU.Build.0 = Debug|Any CPU
		{0F21C91A-5ABC-4445-9587-2BCB5DCEE94E}.Debug|x64.ActiveCfg = Debug|Any CPU
		{0F21C91A-5ABC-4445-9587-2BCB5DCEE94E}.Debug|x64.Build.0 = Debug|Any CPU
		{0F21C91A-5ABC-4445-9587-2BCB5DCEE94E}.Debug|x86.ActiveCfg = Debug|Any CPU
		{0F21C91A-5ABC-4445-9587-2BCB5DCEE94E}.Debug|x86.Build.0 = Debug|Any CPU
		{0F21C91A-5ABC-4445-9587-2BCB5DCEE94E}.Release|Any CPU.ActiveCfg = Release|Any CPU
		{0F21C91A-5ABC-4445-9587-2BCB5DCEE94E}.Release|Any CPU.Build.0 = Release|Any CPU
		{0F21C91A-5ABC-4445-9587-2BCB5DCEE94E}.Release|x64.ActiveCfg = Release|Any CPU
		{0F21C91A-5ABC-4445-9587-2BCB5DCEE94E}.Release|x64.Build.0 = Release|Any CPU
		{0F21C91A-5ABC-4445-9587-2BCB5DCEE94E}.Release|x86.ActiveCfg = Release|Any CPU
		{0F21C91A-5ABC-4445-9587-2BCB5DCEE94E}.Release|x86.Build.0 = Release|Any CPU
		{E3BD95CB-9C58-4D83-8BAF-286D46FAC3FD}.Debug|Any CPU.ActiveCfg = Debug|Any CPU
		{E3BD95CB-9C58-4D83-8BAF-286D46FAC3FD}.Debug|Any CPU.Build.0 = Debug|Any CPU
		{E3BD95CB-9C58-4D83-8BAF-286D46FAC3FD}.Debug|x64.ActiveCfg = Debug|Any CPU
		{E3BD95CB-9C58-4D83-8BAF-286D46FAC3FD}.Debug|x64.Build.0 = Debug|Any CPU
		{E3BD95CB-9C58-4D83-8BAF-286D46FAC3FD}.Debug|x86.ActiveCfg = Debug|Any CPU
		{E3BD95CB-9C58-4D83-8BAF-286D46FAC3FD}.Debug|x86.Build.0 = Debug|Any CPU
		{E3BD95CB-9C58-4D83-8BAF-286D46FAC3FD}.Release|Any CPU.ActiveCfg = Release|Any CPU
		{E3BD95CB-9C58-4D83-8BAF-286D46FAC3FD}.Release|Any CPU.Build.0 = Release|Any CPU
		{E3BD95CB-9C58-4D83-8BAF-286D46FAC3FD}.Release|x64.ActiveCfg = Release|Any CPU
		{E3BD95CB-9C58-4D83-8BAF-286D46FAC3FD}.Release|x64.Build.0 = Release|Any CPU
		{E3BD95CB-9C58-4D83-8BAF-286D46FAC3FD}.Release|x86.ActiveCfg = Release|Any CPU
		{E3BD95CB-9C58-4D83-8BAF-286D46FAC3FD}.Release|x86.Build.0 = Release|Any CPU
		{27901BC3-9482-4432-AB85-0EB261537CE5}.Debug|Any CPU.ActiveCfg = Debug|Any CPU
		{27901BC3-9482-4432-AB85-0EB261537CE5}.Debug|Any CPU.Build.0 = Debug|Any CPU
		{27901BC3-9482-4432-AB85-0EB261537CE5}.Debug|x64.ActiveCfg = Debug|Any CPU
		{27901BC3-9482-4432-AB85-0EB261537CE5}.Debug|x64.Build.0 = Debug|Any CPU
		{27901BC3-9482-4432-AB85-0EB261537CE5}.Debug|x86.ActiveCfg = Debug|Any CPU
		{27901BC3-9482-4432-AB85-0EB261537CE5}.Debug|x86.Build.0 = Debug|Any CPU
		{27901BC3-9482-4432-AB85-0EB261537CE5}.Release|Any CPU.ActiveCfg = Release|Any CPU
		{27901BC3-9482-4432-AB85-0EB261537CE5}.Release|Any CPU.Build.0 = Release|Any CPU
		{27901BC3-9482-4432-AB85-0EB261537CE5}.Release|x64.ActiveCfg = Release|Any CPU
		{27901BC3-9482-4432-AB85-0EB261537CE5}.Release|x64.Build.0 = Release|Any CPU
		{27901BC3-9482-4432-AB85-0EB261537CE5}.Release|x86.ActiveCfg = Release|Any CPU
		{27901BC3-9482-4432-AB85-0EB261537CE5}.Release|x86.Build.0 = Release|Any CPU
		{44EDB96F-3D47-44CC-8673-BE97898BA77B}.Debug|Any CPU.ActiveCfg = Debug|Any CPU
		{44EDB96F-3D47-44CC-8673-BE97898BA77B}.Debug|Any CPU.Build.0 = Debug|Any CPU
		{44EDB96F-3D47-44CC-8673-BE97898BA77B}.Debug|x64.ActiveCfg = Debug|Any CPU
		{44EDB96F-3D47-44CC-8673-BE97898BA77B}.Debug|x64.Build.0 = Debug|Any CPU
		{44EDB96F-3D47-44CC-8673-BE97898BA77B}.Debug|x86.ActiveCfg = Debug|Any CPU
		{44EDB96F-3D47-44CC-8673-BE97898BA77B}.Debug|x86.Build.0 = Debug|Any CPU
		{44EDB96F-3D47-44CC-8673-BE97898BA77B}.Release|Any CPU.ActiveCfg = Release|Any CPU
		{44EDB96F-3D47-44CC-8673-BE97898BA77B}.Release|Any CPU.Build.0 = Release|Any CPU
		{44EDB96F-3D47-44CC-8673-BE97898BA77B}.Release|x64.ActiveCfg = Release|Any CPU
		{44EDB96F-3D47-44CC-8673-BE97898BA77B}.Release|x64.Build.0 = Release|Any CPU
		{44EDB96F-3D47-44CC-8673-BE97898BA77B}.Release|x86.ActiveCfg = Release|Any CPU
		{44EDB96F-3D47-44CC-8673-BE97898BA77B}.Release|x86.Build.0 = Release|Any CPU
		{9F1CAB24-BDDB-4D33-95A0-A1869DE0BA92}.Debug|Any CPU.ActiveCfg = Debug|Any CPU
		{9F1CAB24-BDDB-4D33-95A0-A1869DE0BA92}.Debug|Any CPU.Build.0 = Debug|Any CPU
		{9F1CAB24-BDDB-4D33-95A0-A1869DE0BA92}.Debug|x64.ActiveCfg = Debug|Any CPU
		{9F1CAB24-BDDB-4D33-95A0-A1869DE0BA92}.Debug|x64.Build.0 = Debug|Any CPU
		{9F1CAB24-BDDB-4D33-95A0-A1869DE0BA92}.Debug|x86.ActiveCfg = Debug|Any CPU
		{9F1CAB24-BDDB-4D33-95A0-A1869DE0BA92}.Debug|x86.Build.0 = Debug|Any CPU
		{9F1CAB24-BDDB-4D33-95A0-A1869DE0BA92}.Release|Any CPU.ActiveCfg = Release|Any CPU
		{9F1CAB24-BDDB-4D33-95A0-A1869DE0BA92}.Release|Any CPU.Build.0 = Release|Any CPU
		{9F1CAB24-BDDB-4D33-95A0-A1869DE0BA92}.Release|x64.ActiveCfg = Release|Any CPU
		{9F1CAB24-BDDB-4D33-95A0-A1869DE0BA92}.Release|x64.Build.0 = Release|Any CPU
		{9F1CAB24-BDDB-4D33-95A0-A1869DE0BA92}.Release|x86.ActiveCfg = Release|Any CPU
		{9F1CAB24-BDDB-4D33-95A0-A1869DE0BA92}.Release|x86.Build.0 = Release|Any CPU
		{22985BD7-8614-48B6-8D19-DB9381BF095B}.Debug|Any CPU.ActiveCfg = Debug|Any CPU
		{22985BD7-8614-48B6-8D19-DB9381BF095B}.Debug|Any CPU.Build.0 = Debug|Any CPU
		{22985BD7-8614-48B6-8D19-DB9381BF095B}.Debug|x64.ActiveCfg = Debug|Any CPU
		{22985BD7-8614-48B6-8D19-DB9381BF095B}.Debug|x64.Build.0 = Debug|Any CPU
		{22985BD7-8614-48B6-8D19-DB9381BF095B}.Debug|x86.ActiveCfg = Debug|Any CPU
		{22985BD7-8614-48B6-8D19-DB9381BF095B}.Debug|x86.Build.0 = Debug|Any CPU
		{22985BD7-8614-48B6-8D19-DB9381BF095B}.Release|Any CPU.ActiveCfg = Release|Any CPU
		{22985BD7-8614-48B6-8D19-DB9381BF095B}.Release|Any CPU.Build.0 = Release|Any CPU
		{22985BD7-8614-48B6-8D19-DB9381BF095B}.Release|x64.ActiveCfg = Release|Any CPU
		{22985BD7-8614-48B6-8D19-DB9381BF095B}.Release|x64.Build.0 = Release|Any CPU
		{22985BD7-8614-48B6-8D19-DB9381BF095B}.Release|x86.ActiveCfg = Release|Any CPU
		{22985BD7-8614-48B6-8D19-DB9381BF095B}.Release|x86.Build.0 = Release|Any CPU
		{F5C8FB4F-014E-491B-A937-A0245F1F473B}.Debug|Any CPU.ActiveCfg = Debug|Any CPU
		{F5C8FB4F-014E-491B-A937-A0245F1F473B}.Debug|Any CPU.Build.0 = Debug|Any CPU
		{F5C8FB4F-014E-491B-A937-A0245F1F473B}.Debug|x64.ActiveCfg = Debug|Any CPU
		{F5C8FB4F-014E-491B-A937-A0245F1F473B}.Debug|x64.Build.0 = Debug|Any CPU
		{F5C8FB4F-014E-491B-A937-A0245F1F473B}.Debug|x86.ActiveCfg = Debug|Any CPU
		{F5C8FB4F-014E-491B-A937-A0245F1F473B}.Debug|x86.Build.0 = Debug|Any CPU
		{F5C8FB4F-014E-491B-A937-A0245F1F473B}.Release|Any CPU.ActiveCfg = Release|Any CPU
		{F5C8FB4F-014E-491B-A937-A0245F1F473B}.Release|Any CPU.Build.0 = Release|Any CPU
		{F5C8FB4F-014E-491B-A937-A0245F1F473B}.Release|x64.ActiveCfg = Release|Any CPU
		{F5C8FB4F-014E-491B-A937-A0245F1F473B}.Release|x64.Build.0 = Release|Any CPU
		{F5C8FB4F-014E-491B-A937-A0245F1F473B}.Release|x86.ActiveCfg = Release|Any CPU
		{F5C8FB4F-014E-491B-A937-A0245F1F473B}.Release|x86.Build.0 = Release|Any CPU
		{01B46003-DC2A-4CB2-9660-1A6F077346F5}.Debug|Any CPU.ActiveCfg = Debug|Any CPU
		{01B46003-DC2A-4CB2-9660-1A6F077346F5}.Debug|Any CPU.Build.0 = Debug|Any CPU
		{01B46003-DC2A-4CB2-9660-1A6F077346F5}.Debug|x64.ActiveCfg = Debug|Any CPU
		{01B46003-DC2A-4CB2-9660-1A6F077346F5}.Debug|x64.Build.0 = Debug|Any CPU
		{01B46003-DC2A-4CB2-9660-1A6F077346F5}.Debug|x86.ActiveCfg = Debug|Any CPU
		{01B46003-DC2A-4CB2-9660-1A6F077346F5}.Debug|x86.Build.0 = Debug|Any CPU
		{01B46003-DC2A-4CB2-9660-1A6F077346F5}.Release|Any CPU.ActiveCfg = Release|Any CPU
		{01B46003-DC2A-4CB2-9660-1A6F077346F5}.Release|Any CPU.Build.0 = Release|Any CPU
		{01B46003-DC2A-4CB2-9660-1A6F077346F5}.Release|x64.ActiveCfg = Release|Any CPU
		{01B46003-DC2A-4CB2-9660-1A6F077346F5}.Release|x64.Build.0 = Release|Any CPU
		{01B46003-DC2A-4CB2-9660-1A6F077346F5}.Release|x86.ActiveCfg = Release|Any CPU
		{01B46003-DC2A-4CB2-9660-1A6F077346F5}.Release|x86.Build.0 = Release|Any CPU
	EndGlobalSection
EndGlobal
